<?xml version="1.0" encoding="UTF-8"?>
<!DOCTYPE plist PUBLIC "-//Apple//DTD PLIST 1.0//EN" "http://www.apple.com/DTDs/PropertyList-1.0.dtd">
<plist version="1.0">
<dict>
	<key>archiveVersion</key>
	<string>1</string>
	<key>classes</key>
	<dict/>
	<key>objectVersion</key>
	<string>46</string>
	<key>objects</key>
	<dict>
		<key>034768DFFF38A50411DB9C8B</key>
		<dict>
			<key>children</key>
			<array>
				<string>8DC2EF5B0486A6940098B216</string>
				<string>7EA3B0440DD1153F002A18D1</string>
				<string>7EB550100DDC80DB000DC0D6</string>
				<string>31C460380DE1D17100C4265B</string>
				<string>7ED4FDD00E002653004C5F4B</string>
			</array>
			<key>isa</key>
			<string>PBXGroup</string>
			<key>name</key>
			<string>Products</string>
			<key>sourceTree</key>
			<string>&lt;group&gt;</string>
		</dict>
		<key>0867D690FE84028FC02AAC07</key>
		<dict>
			<key>attributes</key>
			<dict>
				<key>LastTestingUpgradeCheck</key>
				<string>0720</string>
				<key>LastUpgradeCheck</key>
				<string>1240</string>
			</dict>
			<key>buildConfigurationList</key>
			<string>DA8A8087085549EE00F24BB3</string>
			<key>compatibilityVersion</key>
			<string>Xcode 3.2</string>
			<key>developmentRegion</key>
			<string>English</string>
			<key>hasScannedForEncodings</key>
			<string>1</string>
			<key>isa</key>
			<string>PBXProject</string>
			<key>knownRegions</key>
			<array>
				<string>English</string>
				<string>en</string>
			</array>
			<key>mainGroup</key>
			<string>0867D691FE84028FC02AAC07</string>
			<key>productRefGroup</key>
			<string>034768DFFF38A50411DB9C8B</string>
			<key>projectDirPath</key>
			<string></string>
			<key>projectRoot</key>
			<string></string>
			<key>targets</key>
			<array>
				<string>8DC2EF4F0486A6940098B216</string>
				<string>7EA3B0430DD1153F002A18D1</string>
				<string>7EB5500F0DDC80DB000DC0D6</string>
				<string>31C460370DE1D17100C4265B</string>
				<string>7ED4FDBF0E002652004C5F4B</string>
			</array>
		</dict>
		<key>0867D691FE84028FC02AAC07</key>
		<dict>
			<key>children</key>
			<array>
				<string>7E9D89FB0DD4FD6400CD54F8</string>
				<string>7E9D89FA0DD4FD4200CD54F8</string>
				<string>08FB77AEFE84172EC02AAC07</string>
				<string>32C88DFF0371C24200C91783</string>
				<string>7EB5500B0DDC8030000DC0D6</string>
				<string>7EA3B03C0DD1150E002A18D1</string>
				<string>31C460490DE1D1A900C4265B</string>
				<string>089C1665FE841158C02AAC07</string>
				<string>0867D69AFE84028FC02AAC07</string>
				<string>034768DFFF38A50411DB9C8B</string>
				<string>7E0CF1A011769DE400EDC305</string>
			</array>
			<key>isa</key>
			<string>PBXGroup</string>
			<key>name</key>
			<string>AIHyperlinks.framework</string>
			<key>sourceTree</key>
			<string>&lt;group&gt;</string>
		</dict>
		<key>0867D69AFE84028FC02AAC07</key>
		<dict>
			<key>children</key>
			<array>
				<string>1058C7B0FEA5585E11CA2CBB</string>
				<string>1058C7B2FEA5585E11CA2CBB</string>
			</array>
			<key>isa</key>
			<string>PBXGroup</string>
			<key>name</key>
			<string>External Frameworks and Libraries</string>
			<key>sourceTree</key>
			<string>&lt;group&gt;</string>
		</dict>
		<key>0867D69BFE84028FC02AAC07</key>
		<dict>
			<key>isa</key>
			<string>PBXFileReference</string>
			<key>lastKnownFileType</key>
			<string>wrapper.framework</string>
			<key>name</key>
			<string>Foundation.framework</string>
			<key>path</key>
			<string>/System/Library/Frameworks/Foundation.framework</string>
			<key>sourceTree</key>
			<string>&lt;absolute&gt;</string>
		</dict>
		<key>0867D6A5FE840307C02AAC07</key>
		<dict>
			<key>isa</key>
			<string>PBXFileReference</string>
			<key>lastKnownFileType</key>
			<string>wrapper.framework</string>
			<key>name</key>
			<string>AppKit.framework</string>
			<key>path</key>
			<string>/System/Library/Frameworks/AppKit.framework</string>
			<key>sourceTree</key>
			<string>&lt;absolute&gt;</string>
		</dict>
		<key>089C1665FE841158C02AAC07</key>
		<dict>
			<key>children</key>
			<array>
				<string>7EA3B0450DD1153F002A18D1</string>
				<string>8DC2EF5A0486A6940098B216</string>
			</array>
			<key>isa</key>
			<string>PBXGroup</string>
			<key>name</key>
			<string>Resources</string>
			<key>sourceTree</key>
			<string>&lt;group&gt;</string>
		</dict>
		<key>08FB77AEFE84172EC02AAC07</key>
		<dict>
			<key>children</key>
			<array>
				<string>3496A81D07CE69270055BBAB</string>
				<string>3496A82107CE69270055BBAB</string>
				<string>3496A82007CE69270055BBAB</string>
				<string>3496A81C07CE69270055BBAB</string>
				<string>3496A81E07CE69270055BBAB</string>
				<string>3496A81F07CE69270055BBAB</string>
				<string>3496A82207CE69270055BBAB</string>
			</array>
			<key>isa</key>
			<string>PBXGroup</string>
			<key>name</key>
			<string>Classes</string>
			<key>sourceTree</key>
			<string>&lt;group&gt;</string>
		</dict>
		<key>1058C7B0FEA5585E11CA2CBB</key>
		<dict>
			<key>children</key>
			<array>
				<string>7EA3B04D0DD11627002A18D1</string>
				<string>1058C7B1FEA5585E11CA2CBB</string>
			</array>
			<key>isa</key>
			<string>PBXGroup</string>
			<key>name</key>
			<string>Linked Frameworks</string>
			<key>sourceTree</key>
			<string>&lt;group&gt;</string>
		</dict>
		<key>1058C7B1FEA5585E11CA2CBB</key>
		<dict>
			<key>isa</key>
			<string>PBXFileReference</string>
			<key>lastKnownFileType</key>
			<string>wrapper.framework</string>
			<key>name</key>
			<string>Cocoa.framework</string>
			<key>path</key>
			<string>/System/Library/Frameworks/Cocoa.framework</string>
			<key>sourceTree</key>
			<string>&lt;absolute&gt;</string>
		</dict>
		<key>1058C7B2FEA5585E11CA2CBB</key>
		<dict>
			<key>children</key>
			<array>
				<string>0867D69BFE84028FC02AAC07</string>
				<string>0867D6A5FE840307C02AAC07</string>
			</array>
			<key>isa</key>
			<string>PBXGroup</string>
			<key>name</key>
			<string>Other Frameworks</string>
			<key>sourceTree</key>
			<string>&lt;group&gt;</string>
		</dict>
		<key>31C460350DE1D17100C4265B</key>
		<dict>
			<key>buildActionMask</key>
			<string>2147483647</string>
			<key>files</key>
			<array>
				<string>31C460880DE1D5C200C4265B</string>
				<string>31C460800DE1D57E00C4265B</string>
				<string>31C460830DE1D58F00C4265B</string>
				<string>31C4607D0DE1D53400C4265B</string>
				<string>31C4604B0DE1D1D800C4265B</string>
			</array>
			<key>isa</key>
			<string>PBXSourcesBuildPhase</string>
			<key>runOnlyForDeploymentPostprocessing</key>
			<string>0</string>
		</dict>
		<key>31C460360DE1D17100C4265B</key>
		<dict>
			<key>buildActionMask</key>
			<string>2147483647</string>
			<key>files</key>
			<array>
				<string>31C460610DE1D24800C4265B</string>
				<string>31C460620DE1D24800C4265B</string>
			</array>
			<key>isa</key>
			<string>PBXFrameworksBuildPhase</string>
			<key>runOnlyForDeploymentPostprocessing</key>
			<string>0</string>
		</dict>
		<key>31C460370DE1D17100C4265B</key>
		<dict>
			<key>buildConfigurationList</key>
			<string>31C460400DE1D19F00C4265B</string>
			<key>buildPhases</key>
			<array>
				<string>31C460350DE1D17100C4265B</string>
				<string>31C460360DE1D17100C4265B</string>
			</array>
			<key>buildRules</key>
			<array/>
			<key>dependencies</key>
			<array/>
			<key>isa</key>
			<string>PBXNativeTarget</string>
			<key>name</key>
			<string>StressTester</string>
			<key>productName</key>
			<string>StressTester</string>
			<key>productReference</key>
			<string>31C460380DE1D17100C4265B</string>
			<key>productType</key>
			<string>com.apple.product-type.tool</string>
		</dict>
		<key>31C460380DE1D17100C4265B</key>
		<dict>
			<key>explicitFileType</key>
			<string>compiled.mach-o.executable</string>
			<key>includeInIndex</key>
			<string>0</string>
			<key>isa</key>
			<string>PBXFileReference</string>
			<key>path</key>
			<string>AHStressTester</string>
			<key>sourceTree</key>
			<string>BUILT_PRODUCTS_DIR</string>
		</dict>
		<key>31C4603A0DE1D17100C4265B</key>
		<dict>
			<key>buildSettings</key>
			<dict>
				<key>CLANG_ENABLE_OBJC_ARC</key>
				<string>NO</string>
				<key>CLANG_ENABLE_OBJC_WEAK</key>
				<string>YES</string>
				<key>CODE_SIGN_IDENTITY</key>
				<string>-</string>
				<key>COPY_PHASE_STRIP</key>
				<string>NO</string>
				<key>FRAMEWORK_SEARCH_PATHS</key>
				<array>
					<string>$(inherited)</string>
					<string>$(FRAMEWORK_SEARCH_PATHS_QUOTED_FOR_TARGET_1)</string>
				</array>
				<key>FRAMEWORK_SEARCH_PATHS_QUOTED_FOR_TARGET_1</key>
				<string>"$(DEVELOPER_FRAMEWORKS_DIR)"</string>
				<key>GCC_DYNAMIC_NO_PIC</key>
				<string>NO</string>
				<key>GCC_OPTIMIZATION_LEVEL</key>
				<string>0</string>
				<key>GCC_PRECOMPILE_PREFIX_HEADER</key>
				<string>YES</string>
				<key>GCC_PREFIX_HEADER</key>
				<string>$(SRCROOT)/UnitTests/AutoHyperlinks.framework_Test_Prefix.pch</string>
				<key>GCC_PREPROCESSOR_DEFINITIONS</key>
				<string>TEST_URIS_FILE_PATHNAME="\"$(SRCROOT)/TestURIs.txt\""</string>
				<key>INSTALL_PATH</key>
				<string>/usr/local/bin</string>
				<key>LD_RUNPATH_SEARCH_PATHS</key>
				<string>$(DEVELOPER_FRAMEWORKS_DIR)</string>
				<key>OTHER_LDFLAGS</key>
				<array>
					<string>-framework</string>
					<string>Foundation</string>
					<string>-framework</string>
					<string>AppKit</string>
				</array>
				<key>PRODUCT_NAME</key>
				<string>AHStressTester</string>
			</dict>
			<key>isa</key>
			<string>XCBuildConfiguration</string>
			<key>name</key>
			<string>Debug</string>
		</dict>
		<key>31C4603C0DE1D17100C4265B</key>
		<dict>
			<key>buildSettings</key>
			<dict>
				<key>CLANG_ENABLE_OBJC_ARC</key>
				<string>NO</string>
				<key>CLANG_ENABLE_OBJC_WEAK</key>
				<string>YES</string>
				<key>CODE_SIGN_IDENTITY</key>
				<string>-</string>
				<key>COPY_PHASE_STRIP</key>
				<string>YES</string>
				<key>FRAMEWORK_SEARCH_PATHS</key>
				<array>
					<string>$(inherited)</string>
					<string>$(FRAMEWORK_SEARCH_PATHS_QUOTED_FOR_TARGET_1)</string>
				</array>
				<key>FRAMEWORK_SEARCH_PATHS_QUOTED_FOR_TARGET_1</key>
				<string>"$(DEVELOPER_FRAMEWORKS_DIR)"</string>
				<key>GCC_PRECOMPILE_PREFIX_HEADER</key>
				<string>YES</string>
				<key>GCC_PREFIX_HEADER</key>
				<string>$(SRCROOT)/UnitTests/AutoHyperlinks.framework_Test_Prefix.pch</string>
				<key>GCC_PREPROCESSOR_DEFINITIONS</key>
				<string>TEST_URIS_FILE_PATHNAME="\"$(SRCROOT)/TestURIs.txt\""</string>
				<key>INSTALL_PATH</key>
				<string>/usr/local/bin</string>
				<key>LD_RUNPATH_SEARCH_PATHS</key>
				<string>$(DEVELOPER_FRAMEWORKS_DIR)</string>
				<key>MACOSX_DEPLOYMENT_TARGET</key>
				<string>10.6</string>
				<key>OTHER_LDFLAGS</key>
				<array>
					<string>-framework</string>
					<string>Foundation</string>
					<string>-framework</string>
					<string>AppKit</string>
				</array>
				<key>PRODUCT_NAME</key>
				<string>AHStressTester</string>
			</dict>
			<key>isa</key>
			<string>XCBuildConfiguration</string>
			<key>name</key>
			<string>Release</string>
		</dict>
		<key>31C4603D0DE1D17100C4265B</key>
		<dict>
			<key>buildSettings</key>
			<dict>
				<key>CLANG_ENABLE_OBJC_ARC</key>
				<string>NO</string>
				<key>CLANG_ENABLE_OBJC_WEAK</key>
				<string>YES</string>
				<key>CODE_SIGN_IDENTITY</key>
				<string>-</string>
				<key>FRAMEWORK_SEARCH_PATHS</key>
				<array>
					<string>$(inherited)</string>
					<string>$(FRAMEWORK_SEARCH_PATHS_QUOTED_FOR_TARGET_1)</string>
				</array>
				<key>FRAMEWORK_SEARCH_PATHS_QUOTED_FOR_TARGET_1</key>
				<string>"$(DEVELOPER_FRAMEWORKS_DIR)"</string>
				<key>GCC_PRECOMPILE_PREFIX_HEADER</key>
				<string>YES</string>
				<key>GCC_PREFIX_HEADER</key>
				<string>$(SRCROOT)/UnitTests/AutoHyperlinks.framework_Test_Prefix.pch</string>
				<key>GCC_PREPROCESSOR_DEFINITIONS</key>
				<string>TEST_URIS_FILE_PATHNAME="\"$(SRCROOT)/TestURIs.txt\""</string>
				<key>INSTALL_PATH</key>
				<string>/usr/local/bin</string>
				<key>LD_RUNPATH_SEARCH_PATHS</key>
				<string>$(DEVELOPER_FRAMEWORKS_DIR)</string>
				<key>OTHER_LDFLAGS</key>
				<array>
					<string>-framework</string>
					<string>Foundation</string>
					<string>-framework</string>
					<string>AppKit</string>
				</array>
				<key>PRODUCT_NAME</key>
				<string>AHStressTester</string>
			</dict>
			<key>isa</key>
			<string>XCBuildConfiguration</string>
			<key>name</key>
			<string>Release-Debug</string>
		</dict>
		<key>31C460400DE1D19F00C4265B</key>
		<dict>
			<key>buildConfigurations</key>
			<array>
				<string>31C4603A0DE1D17100C4265B</string>
				<string>31C4603C0DE1D17100C4265B</string>
				<string>31C4603D0DE1D17100C4265B</string>
			</array>
			<key>defaultConfigurationIsVisible</key>
			<string>0</string>
			<key>defaultConfigurationName</key>
			<string>Debug</string>
			<key>isa</key>
			<string>XCConfigurationList</string>
		</dict>
		<key>31C460490DE1D1A900C4265B</key>
		<dict>
			<key>children</key>
			<array>
				<string>31C4604A0DE1D1D800C4265B</string>
				<string>7ED4FDBB0E0025DA004C5F4B</string>
			</array>
			<key>isa</key>
			<string>PBXGroup</string>
			<key>name</key>
			<string>Stress Tester</string>
			<key>sourceTree</key>
			<string>&lt;group&gt;</string>
		</dict>
		<key>31C4604A0DE1D1D800C4265B</key>
		<dict>
			<key>fileEncoding</key>
			<string>4</string>
			<key>isa</key>
			<string>PBXFileReference</string>
			<key>lastKnownFileType</key>
			<string>sourcecode.c.objc</string>
			<key>name</key>
			<string>StressTestMain.m</string>
			<key>path</key>
			<string>Source/StressTestMain.m</string>
			<key>sourceTree</key>
			<string>&lt;group&gt;</string>
		</dict>
		<key>31C4604B0DE1D1D800C4265B</key>
		<dict>
			<key>fileRef</key>
			<string>31C4604A0DE1D1D800C4265B</string>
			<key>isa</key>
			<string>PBXBuildFile</string>
		</dict>
		<key>31C460610DE1D24800C4265B</key>
		<dict>
			<key>fileRef</key>
			<string>7EA3B04D0DD11627002A18D1</string>
			<key>isa</key>
			<string>PBXBuildFile</string>
		</dict>
		<key>31C460620DE1D24800C4265B</key>
		<dict>
			<key>fileRef</key>
			<string>1058C7B1FEA5585E11CA2CBB</string>
			<key>isa</key>
			<string>PBXBuildFile</string>
		</dict>
		<key>31C4607D0DE1D53400C4265B</key>
		<dict>
			<key>fileRef</key>
			<string>7EC75F190DDC9EC60004F634</string>
			<key>isa</key>
			<string>PBXBuildFile</string>
		</dict>
		<key>31C460800DE1D57E00C4265B</key>
		<dict>
			<key>fileRef</key>
			<string>3496A82007CE69270055BBAB</string>
			<key>isa</key>
			<string>PBXBuildFile</string>
		</dict>
		<key>31C460830DE1D58F00C4265B</key>
		<dict>
			<key>fileRef</key>
			<string>3496A82207CE69270055BBAB</string>
			<key>isa</key>
			<string>PBXBuildFile</string>
		</dict>
		<key>31C460880DE1D5C200C4265B</key>
		<dict>
			<key>fileRef</key>
			<string>3496A81E07CE69270055BBAB</string>
			<key>isa</key>
			<string>PBXBuildFile</string>
		</dict>
		<key>32C88DFF0371C24200C91783</key>
		<dict>
			<key>children</key>
			<array>
				<string>32DBCF5E0370ADEE00C91783</string>
				<string>7E78DA140DD133F300B9388F</string>
			</array>
			<key>isa</key>
			<string>PBXGroup</string>
			<key>name</key>
			<string>Other Sources</string>
			<key>sourceTree</key>
			<string>&lt;group&gt;</string>
		</dict>
		<key>32DBCF5E0370ADEE00C91783</key>
		<dict>
			<key>fileEncoding</key>
			<string>4</string>
			<key>isa</key>
			<string>PBXFileReference</string>
			<key>lastKnownFileType</key>
			<string>sourcecode.c.h</string>
			<key>path</key>
			<string>AutoHyperlinks.framework_Prefix.pch</string>
			<key>sourceTree</key>
			<string>&lt;group&gt;</string>
		</dict>
		<key>3496A81C07CE69270055BBAB</key>
		<dict>
			<key>fileEncoding</key>
			<string>30</string>
			<key>isa</key>
			<string>PBXFileReference</string>
			<key>lastKnownFileType</key>
			<string>sourcecode.c.h</string>
			<key>name</key>
			<string>AHLinkLexer.h</string>
			<key>path</key>
			<string>Source/AHLinkLexer.h</string>
			<key>sourceTree</key>
			<string>&lt;group&gt;</string>
		</dict>
		<key>3496A81D07CE69270055BBAB</key>
		<dict>
			<key>fileEncoding</key>
			<string>30</string>
			<key>isa</key>
			<string>PBXFileReference</string>
			<key>lastKnownFileType</key>
			<string>sourcecode.c.h</string>
			<key>name</key>
			<string>AutoHyperlinks.h</string>
			<key>path</key>
			<string>Source/AutoHyperlinks.h</string>
			<key>sourceTree</key>
			<string>&lt;group&gt;</string>
		</dict>
		<key>3496A81E07CE69270055BBAB</key>
		<dict>
			<key>fileEncoding</key>
			<string>30</string>
			<key>isa</key>
			<string>PBXFileReference</string>
			<key>lastKnownFileType</key>
			<string>sourcecode.lex</string>
			<key>name</key>
			<string>AHLinkLexer.l</string>
			<key>path</key>
			<string>Source/AHLinkLexer.l</string>
			<key>sourceTree</key>
			<string>&lt;group&gt;</string>
		</dict>
		<key>3496A81F07CE69270055BBAB</key>
		<dict>
			<key>fileEncoding</key>
			<string>30</string>
			<key>isa</key>
			<string>PBXFileReference</string>
			<key>lastKnownFileType</key>
			<string>sourcecode.c.h</string>
			<key>name</key>
			<string>AHMarkedHyperlink.h</string>
			<key>path</key>
			<string>Source/AHMarkedHyperlink.h</string>
			<key>sourceTree</key>
			<string>&lt;group&gt;</string>
		</dict>
		<key>3496A82007CE69270055BBAB</key>
		<dict>
			<key>fileEncoding</key>
			<string>30</string>
			<key>isa</key>
			<string>PBXFileReference</string>
			<key>lastKnownFileType</key>
			<string>sourcecode.c.objc</string>
			<key>name</key>
			<string>AHHyperlinkScanner.m</string>
			<key>path</key>
			<string>Source/AHHyperlinkScanner.m</string>
			<key>sourceTree</key>
			<string>&lt;group&gt;</string>
		</dict>
		<key>3496A82107CE69270055BBAB</key>
		<dict>
			<key>fileEncoding</key>
			<string>30</string>
			<key>isa</key>
			<string>PBXFileReference</string>
			<key>lastKnownFileType</key>
			<string>sourcecode.c.h</string>
			<key>name</key>
			<string>AHHyperlinkScanner.h</string>
			<key>path</key>
			<string>Source/AHHyperlinkScanner.h</string>
			<key>sourceTree</key>
			<string>&lt;group&gt;</string>
		</dict>
		<key>3496A82207CE69270055BBAB</key>
		<dict>
			<key>fileEncoding</key>
			<string>30</string>
			<key>isa</key>
			<string>PBXFileReference</string>
			<key>lastKnownFileType</key>
			<string>sourcecode.c.objc</string>
			<key>name</key>
			<string>AHMarkedHyperlink.m</string>
			<key>path</key>
			<string>Source/AHMarkedHyperlink.m</string>
			<key>sourceTree</key>
			<string>&lt;group&gt;</string>
		</dict>
		<key>34C57363093E5E6E00829508</key>
		<dict>
			<key>buildSettings</key>
			<dict>
				<key>CLANG_ENABLE_OBJC_ARC</key>
				<string>NO</string>
				<key>CLANG_ENABLE_OBJC_WEAK</key>
				<string>YES</string>
				<key>COPY_PHASE_STRIP</key>
				<string>NO</string>
				<key>DEPLOYMENT_POSTPROCESSING</key>
				<string>YES</string>
				<key>DYLIB_COMPATIBILITY_VERSION</key>
				<string>1</string>
				<key>DYLIB_CURRENT_VERSION</key>
				<string>1</string>
				<key>GCC_PRECOMPILE_PREFIX_HEADER</key>
				<string>YES</string>
				<key>GCC_PREFIX_HEADER</key>
				<string>AutoHyperlinks.framework_Prefix.pch</string>
				<key>INFOPLIST_FILE</key>
				<string>Resources/Info.plist</string>
				<key>INSTALL_PATH</key>
				<string>@executable_path/../Frameworks</string>
				<key>MACH_O_TYPE</key>
				<string>mh_dylib</string>
				<key>MARKETING_VERSION</key>
				<string>1</string>
				<key>PRODUCT_BUNDLE_IDENTIFIER</key>
				<string>com.github.phaedrus1992.adiumy.autohyperlinks</string>
				<key>PRODUCT_NAME</key>
				<string>AutoHyperlinks</string>
				<key>SKIP_INSTALL</key>
				<string>YES</string>
				<key>VALID_ARCHS</key>
				<string>$(ARCHS_STANDARD)</string>
			</dict>
			<key>isa</key>
			<string>XCBuildConfiguration</string>
			<key>name</key>
			<string>Release-Debug</string>
		</dict>
		<key>34C57364093E5E6E00829508</key>
		<dict>
			<key>baseConfigurationReference</key>
			<string>7E0CF31B11769FE700EDC305</string>
			<key>buildSettings</key>
			<dict>
				<key>CLANG_ANALYZER_LOCALIZABILITY_NONLOCALIZED</key>
				<string>YES</string>
				<key>CLANG_WARN_BLOCK_CAPTURE_AUTORELEASING</key>
				<string>YES</string>
				<key>CLANG_WARN_BOOL_CONVERSION</key>
				<string>YES</string>
				<key>CLANG_WARN_COMMA</key>
				<string>YES</string>
				<key>CLANG_WARN_CONSTANT_CONVERSION</key>
				<string>YES</string>
				<key>CLANG_WARN_DEPRECATED_OBJC_IMPLEMENTATIONS</key>
				<string>YES</string>
				<key>CLANG_WARN_EMPTY_BODY</key>
				<string>YES</string>
				<key>CLANG_WARN_ENUM_CONVERSION</key>
				<string>YES</string>
				<key>CLANG_WARN_INFINITE_RECURSION</key>
				<string>YES</string>
				<key>CLANG_WARN_INT_CONVERSION</key>
				<string>YES</string>
				<key>CLANG_WARN_NON_LITERAL_NULL_CONVERSION</key>
				<string>YES</string>
				<key>CLANG_WARN_OBJC_IMPLICIT_RETAIN_SELF</key>
				<string>YES</string>
				<key>CLANG_WARN_OBJC_LITERAL_CONVERSION</key>
				<string>YES</string>
				<key>CLANG_WARN_QUOTED_INCLUDE_IN_FRAMEWORK_HEADER</key>
				<string>YES</string>
				<key>CLANG_WARN_RANGE_LOOP_ANALYSIS</key>
				<string>YES</string>
				<key>CLANG_WARN_STRICT_PROTOTYPES</key>
				<string>YES</string>
				<key>CLANG_WARN_SUSPICIOUS_MOVE</key>
				<string>YES</string>
				<key>CLANG_WARN_UNREACHABLE_CODE</key>
				<string>YES</string>
				<key>CLANG_WARN__DUPLICATE_METHOD_MATCH</key>
				<string>YES</string>
				<key>COMPILER_INDEX_STORE_ENABLE</key>
				<string>NO</string>
				<key>ENABLE_STRICT_OBJC_MSGSEND</key>
				<string>YES</string>
				<key>ENABLE_TESTABILITY</key>
				<string>YES</string>
				<key>GCC_NO_COMMON_BLOCKS</key>
				<string>YES</string>
				<key>GCC_WARN_64_TO_32_BIT_CONVERSION</key>
				<string>YES</string>
				<key>GCC_WARN_UNINITIALIZED_AUTOS</key>
				<string>YES</string>
				<key>MACOSX_DEPLOYMENT_TARGET</key>
				<string>12.0</string>
				<key>ONLY_ACTIVE_ARCH</key>
				<string>YES</string>
				<key>VALID_ARCHS</key>
				<string>x86_64</string>
			</dict>
			<key>isa</key>
			<string>XCBuildConfiguration</string>
			<key>name</key>
			<string>Release-Debug</string>
		</dict>
		<key>4DAE8B822577904900C189EA</key>
		<dict>
			<key>fileRef</key>
			<string>3496A81E07CE69270055BBAB</string>
			<key>isa</key>
			<string>PBXBuildFile</string>
		</dict>
		<key>4DAE8BE2257790C500C189EA</key>
		<dict>
			<key>fileRef</key>
			<string>3496A82007CE69270055BBAB</string>
			<key>isa</key>
			<string>PBXBuildFile</string>
		</dict>
		<key>4DAE8BE8257790C600C189EA</key>
		<dict>
			<key>fileRef</key>
			<string>3496A82207CE69270055BBAB</string>
			<key>isa</key>
			<string>PBXBuildFile</string>
		</dict>
		<key>4DAE8BEE257790C800C189EA</key>
		<dict>
			<key>fileRef</key>
			<string>3496A81D07CE69270055BBAB</string>
			<key>isa</key>
			<string>PBXBuildFile</string>
			<key>settings</key>
			<dict>
				<key>ATTRIBUTES</key>
				<array>
					<string>Public</string>
				</array>
			</dict>
		</dict>
		<key>4DAE8BF4257790CA00C189EA</key>
		<dict>
			<key>fileRef</key>
			<string>3496A82107CE69270055BBAB</string>
			<key>isa</key>
			<string>PBXBuildFile</string>
			<key>settings</key>
			<dict>
				<key>ATTRIBUTES</key>
				<array>
					<string>Public</string>
				</array>
			</dict>
		</dict>
		<key>4DAE8BFF257790DA00C189EA</key>
		<dict>
			<key>fileRef</key>
			<string>3496A81F07CE69270055BBAB</string>
			<key>isa</key>
			<string>PBXBuildFile</string>
			<key>settings</key>
			<dict>
				<key>ATTRIBUTES</key>
				<array>
					<string>Public</string>
				</array>
			</dict>
		</dict>
		<key>4DAE8C05257790E600C189EA</key>
		<dict>
			<key>fileRef</key>
			<string>3496A81C07CE69270055BBAB</string>
			<key>isa</key>
			<string>PBXBuildFile</string>
			<key>settings</key>
			<dict>
				<key>ATTRIBUTES</key>
				<array>
					<string>Public</string>
				</array>
			</dict>
		</dict>
		<key>4DAE8C472577928B00C189EA</key>
		<dict>
			<key>fileRef</key>
			<string>32DBCF5E0370ADEE00C91783</string>
			<key>isa</key>
			<string>PBXBuildFile</string>
		</dict>
		<key>7E0CF1A011769DE400EDC305</key>
		<dict>
			<key>children</key>
			<array>
				<string>7E0CF31B11769FE700EDC305</string>
				<string>7E0CF1AF11769E6100EDC305</string>
				<string>7E0CF30C11769F4C00EDC305</string>
				<string>7E0CF31811769FBD00EDC305</string>
			</array>
			<key>isa</key>
			<string>PBXGroup</string>
			<key>name</key>
			<string>xcconfigs</string>
			<key>sourceTree</key>
			<string>&lt;group&gt;</string>
		</dict>
		<key>7E0CF1AF11769E6100EDC305</key>
		<dict>
			<key>fileEncoding</key>
			<string>4</string>
			<key>isa</key>
			<string>PBXFileReference</string>
			<key>lastKnownFileType</key>
			<string>text.xcconfig</string>
			<key>name</key>
			<string>AutoHyperlinks.xcconfig</string>
			<key>path</key>
			<string>xcconfigs/AutoHyperlinks.xcconfig</string>
			<key>sourceTree</key>
			<string>&lt;group&gt;</string>
		</dict>
		<key>7E0CF30C11769F4C00EDC305</key>
		<dict>
			<key>fileEncoding</key>
			<string>4</string>
			<key>isa</key>
			<string>PBXFileReference</string>
			<key>lastKnownFileType</key>
			<string>text.xcconfig</string>
			<key>name</key>
			<string>Debug.xcconfig</string>
			<key>path</key>
			<string>xcconfigs/Debug.xcconfig</string>
			<key>sourceTree</key>
			<string>&lt;group&gt;</string>
		</dict>
		<key>7E0CF31811769FBD00EDC305</key>
		<dict>
			<key>fileEncoding</key>
			<string>4</string>
			<key>isa</key>
			<string>PBXFileReference</string>
			<key>lastKnownFileType</key>
			<string>text.xcconfig</string>
			<key>name</key>
			<string>Release.xcconfig</string>
			<key>path</key>
			<string>xcconfigs/Release.xcconfig</string>
			<key>sourceTree</key>
			<string>&lt;group&gt;</string>
		</dict>
		<key>7E0CF31B11769FE700EDC305</key>
		<dict>
			<key>fileEncoding</key>
			<string>4</string>
			<key>isa</key>
			<string>PBXFileReference</string>
			<key>lastKnownFileType</key>
			<string>text.xcconfig</string>
			<key>name</key>
			<string>Release-Debug.xcconfig</string>
			<key>path</key>
			<string>xcconfigs/Release-Debug.xcconfig</string>
			<key>sourceTree</key>
			<string>&lt;group&gt;</string>
		</dict>
		<key>7E4C24320DD20C0100DF1359</key>
		<dict>
			<key>fileEncoding</key>
			<string>4</string>
			<key>isa</key>
			<string>PBXFileReference</string>
			<key>lastKnownFileType</key>
			<string>sourcecode.c.h</string>
			<key>name</key>
			<string>NegativeURLTest.h</string>
			<key>path</key>
			<string>UnitTests/NegativeURLTest.h</string>
			<key>sourceTree</key>
			<string>&lt;group&gt;</string>
		</dict>
		<key>7E4C24330DD20C0100DF1359</key>
		<dict>
			<key>fileEncoding</key>
			<string>4</string>
			<key>isa</key>
			<string>PBXFileReference</string>
			<key>lastKnownFileType</key>
			<string>sourcecode.c.objc</string>
			<key>name</key>
			<string>NegativeURLTest.m</string>
			<key>path</key>
			<string>UnitTests/NegativeURLTest.m</string>
			<key>sourceTree</key>
			<string>&lt;group&gt;</string>
		</dict>
		<key>7E4C24360DD20C9900DF1359</key>
		<dict>
			<key>fileEncoding</key>
			<string>4</string>
			<key>isa</key>
			<string>PBXFileReference</string>
			<key>lastKnownFileType</key>
			<string>sourcecode.c.h</string>
			<key>name</key>
			<string>HyperlinkContextTest.h</string>
			<key>path</key>
			<string>UnitTests/HyperlinkContextTest.h</string>
			<key>sourceTree</key>
			<string>&lt;group&gt;</string>
		</dict>
		<key>7E4C24370DD20C9900DF1359</key>
		<dict>
			<key>fileEncoding</key>
			<string>4</string>
			<key>isa</key>
			<string>PBXFileReference</string>
			<key>lastKnownFileType</key>
			<string>sourcecode.c.objc</string>
			<key>name</key>
			<string>HyperlinkContextTest.m</string>
			<key>path</key>
			<string>UnitTests/HyperlinkContextTest.m</string>
			<key>sourceTree</key>
			<string>&lt;group&gt;</string>
		</dict>
		<key>7E4C244F0DD214C500DF1359</key>
		<dict>
			<key>fileRef</key>
			<string>7E4C24330DD20C0100DF1359</string>
			<key>isa</key>
			<string>PBXBuildFile</string>
		</dict>
		<key>7E4C25240DD2334800DF1359</key>
		<dict>
			<key>fileRef</key>
			<string>7E4C24370DD20C9900DF1359</string>
			<key>isa</key>
			<string>PBXBuildFile</string>
		</dict>
		<key>7E78D9C30DD12D4200B9388F</key>
		<dict>
			<key>fileEncoding</key>
			<string>4</string>
			<key>isa</key>
			<string>PBXFileReference</string>
			<key>lastKnownFileType</key>
			<string>sourcecode.c.h</string>
			<key>name</key>
			<string>SimpleURLTest.h</string>
			<key>path</key>
			<string>UnitTests/SimpleURLTest.h</string>
			<key>sourceTree</key>
			<string>&lt;group&gt;</string>
		</dict>
		<key>7E78D9C40DD12D4200B9388F</key>
		<dict>
			<key>fileEncoding</key>
			<string>4</string>
			<key>isa</key>
			<string>PBXFileReference</string>
			<key>lastKnownFileType</key>
			<string>sourcecode.c.objc</string>
			<key>name</key>
			<string>SimpleURLTest.m</string>
			<key>path</key>
			<string>UnitTests/SimpleURLTest.m</string>
			<key>sourceTree</key>
			<string>&lt;group&gt;</string>
		</dict>
		<key>7E78D9C50DD12D4200B9388F</key>
		<dict>
			<key>fileRef</key>
			<string>7E78D9C40DD12D4200B9388F</string>
			<key>isa</key>
			<string>PBXBuildFile</string>
		</dict>
		<key>7E78D9C60DD12DF200B9388F</key>
		<dict>
			<key>fileRef</key>
			<string>3496A82007CE69270055BBAB</string>
			<key>isa</key>
			<string>PBXBuildFile</string>
		</dict>
		<key>7E78D9C70DD12DF300B9388F</key>
		<dict>
			<key>fileRef</key>
			<string>3496A81E07CE69270055BBAB</string>
			<key>isa</key>
			<string>PBXBuildFile</string>
		</dict>
		<key>7E78D9C80DD12DF400B9388F</key>
		<dict>
			<key>fileRef</key>
			<string>3496A82207CE69270055BBAB</string>
			<key>isa</key>
			<string>PBXBuildFile</string>
		</dict>
		<key>7E78DA140DD133F300B9388F</key>
		<dict>
			<key>fileEncoding</key>
			<string>4</string>
			<key>isa</key>
			<string>PBXFileReference</string>
			<key>lastKnownFileType</key>
			<string>sourcecode.c.h</string>
			<key>name</key>
			<string>AutoHyperlinks.framework_Test_Prefix.pch</string>
			<key>path</key>
			<string>UnitTests/AutoHyperlinks.framework_Test_Prefix.pch</string>
			<key>sourceTree</key>
			<string>&lt;group&gt;</string>
		</dict>
		<key>7E9D89FA0DD4FD4200CD54F8</key>
		<dict>
			<key>fileEncoding</key>
			<string>4</string>
			<key>isa</key>
			<string>PBXFileReference</string>
			<key>lastKnownFileType</key>
			<string>text</string>
			<key>path</key>
			<string>Copyright.txt</string>
			<key>sourceTree</key>
			<string>&lt;group&gt;</string>
		</dict>
		<key>7E9D89FB0DD4FD6400CD54F8</key>
		<dict>
			<key>fileEncoding</key>
			<string>4</string>
			<key>isa</key>
			<string>PBXFileReference</string>
			<key>lastKnownFileType</key>
			<string>text</string>
			<key>path</key>
			<string>License.txt</string>
			<key>sourceTree</key>
			<string>&lt;group&gt;</string>
		</dict>
		<key>7EA3B03C0DD1150E002A18D1</key>
		<dict>
			<key>children</key>
			<array>
				<string>7E78D9C30DD12D4200B9388F</string>
				<string>7E78D9C40DD12D4200B9388F</string>
				<string>7E4C24320DD20C0100DF1359</string>
				<string>7E4C24330DD20C0100DF1359</string>
				<string>7E4C24360DD20C9900DF1359</string>
				<string>7E4C24370DD20C9900DF1359</string>
				<string>7EC75F180DDC9EC60004F634</string>
				<string>7EC75F190DDC9EC60004F634</string>
				<string>7ED4FDB90E00258F004C5F4B</string>
				<string>7ED4FDBA0E00258F004C5F4B</string>
			</array>
			<key>isa</key>
			<string>PBXGroup</string>
			<key>name</key>
			<string>UnitTests</string>
			<key>sourceTree</key>
			<string>&lt;group&gt;</string>
		</dict>
		<key>7EA3B0400DD1153F002A18D1</key>
		<dict>
			<key>buildActionMask</key>
			<string>2147483647</string>
			<key>files</key>
			<array>
				<string>7E78D9C50DD12D4200B9388F</string>
				<string>7E78D9C60DD12DF200B9388F</string>
				<string>7E78D9C70DD12DF300B9388F</string>
				<string>7E78D9C80DD12DF400B9388F</string>
				<string>7E4C244F0DD214C500DF1359</string>
				<string>7E4C25240DD2334800DF1359</string>
			</array>
			<key>isa</key>
			<string>PBXSourcesBuildPhase</string>
			<key>runOnlyForDeploymentPostprocessing</key>
			<string>0</string>
		</dict>
		<key>7EA3B0410DD1153F002A18D1</key>
		<dict>
			<key>buildActionMask</key>
			<string>2147483647</string>
			<key>files</key>
			<array>
				<string>7EA3B04C0DD1155D002A18D1</string>
				<string>7EA3B04E0DD11627002A18D1</string>
			</array>
			<key>isa</key>
			<string>PBXFrameworksBuildPhase</string>
			<key>runOnlyForDeploymentPostprocessing</key>
			<string>0</string>
		</dict>
		<key>7EA3B0420DD1153F002A18D1</key>
		<dict>
			<key>buildActionMask</key>
			<string>2147483647</string>
			<key>files</key>
			<array/>
			<key>inputPaths</key>
			<array>
				<string>$(SRCROOT)/TestURIs.txt</string>
			</array>
			<key>isa</key>
			<string>PBXShellScriptBuildPhase</string>
			<key>outputPaths</key>
			<array/>
			<key>runOnlyForDeploymentPostprocessing</key>
			<string>0</string>
			<key>shellPath</key>
			<string>/bin/sh</string>
			<key>shellScript</key>
			<string># Run the unit tests in this test bundle.
"${SYSTEM_DEVELOPER_DIR}/Tools/RunUnitTests"
</string>
		</dict>
		<key>7EA3B0430DD1153F002A18D1</key>
		<dict>
			<key>buildConfigurationList</key>
			<string>7EA3B04B0DD11540002A18D1</string>
			<key>buildPhases</key>
			<array>
				<string>7EA3B0400DD1153F002A18D1</string>
				<string>7EA3B0410DD1153F002A18D1</string>
				<string>7EA3B0420DD1153F002A18D1</string>
			</array>
			<key>buildRules</key>
			<array/>
			<key>dependencies</key>
			<array/>
			<key>isa</key>
			<string>PBXNativeTarget</string>
			<key>name</key>
			<string>UnitTests</string>
			<key>productName</key>
			<string>Test</string>
			<key>productReference</key>
			<string>7EA3B0440DD1153F002A18D1</string>
			<key>productType</key>
			<string>com.apple.product-type.bundle.ocunit-test</string>
		</dict>
		<key>7EA3B0440DD1153F002A18D1</key>
		<dict>
			<key>explicitFileType</key>
			<string>wrapper.cfbundle</string>
			<key>includeInIndex</key>
			<string>0</string>
			<key>isa</key>
			<string>PBXFileReference</string>
			<key>path</key>
			<string>Test.octest</string>
			<key>sourceTree</key>
			<string>BUILT_PRODUCTS_DIR</string>
		</dict>
		<key>7EA3B0450DD1153F002A18D1</key>
		<dict>
			<key>isa</key>
			<string>PBXFileReference</string>
			<key>lastKnownFileType</key>
			<string>text.plist.xml</string>
			<key>name</key>
			<string>Test-Info.plist</string>
			<key>path</key>
			<string>Resources/Test-Info.plist</string>
			<key>sourceTree</key>
			<string>&lt;group&gt;</string>
		</dict>
		<key>7EA3B0460DD11540002A18D1</key>
		<dict>
			<key>buildSettings</key>
			<dict>
				<key>ALWAYS_SEARCH_USER_PATHS</key>
				<string>NO</string>
				<key>CLANG_ENABLE_OBJC_ARC</key>
				<string>NO</string>
				<key>CLANG_ENABLE_OBJC_WEAK</key>
				<string>YES</string>
				<key>COPY_PHASE_STRIP</key>
				<string>NO</string>
				<key>FRAMEWORK_SEARCH_PATHS</key>
				<string>$(DEVELOPER_LIBRARY_DIR)/Frameworks</string>
				<key>GCC_DYNAMIC_NO_PIC</key>
				<string>NO</string>
				<key>GCC_ENABLE_OBJC_EXCEPTIONS</key>
				<string>YES</string>
				<key>GCC_OPTIMIZATION_LEVEL</key>
				<string>0</string>
				<key>GCC_PRECOMPILE_PREFIX_HEADER</key>
				<string>YES</string>
				<key>GCC_PREFIX_HEADER</key>
				<string>UnitTests/AutoHyperlinks.framework_Test_Prefix.pch</string>
				<key>GCC_PREPROCESSOR_DEFINITIONS</key>
				<string>TEST_URIS_FILE_PATHNAME="\"$(SRCROOT)/TestURIs.txt\""</string>
				<key>INFOPLIST_FILE</key>
				<string>Resources/Test-Info.plist</string>
				<key>INSTALL_PATH</key>
				<string>$(USER_LIBRARY_DIR)/Bundles</string>
				<key>OTHER_LDFLAGS</key>
				<array>
					<string>-framework</string>
					<string>Cocoa</string>
					<string>-framework</string>
					<string>SenTestingKit</string>
				</array>
				<key>PRODUCT_NAME</key>
				<string>Test</string>
				<key>WRAPPER_EXTENSION</key>
				<string>octest</string>
			</dict>
			<key>isa</key>
			<string>XCBuildConfiguration</string>
			<key>name</key>
			<string>Debug</string>
		</dict>
		<key>7EA3B0480DD11540002A18D1</key>
		<dict>
			<key>buildSettings</key>
			<dict>
				<key>ALWAYS_SEARCH_USER_PATHS</key>
				<string>NO</string>
				<key>CLANG_ENABLE_OBJC_ARC</key>
				<string>NO</string>
				<key>CLANG_ENABLE_OBJC_WEAK</key>
				<string>YES</string>
				<key>COPY_PHASE_STRIP</key>
				<string>YES</string>
				<key>DEBUG_INFORMATION_FORMAT</key>
				<string>dwarf-with-dsym</string>
				<key>FRAMEWORK_SEARCH_PATHS</key>
				<string>$(DEVELOPER_LIBRARY_DIR)/Frameworks</string>
				<key>GCC_ENABLE_OBJC_EXCEPTIONS</key>
				<string>YES</string>
				<key>GCC_PRECOMPILE_PREFIX_HEADER</key>
				<string>YES</string>
				<key>GCC_PREFIX_HEADER</key>
				<string>UnitTests/AutoHyperlinks.framework_Test_Prefix.pch</string>
				<key>GCC_PREPROCESSOR_DEFINITIONS</key>
				<string>TEST_URIS_FILE_PATHNAME="\"$(SRCROOT)/TestURIs.txt\""</string>
				<key>INFOPLIST_FILE</key>
				<string>Resources/Test-Info.plist</string>
				<key>INSTALL_PATH</key>
				<string>$(USER_LIBRARY_DIR)/Bundles</string>
				<key>OTHER_LDFLAGS</key>
				<array>
					<string>-framework</string>
					<string>Cocoa</string>
					<string>-framework</string>
					<string>SenTestingKit</string>
				</array>
				<key>PRODUCT_NAME</key>
				<string>Test</string>
				<key>WRAPPER_EXTENSION</key>
				<string>octest</string>
			</dict>
			<key>isa</key>
			<string>XCBuildConfiguration</string>
			<key>name</key>
			<string>Release</string>
		</dict>
		<key>7EA3B0490DD11540002A18D1</key>
		<dict>
			<key>buildSettings</key>
			<dict>
				<key>ALWAYS_SEARCH_USER_PATHS</key>
				<string>NO</string>
				<key>CLANG_ENABLE_OBJC_ARC</key>
				<string>NO</string>
				<key>CLANG_ENABLE_OBJC_WEAK</key>
				<string>YES</string>
				<key>FRAMEWORK_SEARCH_PATHS</key>
				<string>$(DEVELOPER_LIBRARY_DIR)/Frameworks</string>
				<key>GCC_ENABLE_OBJC_EXCEPTIONS</key>
				<string>YES</string>
				<key>GCC_PRECOMPILE_PREFIX_HEADER</key>
				<string>YES</string>
				<key>GCC_PREFIX_HEADER</key>
				<string>UnitTests/AutoHyperlinks.framework_Test_Prefix.pch</string>
				<key>GCC_PREPROCESSOR_DEFINITIONS</key>
				<string>TEST_URIS_FILE_PATHNAME="\"$(SRCROOT)/TestURIs.txt\""</string>
				<key>INFOPLIST_FILE</key>
				<string>Resources/Test-Info.plist</string>
				<key>INSTALL_PATH</key>
				<string>$(USER_LIBRARY_DIR)/Bundles</string>
				<key>OTHER_LDFLAGS</key>
				<array>
					<string>-framework</string>
					<string>Cocoa</string>
					<string>-framework</string>
					<string>SenTestingKit</string>
				</array>
				<key>PRODUCT_NAME</key>
				<string>Test</string>
				<key>WRAPPER_EXTENSION</key>
				<string>octest</string>
			</dict>
			<key>isa</key>
			<string>XCBuildConfiguration</string>
			<key>name</key>
			<string>Release-Debug</string>
		</dict>
		<key>7EA3B04B0DD11540002A18D1</key>
		<dict>
			<key>buildConfigurations</key>
			<array>
				<string>7EA3B0460DD11540002A18D1</string>
				<string>7EA3B0480DD11540002A18D1</string>
				<string>7EA3B0490DD11540002A18D1</string>
			</array>
			<key>defaultConfigurationIsVisible</key>
			<string>0</string>
			<key>defaultConfigurationName</key>
			<string>Debug</string>
			<key>isa</key>
			<string>XCConfigurationList</string>
		</dict>
		<key>7EA3B04C0DD1155D002A18D1</key>
		<dict>
			<key>fileRef</key>
			<string>1058C7B1FEA5585E11CA2CBB</string>
			<key>isa</key>
			<string>PBXBuildFile</string>
		</dict>
		<key>7EA3B04D0DD11627002A18D1</key>
		<dict>
			<key>isa</key>
			<string>PBXFileReference</string>
			<key>lastKnownFileType</key>
			<string>wrapper.framework</string>
			<key>name</key>
			<string>SenTestingKit.framework</string>
			<key>path</key>
			<string>Library/Frameworks/SenTestingKit.framework</string>
			<key>sourceTree</key>
			<string>DEVELOPER_DIR</string>
		</dict>
		<key>7EA3B04E0DD11627002A18D1</key>
		<dict>
			<key>fileRef</key>
			<string>7EA3B04D0DD11627002A18D1</string>
			<key>isa</key>
			<string>PBXBuildFile</string>
		</dict>
		<key>7EB5500B0DDC8030000DC0D6</key>
		<dict>
			<key>children</key>
			<array>
				<string>7EB550120DDC80DB000DC0D6</string>
				<string>7EB5501F0DDC813D000DC0D6</string>
				<string>7EB551480DDC8272000DC0D6</string>
				<string>7EB551490DDC8272000DC0D6</string>
				<string>7EF1C0210DDC846B00CFC182</string>
				<string>7EF1C0410DDC8F3600CFC182</string>
			</array>
			<key>isa</key>
			<string>PBXGroup</string>
			<key>name</key>
			<string>LinkDriver</string>
			<key>sourceTree</key>
			<string>&lt;group&gt;</string>
		</dict>
		<key>7EB5500C0DDC80DB000DC0D6</key>
		<dict>
			<key>buildActionMask</key>
			<string>2147483647</string>
			<key>files</key>
			<array>
				<string>7EF1C0220DDC846B00CFC182</string>
			</array>
			<key>isa</key>
			<string>PBXResourcesBuildPhase</string>
			<key>runOnlyForDeploymentPostprocessing</key>
			<string>0</string>
		</dict>
		<key>7EB5500D0DDC80DB000DC0D6</key>
		<dict>
			<key>buildActionMask</key>
			<string>2147483647</string>
			<key>files</key>
			<array>
				<string>7EB550200DDC813D000DC0D6</string>
				<string>7EB5514A0DDC8272000DC0D6</string>
			</array>
			<key>isa</key>
			<string>PBXSourcesBuildPhase</string>
			<key>runOnlyForDeploymentPostprocessing</key>
			<string>0</string>
		</dict>
		<key>7EB5500E0DDC80DB000DC0D6</key>
		<dict>
			<key>buildActionMask</key>
			<string>2147483647</string>
			<key>files</key>
			<array>
				<string>7EB5501D0DDC810E000DC0D6</string>
			</array>
			<key>isa</key>
			<string>PBXFrameworksBuildPhase</string>
			<key>runOnlyForDeploymentPostprocessing</key>
			<string>0</string>
		</dict>
		<key>7EB5500F0DDC80DB000DC0D6</key>
		<dict>
			<key>buildConfigurationList</key>
			<string>7EB550180DDC80DC000DC0D6</string>
			<key>buildPhases</key>
			<array>
				<string>7EB5500C0DDC80DB000DC0D6</string>
				<string>7EB5500D0DDC80DB000DC0D6</string>
				<string>7EB5500E0DDC80DB000DC0D6</string>
			</array>
			<key>buildRules</key>
			<array/>
			<key>dependencies</key>
			<array>
				<string>7EB5501A0DDC80E2000DC0D6</string>
			</array>
			<key>isa</key>
			<string>PBXNativeTarget</string>
			<key>name</key>
			<string>LinkDriver</string>
			<key>productName</key>
			<string>LinkDriver</string>
			<key>productReference</key>
			<string>7EB550100DDC80DB000DC0D6</string>
			<key>productType</key>
			<string>com.apple.product-type.application</string>
		</dict>
		<key>7EB550100DDC80DB000DC0D6</key>
		<dict>
			<key>explicitFileType</key>
			<string>wrapper.application</string>
			<key>includeInIndex</key>
			<string>0</string>
			<key>isa</key>
			<string>PBXFileReference</string>
			<key>path</key>
			<string>LinkDriver.app</string>
			<key>sourceTree</key>
			<string>BUILT_PRODUCTS_DIR</string>
		</dict>
		<key>7EB550120DDC80DB000DC0D6</key>
		<dict>
			<key>isa</key>
			<string>PBXFileReference</string>
			<key>lastKnownFileType</key>
			<string>text.plist.xml</string>
			<key>name</key>
			<string>LinkDriver-Info.plist</string>
			<key>path</key>
			<string>LinkDriver/LinkDriver-Info.plist</string>
			<key>sourceTree</key>
			<string>&lt;group&gt;</string>
		</dict>
		<key>7EB550130DDC80DB000DC0D6</key>
		<dict>
			<key>buildSettings</key>
			<dict>
				<key>CLANG_ENABLE_OBJC_ARC</key>
				<string>NO</string>
				<key>CLANG_ENABLE_OBJC_WEAK</key>
				<string>YES</string>
				<key>CODE_SIGN_IDENTITY</key>
				<string>-</string>
				<key>COPY_PHASE_STRIP</key>
				<string>NO</string>
				<key>GCC_DYNAMIC_NO_PIC</key>
				<string>NO</string>
				<key>GCC_OPTIMIZATION_LEVEL</key>
				<string>0</string>
				<key>GCC_PRECOMPILE_PREFIX_HEADER</key>
				<string>YES</string>
				<key>GCC_PREFIX_HEADER</key>
				<string>LinkDriver/LinkDriver.pch</string>
				<key>INFOPLIST_FILE</key>
				<string>LinkDriver/LinkDriver-Info.plist</string>
				<key>INSTALL_PATH</key>
				<string>$(HOME)/Applications</string>
				<key>OTHER_LDFLAGS</key>
				<array>
					<string>-framework</string>
					<string>Foundation</string>
					<string>-framework</string>
					<string>AppKit</string>
				</array>
				<key>PRODUCT_NAME</key>
				<string>LinkDriver</string>
				<key>WRAPPER_EXTENSION</key>
				<string>app</string>
			</dict>
			<key>isa</key>
			<string>XCBuildConfiguration</string>
			<key>name</key>
			<string>Debug</string>
		</dict>
		<key>7EB550150DDC80DB000DC0D6</key>
		<dict>
			<key>buildSettings</key>
			<dict>
				<key>CLANG_ENABLE_OBJC_ARC</key>
				<string>NO</string>
				<key>CLANG_ENABLE_OBJC_WEAK</key>
				<string>YES</string>
				<key>CODE_SIGN_IDENTITY</key>
				<string>-</string>
				<key>COPY_PHASE_STRIP</key>
				<string>YES</string>
				<key>GCC_PRECOMPILE_PREFIX_HEADER</key>
				<string>YES</string>
				<key>GCC_PREFIX_HEADER</key>
				<string>$(SYSTEM_LIBRARY_DIR)/Frameworks/AppKit.framework/Headers/AppKit.h</string>
				<key>INFOPLIST_FILE</key>
				<string>LinkDriver/LinkDriver-Info.plist</string>
				<key>INSTALL_PATH</key>
				<string>$(HOME)/Applications</string>
				<key>OTHER_LDFLAGS</key>
				<array>
					<string>-framework</string>
					<string>Foundation</string>
					<string>-framework</string>
					<string>AppKit</string>
				</array>
				<key>PRODUCT_NAME</key>
				<string>LinkDriver</string>
				<key>WRAPPER_EXTENSION</key>
				<string>app</string>
			</dict>
			<key>isa</key>
			<string>XCBuildConfiguration</string>
			<key>name</key>
			<string>Release</string>
		</dict>
		<key>7EB550160DDC80DB000DC0D6</key>
		<dict>
			<key>buildSettings</key>
			<dict>
				<key>CLANG_ENABLE_OBJC_ARC</key>
				<string>NO</string>
				<key>CLANG_ENABLE_OBJC_WEAK</key>
				<string>YES</string>
				<key>CODE_SIGN_IDENTITY</key>
				<string>-</string>
				<key>GCC_PRECOMPILE_PREFIX_HEADER</key>
				<string>YES</string>
				<key>GCC_PREFIX_HEADER</key>
				<string>$(SYSTEM_LIBRARY_DIR)/Frameworks/AppKit.framework/Headers/AppKit.h</string>
				<key>INFOPLIST_FILE</key>
				<string>LinkDriver/LinkDriver-Info.plist</string>
				<key>INSTALL_PATH</key>
				<string>$(HOME)/Applications</string>
				<key>OTHER_LDFLAGS</key>
				<array>
					<string>-framework</string>
					<string>Foundation</string>
					<string>-framework</string>
					<string>AppKit</string>
				</array>
				<key>PRODUCT_NAME</key>
				<string>LinkDriver</string>
				<key>WRAPPER_EXTENSION</key>
				<string>app</string>
			</dict>
			<key>isa</key>
			<string>XCBuildConfiguration</string>
			<key>name</key>
			<string>Release-Debug</string>
		</dict>
		<key>7EB550180DDC80DC000DC0D6</key>
		<dict>
			<key>buildConfigurations</key>
			<array>
				<string>7EB550130DDC80DB000DC0D6</string>
				<string>7EB550150DDC80DB000DC0D6</string>
				<string>7EB550160DDC80DB000DC0D6</string>
			</array>
			<key>defaultConfigurationIsVisible</key>
			<string>0</string>
			<key>defaultConfigurationName</key>
			<string>Debug</string>
			<key>isa</key>
			<string>XCConfigurationList</string>
		</dict>
		<key>7EB550190DDC80E2000DC0D6</key>
		<dict>
			<key>containerPortal</key>
			<string>0867D690FE84028FC02AAC07</string>
			<key>isa</key>
			<string>PBXContainerItemProxy</string>
			<key>proxyType</key>
			<string>1</string>
			<key>remoteGlobalIDString</key>
			<string>8DC2EF4F0486A6940098B216</string>
			<key>remoteInfo</key>
			<string>AutoHyperlinks.framework</string>
		</dict>
		<key>7EB5501A0DDC80E2000DC0D6</key>
		<dict>
			<key>isa</key>
			<string>PBXTargetDependency</string>
			<key>target</key>
			<string>8DC2EF4F0486A6940098B216</string>
			<key>targetProxy</key>
			<string>7EB550190DDC80E2000DC0D6</string>
		</dict>
		<key>7EB5501D0DDC810E000DC0D6</key>
		<dict>
			<key>fileRef</key>
			<string>8DC2EF5B0486A6940098B216</string>
			<key>isa</key>
			<string>PBXBuildFile</string>
		</dict>
		<key>7EB5501F0DDC813D000DC0D6</key>
		<dict>
			<key>fileEncoding</key>
			<string>4</string>
			<key>isa</key>
			<string>PBXFileReference</string>
			<key>lastKnownFileType</key>
			<string>sourcecode.c.objc</string>
			<key>name</key>
			<string>LinkDriverMain.m</string>
			<key>path</key>
			<string>LinkDriver/LinkDriverMain.m</string>
			<key>sourceTree</key>
			<string>&lt;group&gt;</string>
		</dict>
		<key>7EB550200DDC813D000DC0D6</key>
		<dict>
			<key>fileRef</key>
			<string>7EB5501F0DDC813D000DC0D6</string>
			<key>isa</key>
			<string>PBXBuildFile</string>
		</dict>
		<key>7EB551480DDC8272000DC0D6</key>
		<dict>
			<key>fileEncoding</key>
			<string>4</string>
			<key>isa</key>
			<string>PBXFileReference</string>
			<key>lastKnownFileType</key>
			<string>sourcecode.c.h</string>
			<key>name</key>
			<string>LinkDriverWindowController.h</string>
			<key>path</key>
			<string>LinkDriver/LinkDriverWindowController.h</string>
			<key>sourceTree</key>
			<string>&lt;group&gt;</string>
		</dict>
		<key>7EB551490DDC8272000DC0D6</key>
		<dict>
			<key>fileEncoding</key>
			<string>4</string>
			<key>isa</key>
			<string>PBXFileReference</string>
			<key>lastKnownFileType</key>
			<string>sourcecode.c.objc</string>
			<key>name</key>
			<string>LinkDriverWindowController.m</string>
			<key>path</key>
			<string>LinkDriver/LinkDriverWindowController.m</string>
			<key>sourceTree</key>
			<string>&lt;group&gt;</string>
		</dict>
		<key>7EB5514A0DDC8272000DC0D6</key>
		<dict>
			<key>fileRef</key>
			<string>7EB551490DDC8272000DC0D6</string>
			<key>isa</key>
			<string>PBXBuildFile</string>
		</dict>
		<key>7EC75F180DDC9EC60004F634</key>
		<dict>
			<key>fileEncoding</key>
			<string>4</string>
			<key>isa</key>
			<string>PBXFileReference</string>
			<key>lastKnownFileType</key>
			<string>sourcecode.c.h</string>
			<key>name</key>
			<string>StressTest.h</string>
			<key>path</key>
			<string>UnitTests/StressTest.h</string>
			<key>sourceTree</key>
			<string>&lt;group&gt;</string>
		</dict>
		<key>7EC75F190DDC9EC60004F634</key>
		<dict>
			<key>fileEncoding</key>
			<string>4</string>
			<key>isa</key>
			<string>PBXFileReference</string>
			<key>lastKnownFileType</key>
			<string>sourcecode.c.objc</string>
			<key>name</key>
			<string>StressTest.m</string>
			<key>path</key>
			<string>UnitTests/StressTest.m</string>
			<key>sourceTree</key>
			<string>&lt;group&gt;</string>
		</dict>
		<key>7ED4FDB90E00258F004C5F4B</key>
		<dict>
			<key>fileEncoding</key>
			<string>4</string>
			<key>isa</key>
			<string>PBXFileReference</string>
			<key>lastKnownFileType</key>
			<string>sourcecode.c.h</string>
			<key>name</key>
			<string>ThreadedStressTest.h</string>
			<key>path</key>
			<string>UnitTests/ThreadedStressTest.h</string>
			<key>sourceTree</key>
			<string>SOURCE_ROOT</string>
		</dict>
		<key>7ED4FDBA0E00258F004C5F4B</key>
		<dict>
			<key>fileEncoding</key>
			<string>4</string>
			<key>isa</key>
			<string>PBXFileReference</string>
			<key>lastKnownFileType</key>
			<string>sourcecode.c.objc</string>
			<key>name</key>
			<string>ThreadedStressTest.m</string>
			<key>path</key>
			<string>UnitTests/ThreadedStressTest.m</string>
			<key>sourceTree</key>
			<string>SOURCE_ROOT</string>
		</dict>
		<key>7ED4FDBB0E0025DA004C5F4B</key>
		<dict>
			<key>fileEncoding</key>
			<string>4</string>
			<key>isa</key>
			<string>PBXFileReference</string>
			<key>lastKnownFileType</key>
			<string>sourcecode.c.objc</string>
			<key>name</key>
			<string>ThreadedStressTestMain.m</string>
			<key>path</key>
			<string>Source/ThreadedStressTestMain.m</string>
			<key>sourceTree</key>
			<string>&lt;group&gt;</string>
		</dict>
		<key>7ED4FDBF0E002652004C5F4B</key>
		<dict>
			<key>buildConfigurationList</key>
			<string>7ED4FDCA0E002652004C5F4B</string>
			<key>buildPhases</key>
			<array>
				<string>7ED4FDC00E002652004C5F4B</string>
				<string>7ED4FDC70E002652004C5F4B</string>
			</array>
			<key>buildRules</key>
			<array/>
			<key>dependencies</key>
			<array/>
			<key>isa</key>
			<string>PBXNativeTarget</string>
			<key>name</key>
			<string>ThreadedStressTester</string>
			<key>productName</key>
			<string>StressTester</string>
			<key>productReference</key>
			<string>7ED4FDD00E002653004C5F4B</string>
			<key>productType</key>
			<string>com.apple.product-type.tool</string>
		</dict>
		<key>7ED4FDC00E002652004C5F4B</key>
		<dict>
			<key>buildActionMask</key>
			<string>2147483647</string>
			<key>files</key>
			<array>
				<string>7ED4FDC10E002652004C5F4B</string>
				<string>7ED4FDC20E002652004C5F4B</string>
				<string>7ED4FDC30E002652004C5F4B</string>
				<string>7ED4FDC60E002652004C5F4B</string>
				<string>7ED4FDE70E00273E004C5F4B</string>
			</array>
			<key>isa</key>
			<string>PBXSourcesBuildPhase</string>
			<key>runOnlyForDeploymentPostprocessing</key>
			<string>0</string>
		</dict>
		<key>7ED4FDC10E002652004C5F4B</key>
		<dict>
			<key>fileRef</key>
			<string>3496A81E07CE69270055BBAB</string>
			<key>isa</key>
			<string>PBXBuildFile</string>
		</dict>
		<key>7ED4FDC20E002652004C5F4B</key>
		<dict>
			<key>fileRef</key>
			<string>3496A82007CE69270055BBAB</string>
			<key>isa</key>
			<string>PBXBuildFile</string>
		</dict>
		<key>7ED4FDC30E002652004C5F4B</key>
		<dict>
			<key>fileRef</key>
			<string>3496A82207CE69270055BBAB</string>
			<key>isa</key>
			<string>PBXBuildFile</string>
		</dict>
		<key>7ED4FDC60E002652004C5F4B</key>
		<dict>
			<key>fileRef</key>
			<string>7ED4FDBB0E0025DA004C5F4B</string>
			<key>isa</key>
			<string>PBXBuildFile</string>
		</dict>
		<key>7ED4FDC70E002652004C5F4B</key>
		<dict>
			<key>buildActionMask</key>
			<string>2147483647</string>
			<key>files</key>
			<array>
				<string>7ED4FDC80E002652004C5F4B</string>
				<string>7ED4FDC90E002652004C5F4B</string>
			</array>
			<key>isa</key>
			<string>PBXFrameworksBuildPhase</string>
			<key>runOnlyForDeploymentPostprocessing</key>
			<string>0</string>
		</dict>
		<key>7ED4FDC80E002652004C5F4B</key>
		<dict>
			<key>fileRef</key>
			<string>7EA3B04D0DD11627002A18D1</string>
			<key>isa</key>
			<string>PBXBuildFile</string>
		</dict>
		<key>7ED4FDC90E002652004C5F4B</key>
		<dict>
			<key>fileRef</key>
			<string>1058C7B1FEA5585E11CA2CBB</string>
			<key>isa</key>
			<string>PBXBuildFile</string>
		</dict>
		<key>7ED4FDCA0E002652004C5F4B</key>
		<dict>
			<key>buildConfigurations</key>
			<array>
				<string>7ED4FDCB0E002652004C5F4B</string>
				<string>7ED4FDCD0E002652004C5F4B</string>
				<string>7ED4FDCE0E002652004C5F4B</string>
			</array>
			<key>defaultConfigurationIsVisible</key>
			<string>0</string>
			<key>defaultConfigurationName</key>
			<string>Debug</string>
			<key>isa</key>
			<string>XCConfigurationList</string>
		</dict>
		<key>7ED4FDCB0E002652004C5F4B</key>
		<dict>
			<key>buildSettings</key>
			<dict>
				<key>CLANG_ENABLE_OBJC_ARC</key>
				<string>NO</string>
				<key>CLANG_ENABLE_OBJC_WEAK</key>
				<string>YES</string>
				<key>CODE_SIGN_IDENTITY</key>
				<string>-</string>
				<key>COPY_PHASE_STRIP</key>
				<string>NO</string>
				<key>FRAMEWORK_SEARCH_PATHS</key>
				<array>
					<string>$(inherited)</string>
					<string>$(FRAMEWORK_SEARCH_PATHS_QUOTED_FOR_TARGET_1)</string>
				</array>
				<key>FRAMEWORK_SEARCH_PATHS_QUOTED_FOR_TARGET_1</key>
				<string>"$(DEVELOPER_FRAMEWORKS_DIR)"</string>
				<key>GCC_DYNAMIC_NO_PIC</key>
				<string>NO</string>
				<key>GCC_OPTIMIZATION_LEVEL</key>
				<string>0</string>
				<key>GCC_PRECOMPILE_PREFIX_HEADER</key>
				<string>YES</string>
				<key>GCC_PREFIX_HEADER</key>
				<string>$(SRCROOT)/UnitTests/AutoHyperlinks.framework_Test_Prefix.pch</string>
				<key>GCC_PREPROCESSOR_DEFINITIONS</key>
				<string>TEST_URIS_FILE_PATHNAME="\"$(SRCROOT)/TestURIs.txt\""</string>
				<key>INSTALL_PATH</key>
				<string>/usr/local/bin</string>
				<key>LD_RUNPATH_SEARCH_PATHS</key>
				<string>$(DEVELOPER_FRAMEWORKS_DIR)</string>
				<key>OTHER_LDFLAGS</key>
				<array>
					<string>-framework</string>
					<string>Foundation</string>
					<string>-framework</string>
					<string>AppKit</string>
				</array>
				<key>PRODUCT_NAME</key>
				<string>AHThreadedStressTester</string>
			</dict>
			<key>isa</key>
			<string>XCBuildConfiguration</string>
			<key>name</key>
			<string>Debug</string>
		</dict>
		<key>7ED4FDCD0E002652004C5F4B</key>
		<dict>
			<key>buildSettings</key>
			<dict>
				<key>CLANG_ENABLE_OBJC_ARC</key>
				<string>NO</string>
				<key>CLANG_ENABLE_OBJC_WEAK</key>
				<string>YES</string>
				<key>CODE_SIGN_IDENTITY</key>
				<string>-</string>
				<key>COPY_PHASE_STRIP</key>
				<string>YES</string>
				<key>FRAMEWORK_SEARCH_PATHS</key>
				<array>
					<string>$(inherited)</string>
					<string>$(FRAMEWORK_SEARCH_PATHS_QUOTED_FOR_TARGET_1)</string>
				</array>
				<key>FRAMEWORK_SEARCH_PATHS_QUOTED_FOR_TARGET_1</key>
				<string>"$(DEVELOPER_FRAMEWORKS_DIR)"</string>
				<key>GCC_PRECOMPILE_PREFIX_HEADER</key>
				<string>YES</string>
				<key>GCC_PREFIX_HEADER</key>
				<string>$(SRCROOT)/UnitTests/AutoHyperlinks.framework_Test_Prefix.pch</string>
				<key>GCC_PREPROCESSOR_DEFINITIONS</key>
				<string>TEST_URIS_FILE_PATHNAME="\"$(SRCROOT)/TestURIs.txt\""</string>
				<key>INSTALL_PATH</key>
				<string>/usr/local/bin</string>
				<key>LD_RUNPATH_SEARCH_PATHS</key>
				<string>$(DEVELOPER_FRAMEWORKS_DIR)</string>
				<key>MACOSX_DEPLOYMENT_TARGET</key>
				<string>10.6</string>
				<key>OTHER_LDFLAGS</key>
				<array>
					<string>-framework</string>
					<string>Foundation</string>
					<string>-framework</string>
					<string>AppKit</string>
				</array>
				<key>PRODUCT_NAME</key>
				<string>AHThreadedStressTester</string>
			</dict>
			<key>isa</key>
			<string>XCBuildConfiguration</string>
			<key>name</key>
			<string>Release</string>
		</dict>
		<key>7ED4FDCE0E002652004C5F4B</key>
		<dict>
			<key>buildSettings</key>
			<dict>
				<key>CLANG_ENABLE_OBJC_ARC</key>
				<string>NO</string>
				<key>CLANG_ENABLE_OBJC_WEAK</key>
				<string>YES</string>
				<key>CODE_SIGN_IDENTITY</key>
				<string>-</string>
				<key>FRAMEWORK_SEARCH_PATHS</key>
				<array>
					<string>$(inherited)</string>
					<string>$(FRAMEWORK_SEARCH_PATHS_QUOTED_FOR_TARGET_1)</string>
				</array>
				<key>FRAMEWORK_SEARCH_PATHS_QUOTED_FOR_TARGET_1</key>
				<string>"$(DEVELOPER_FRAMEWORKS_DIR)"</string>
				<key>GCC_PRECOMPILE_PREFIX_HEADER</key>
				<string>YES</string>
				<key>GCC_PREFIX_HEADER</key>
				<string>$(SRCROOT)/UnitTests/AutoHyperlinks.framework_Test_Prefix.pch</string>
				<key>GCC_PREPROCESSOR_DEFINITIONS</key>
				<string>TEST_URIS_FILE_PATHNAME="\"$(SRCROOT)/TestURIs.txt\""</string>
				<key>INSTALL_PATH</key>
				<string>/usr/local/bin</string>
				<key>LD_RUNPATH_SEARCH_PATHS</key>
				<string>$(DEVELOPER_FRAMEWORKS_DIR)</string>
				<key>OTHER_LDFLAGS</key>
				<array>
					<string>-framework</string>
					<string>Foundation</string>
					<string>-framework</string>
					<string>AppKit</string>
				</array>
				<key>PRODUCT_NAME</key>
				<string>AHThreadedStressTester</string>
			</dict>
			<key>isa</key>
			<string>XCBuildConfiguration</string>
			<key>name</key>
			<string>Release-Debug</string>
		</dict>
		<key>7ED4FDD00E002653004C5F4B</key>
		<dict>
			<key>explicitFileType</key>
			<string>compiled.mach-o.executable</string>
			<key>includeInIndex</key>
			<string>0</string>
			<key>isa</key>
			<string>PBXFileReference</string>
			<key>path</key>
			<string>AHThreadedStressTester</string>
			<key>sourceTree</key>
			<string>BUILT_PRODUCTS_DIR</string>
		</dict>
		<key>7ED4FDE70E00273E004C5F4B</key>
		<dict>
			<key>fileRef</key>
			<string>7ED4FDBA0E00258F004C5F4B</string>
			<key>isa</key>
			<string>PBXBuildFile</string>
		</dict>
		<key>7EF1C0210DDC846B00CFC182</key>
		<dict>
			<key>isa</key>
			<string>PBXFileReference</string>
			<key>lastKnownFileType</key>
			<string>wrapper.nib</string>
			<key>name</key>
			<string>MainMenu.nib</string>
			<key>path</key>
			<string>LinkDriver/MainMenu.nib</string>
			<key>sourceTree</key>
			<string>&lt;group&gt;</string>
		</dict>
		<key>7EF1C0220DDC846B00CFC182</key>
		<dict>
			<key>fileRef</key>
			<string>7EF1C0210DDC846B00CFC182</string>
			<key>isa</key>
			<string>PBXBuildFile</string>
		</dict>
		<key>7EF1C0410DDC8F3600CFC182</key>
		<dict>
			<key>fileEncoding</key>
			<string>4</string>
			<key>isa</key>
			<string>PBXFileReference</string>
			<key>lastKnownFileType</key>
			<string>sourcecode.c.h</string>
			<key>name</key>
			<string>LinkDriver.pch</string>
			<key>path</key>
			<string>LinkDriver/LinkDriver.pch</string>
			<key>sourceTree</key>
			<string>&lt;group&gt;</string>
		</dict>
		<key>8DC2EF4F0486A6940098B216</key>
		<dict>
			<key>buildConfigurationList</key>
			<string>DA8A8083085549EE00F24BB3</string>
			<key>buildPhases</key>
			<array>
				<string>8DC2EF500486A6940098B216</string>
				<string>8DC2EF520486A6940098B216</string>
				<string>8DC2EF540486A6940098B216</string>
				<string>8DC2EF560486A6940098B216</string>
			</array>
			<key>buildRules</key>
			<array/>
			<key>dependencies</key>
			<array/>
			<key>isa</key>
			<string>PBXNativeTarget</string>
			<key>name</key>
			<string>AutoHyperlinks.framework</string>
			<key>productInstallPath</key>
			<string>$(HOME)/Library/Frameworks</string>
			<key>productName</key>
			<string>AIHyperlinks.framework</string>
			<key>productReference</key>
			<string>8DC2EF5B0486A6940098B216</string>
			<key>productType</key>
			<string>com.apple.product-type.framework</string>
		</dict>
		<key>8DC2EF500486A6940098B216</key>
		<dict>
			<key>buildActionMask</key>
			<string>2147483647</string>
			<key>files</key>
			<array>
				<string>4DAE8BEE257790C800C189EA</string>
				<string>4DAE8BF4257790CA00C189EA</string>
				<string>4DAE8BFF257790DA00C189EA</string>
				<string>4DAE8C05257790E600C189EA</string>
				<string>4DAE8C472577928B00C189EA</string>
			</array>
			<key>isa</key>
			<string>PBXHeadersBuildPhase</string>
			<key>runOnlyForDeploymentPostprocessing</key>
			<string>0</string>
		</dict>
		<key>8DC2EF520486A6940098B216</key>
		<dict>
			<key>buildActionMask</key>
			<string>2147483647</string>
			<key>files</key>
			<array/>
			<key>isa</key>
			<string>PBXResourcesBuildPhase</string>
			<key>runOnlyForDeploymentPostprocessing</key>
			<string>0</string>
		</dict>
		<key>8DC2EF540486A6940098B216</key>
		<dict>
			<key>buildActionMask</key>
			<string>2147483647</string>
			<key>files</key>
			<array>
				<string>4DAE8B822577904900C189EA</string>
				<string>4DAE8BE2257790C500C189EA</string>
				<string>4DAE8BE8257790C600C189EA</string>
			</array>
			<key>isa</key>
			<string>PBXSourcesBuildPhase</string>
			<key>runOnlyForDeploymentPostprocessing</key>
			<string>0</string>
		</dict>
		<key>8DC2EF560486A6940098B216</key>
		<dict>
			<key>buildActionMask</key>
			<string>2147483647</string>
			<key>files</key>
			<array>
				<string>8DC2EF570486A6940098B216</string>
			</array>
			<key>isa</key>
			<string>PBXFrameworksBuildPhase</string>
			<key>runOnlyForDeploymentPostprocessing</key>
			<string>0</string>
		</dict>
		<key>8DC2EF570486A6940098B216</key>
		<dict>
			<key>fileRef</key>
			<string>1058C7B1FEA5585E11CA2CBB</string>
			<key>isa</key>
			<string>PBXBuildFile</string>
		</dict>
		<key>8DC2EF5A0486A6940098B216</key>
		<dict>
			<key>fileEncoding</key>
			<string>4</string>
			<key>isa</key>
			<string>PBXFileReference</string>
			<key>lastKnownFileType</key>
			<string>text.plist.xml</string>
			<key>name</key>
			<string>Info.plist</string>
			<key>path</key>
			<string>Resources/Info.plist</string>
			<key>sourceTree</key>
			<string>&lt;group&gt;</string>
		</dict>
		<key>8DC2EF5B0486A6940098B216</key>
		<dict>
			<key>explicitFileType</key>
			<string>wrapper.framework</string>
			<key>includeInIndex</key>
			<string>0</string>
			<key>isa</key>
			<string>PBXFileReference</string>
			<key>path</key>
			<string>AutoHyperlinks.framework</string>
			<key>sourceTree</key>
			<string>BUILT_PRODUCTS_DIR</string>
		</dict>
		<key>DA8A8083085549EE00F24BB3</key>
		<dict>
			<key>buildConfigurations</key>
			<array>
				<string>DA8A8084085549EE00F24BB3</string>
				<string>DA8A8085085549EE00F24BB3</string>
				<string>34C57363093E5E6E00829508</string>
			</array>
			<key>defaultConfigurationIsVisible</key>
			<string>0</string>
			<key>defaultConfigurationName</key>
			<string>Debug</string>
			<key>isa</key>
			<string>XCConfigurationList</string>
		</dict>
		<key>DA8A8084085549EE00F24BB3</key>
		<dict>
			<key>buildSettings</key>
			<dict>
				<key>CLANG_ENABLE_OBJC_ARC</key>
				<string>NO</string>
				<key>CLANG_ENABLE_OBJC_WEAK</key>
				<string>YES</string>
				<key>COPY_PHASE_STRIP</key>
				<string>NO</string>
				<key>DYLIB_COMPATIBILITY_VERSION</key>
				<string>1</string>
				<key>DYLIB_CURRENT_VERSION</key>
				<string>1</string>
				<key>GCC_PRECOMPILE_PREFIX_HEADER</key>
				<string>YES</string>
				<key>GCC_PREFIX_HEADER</key>
				<string>AutoHyperlinks.framework_Prefix.pch</string>
				<key>INFOPLIST_FILE</key>
				<string>Resources/Info.plist</string>
				<key>INSTALL_PATH</key>
				<string>@executable_path/../Frameworks</string>
				<key>MACH_O_TYPE</key>
				<string>mh_dylib</string>
				<key>MARKETING_VERSION</key>
				<string>1</string>
				<key>PRODUCT_BUNDLE_IDENTIFIER</key>
				<string>com.github.phaedrus1992.adiumy.autohyperlinks</string>
				<key>PRODUCT_NAME</key>
				<string>AutoHyperlinks</string>
				<key>SKIP_INSTALL</key>
				<string>YES</string>
				<key>VALID_ARCHS</key>
				<string>$(ARCHS_STANDARD)</string>
			</dict>
			<key>isa</key>
			<string>XCBuildConfiguration</string>
			<key>name</key>
			<string>Debug</string>
		</dict>
		<key>DA8A8085085549EE00F24BB3</key>
		<dict>
			<key>buildSettings</key>
			<dict>
				<key>CLANG_ENABLE_OBJC_ARC</key>
				<string>NO</string>
				<key>CLANG_ENABLE_OBJC_WEAK</key>
				<string>YES</string>
				<key>COPY_PHASE_STRIP</key>
				<string>YES</string>
				<key>DEPLOYMENT_POSTPROCESSING</key>
				<string>YES</string>
				<key>DYLIB_COMPATIBILITY_VERSION</key>
				<string>1</string>
				<key>DYLIB_CURRENT_VERSION</key>
				<string>1</string>
				<key>GCC_PRECOMPILE_PREFIX_HEADER</key>
				<string>YES</string>
				<key>GCC_PREFIX_HEADER</key>
				<string>AutoHyperlinks.framework_Prefix.pch</string>
				<key>INFOPLIST_FILE</key>
				<string>Resources/Info.plist</string>
				<key>INSTALL_PATH</key>
				<string>@executable_path/../Frameworks</string>
				<key>MACH_O_TYPE</key>
				<string>mh_dylib</string>
				<key>MARKETING_VERSION</key>
				<string>1</string>
				<key>PRODUCT_BUNDLE_IDENTIFIER</key>
				<string>com.github.phaedrus1992.adiumy.autohyperlinks</string>
				<key>PRODUCT_NAME</key>
				<string>AutoHyperlinks</string>
				<key>SKIP_INSTALL</key>
				<string>YES</string>
				<key>STRIP_INSTALLED_PRODUCT</key>
				<string>YES</string>
				<key>VALID_ARCHS</key>
				<string>$(ARCHS_STANDARD)</string>
			</dict>
			<key>isa</key>
			<string>XCBuildConfiguration</string>
			<key>name</key>
			<string>Release</string>
		</dict>
		<key>DA8A8087085549EE00F24BB3</key>
		<dict>
			<key>buildConfigurations</key>
			<array>
				<string>DA8A8088085549EE00F24BB3</string>
				<string>DA8A8089085549EE00F24BB3</string>
				<string>34C57364093E5E6E00829508</string>
			</array>
			<key>defaultConfigurationIsVisible</key>
			<string>0</string>
			<key>defaultConfigurationName</key>
			<string>Debug</string>
			<key>isa</key>
			<string>XCConfigurationList</string>
		</dict>
		<key>DA8A8088085549EE00F24BB3</key>
		<dict>
			<key>baseConfigurationReference</key>
			<string>7E0CF30C11769F4C00EDC305</string>
			<key>buildSettings</key>
			<dict>
				<key>CLANG_ANALYZER_LOCALIZABILITY_NONLOCALIZED</key>
				<string>YES</string>
				<key>CLANG_WARN_BLOCK_CAPTURE_AUTORELEASING</key>
				<string>YES</string>
				<key>CLANG_WARN_BOOL_CONVERSION</key>
				<string>YES</string>
				<key>CLANG_WARN_COMMA</key>
				<string>YES</string>
				<key>CLANG_WARN_CONSTANT_CONVERSION</key>
				<string>YES</string>
				<key>CLANG_WARN_DEPRECATED_OBJC_IMPLEMENTATIONS</key>
				<string>YES</string>
				<key>CLANG_WARN_EMPTY_BODY</key>
				<string>YES</string>
				<key>CLANG_WARN_ENUM_CONVERSION</key>
				<string>YES</string>
				<key>CLANG_WARN_INFINITE_RECURSION</key>
				<string>YES</string>
				<key>CLANG_WARN_INT_CONVERSION</key>
				<string>YES</string>
				<key>CLANG_WARN_NON_LITERAL_NULL_CONVERSION</key>
				<string>YES</string>
				<key>CLANG_WARN_OBJC_IMPLICIT_RETAIN_SELF</key>
				<string>YES</string>
				<key>CLANG_WARN_OBJC_LITERAL_CONVERSION</key>
				<string>YES</string>
				<key>CLANG_WARN_QUOTED_INCLUDE_IN_FRAMEWORK_HEADER</key>
				<string>YES</string>
				<key>CLANG_WARN_RANGE_LOOP_ANALYSIS</key>
				<string>YES</string>
				<key>CLANG_WARN_STRICT_PROTOTYPES</key>
				<string>YES</string>
				<key>CLANG_WARN_SUSPICIOUS_MOVE</key>
				<string>YES</string>
				<key>CLANG_WARN_UNREACHABLE_CODE</key>
				<string>YES</string>
				<key>CLANG_WARN__DUPLICATE_METHOD_MATCH</key>
				<string>YES</string>
				<key>COMPILER_INDEX_STORE_ENABLE</key>
				<string>NO</string>
				<key>ENABLE_STRICT_OBJC_MSGSEND</key>
				<string>YES</string>
				<key>ENABLE_TESTABILITY</key>
				<string>YES</string>
				<key>GCC_NO_COMMON_BLOCKS</key>
				<string>YES</string>
				<key>GCC_WARN_64_TO_32_BIT_CONVERSION</key>
				<string>YES</string>
				<key>GCC_WARN_UNINITIALIZED_AUTOS</key>
				<string>YES</string>
				<key>MACOSX_DEPLOYMENT_TARGET</key>
				<string>12.0</string>
				<key>VALID_ARCHS</key>
				<string>x86_64</string>
			</dict>
			<key>isa</key>
			<string>XCBuildConfiguration</string>
			<key>name</key>
			<string>Debug</string>
		</dict>
		<key>DA8A8089085549EE00F24BB3</key>
		<dict>
			<key>baseConfigurationReference</key>
			<string>7E0CF31811769FBD00EDC305</string>
			<key>buildSettings</key>
			<dict>
				<key>CLANG_ANALYZER_LOCALIZABILITY_NONLOCALIZED</key>
				<string>YES</string>
				<key>CLANG_WARN_BLOCK_CAPTURE_AUTORELEASING</key>
				<string>YES</string>
				<key>CLANG_WARN_BOOL_CONVERSION</key>
				<string>YES</string>
				<key>CLANG_WARN_COMMA</key>
				<string>YES</string>
				<key>CLANG_WARN_CONSTANT_CONVERSION</key>
				<string>YES</string>
				<key>CLANG_WARN_DEPRECATED_OBJC_IMPLEMENTATIONS</key>
				<string>YES</string>
				<key>CLANG_WARN_EMPTY_BODY</key>
				<string>YES</string>
				<key>CLANG_WARN_ENUM_CONVERSION</key>
				<string>YES</string>
				<key>CLANG_WARN_INFINITE_RECURSION</key>
				<string>YES</string>
				<key>CLANG_WARN_INT_CONVERSION</key>
				<string>YES</string>
				<key>CLANG_WARN_NON_LITERAL_NULL_CONVERSION</key>
				<string>YES</string>
				<key>CLANG_WARN_OBJC_IMPLICIT_RETAIN_SELF</key>
				<string>YES</string>
				<key>CLANG_WARN_OBJC_LITERAL_CONVERSION</key>
				<string>YES</string>
				<key>CLANG_WARN_QUOTED_INCLUDE_IN_FRAMEWORK_HEADER</key>
				<string>YES</string>
				<key>CLANG_WARN_RANGE_LOOP_ANALYSIS</key>
				<string>YES</string>
				<key>CLANG_WARN_STRICT_PROTOTYPES</key>
				<string>YES</string>
				<key>CLANG_WARN_SUSPICIOUS_MOVE</key>
				<string>YES</string>
				<key>CLANG_WARN_UNREACHABLE_CODE</key>
				<string>YES</string>
				<key>CLANG_WARN__DUPLICATE_METHOD_MATCH</key>
				<string>YES</string>
				<key>COMPILER_INDEX_STORE_ENABLE</key>
				<string>NO</string>
				<key>ENABLE_STRICT_OBJC_MSGSEND</key>
				<string>YES</string>
				<key>GCC_NO_COMMON_BLOCKS</key>
				<string>YES</string>
				<key>GCC_WARN_64_TO_32_BIT_CONVERSION</key>
				<string>YES</string>
				<key>GCC_WARN_UNINITIALIZED_AUTOS</key>
				<string>YES</string>
				<key>MACOSX_DEPLOYMENT_TARGET</key>
				<string>12.0</string>
				<key>VALID_ARCHS</key>
				<string>x86_64</string>
			</dict>
			<key>isa</key>
			<string>XCBuildConfiguration</string>
			<key>name</key>
			<string>Release</string>
		</dict>
	</dict>
	<key>rootObject</key>
	<string>0867D690FE84028FC02AAC07</string>
</dict>
</plist>
