<?xml version="1.0" encoding="UTF-8"?>
<!DOCTYPE plist PUBLIC "-//Apple//DTD PLIST 1.0//EN" "http://www.apple.com/DTDs/PropertyList-1.0.dtd">
<plist version="1.0">
<dict>
	<key>archiveVersion</key>
	<string>1</string>
	<key>classes</key>
	<dict/>
	<key>objectVersion</key>
	<string>56</string>
	<key>objects</key>
	<dict>
		<key>666DC85E32125F7A949C91B1</key>
		<dict>
			<key>isa</key>
			<string>PBXProject</string>
			<key>buildConfigurationList</key>
			<string>3E3C167E10D55DA091CA21CA</string>
			<key>compatibilityVersion</key>
			<string>Xcode 14.0</string>
			<key>mainGroup</key>
			<string>FD095138E9A15603B179797D</string>
			<key>productRefGroup</key>
			<string>40D1F8D6554C512CB0813345</string>
			<key>projectDirPath</key>
			<string></string>
			<key>projectRoot</key>
			<string></string>
			<key>targets</key>
			<array>
				<string>103CDD957BC6524CB5501453</string>
				<string>0D830FB50E1B5B8F886C3F48</string>
			</array>
			<key>developmentRegion</key>
			<string>en</string>
			<key>hasScannedForEncodings</key>
			<true/>
			<key>knownRegions</key>
			<array>
				<string>en</string>
				<string>Base</string>
			</array>
		</dict>
		<key>FD095138E9A15603B179797D</key>
		<dict>
			<key>isa</key>
			<string>PBXGroup</string>
			<key>children</key>
			<array>
				<string>F7E1A5028CC650EDB0CB4A45</string>
				<string>41BDD23B2AE95E40B74A63A7</string>
				<string>40D1F8D6554C512CB0813345</string>
			</array>
			<key>sourceTree</key>
			<string>&lt;group&gt;</string>
		</dict>
		<key>F7E1A5028CC650EDB0CB4A45</key>
		<dict>
			<key>isa</key>
			<string>PBXGroup</string>
			<key>children</key>
			<array>
				<string>EBBA7C4B1F555AF6977D4565</string>
				<string>58FEAA8A4CBB558DA1A61F0B</string>
				<string>13B01A69A6A0549FA7B43273</string>
				<string>2D77E76425BD5C16B1B059A0</string>
				<string>0C7FEECB9D1254CF99DA83CE</string>
				<string>5C2B920BC2F659A8858BD448</string>
				<string>11E84536F930580380214005</string>
				<string>F09A95CC0FCF5A08A87719ED</string>
				<string>DF9DD999E70A542A82B68DFA</string>
				<string>A82194F603F151638876A670</string>
				<string>F9B767DA118E55B7B08F966E</string>
				<string>371503F9B5725A20B52AF0D7</string>
				<string>374C7B6633CB56D2AED136F0</string>
				<string>F11E4875E42F52059DE10368</string>
				<string>2C4CDDB4C4A45BD6B0E2ECA1</string>
				<string>83B9A2D6B3F8593AA7E2005E</string>
				<string>4F60F1619C48579CBC55A54C</string>
				<string>9B2A343C7A4C5899834BB986</string>
				<string>BFD854DF38F65E7C9A72C2AA</string>
				<string>93F002D72B045A7EA005441E</string>
				<string>250897690CE3501AB1D10F68</string>
				<string>345954E83E955237A7D1A2F1</string>
				<string>E8960DF283435EF18A3E45F8</string>
				<string>FBB6675CC21D5B5EB568A833</string>
				<string>CD9B78FA08B05AC99DFBFFF3</string>
				<string>AF31580B05F1587DBB83AE9D</string>
				<string>AC783376C5A7503A9FEC3B26</string>
				<string>C24A489BCE0859E6BD4FFC58</string>
				<string>C0F06E57E8B453BF9B78DF14</string>
				<string>4AED043EDCFF511389CA679E</string>
				<string>21A36111E8F35789A5B2071D</string>
				<string>8E1172C009BB553280C4700F</string>
				<string>6D8E92F594B25CFE84829106</string>
				<string>FC69BADFFE3351AE85BC7B0E</string>
				<string>E6D1820D31A5581E890433D6</string>
				<string>49DF2425868E5EF4BA08ECC6</string>
				<string>21E41A7E8E7450C6997FB2DD</string>
				<string>EC87B07EF81F586A873A96FD</string>
				<string>19CB2B45B4DD586482D53023</string>
				<string>B5CEA695BDBA5D5680F46FFC</string>
				<string>342D21E5C0A1572E9BD9431D</string>
				<string>9E84714987565776A7D1C305</string>
				<string>D5B8C85DF5835A609620AEED</string>
				<string>854C51A205355BA9A3A18E78</string>
				<string>C8378009B9115010A43BCB2E</string>
				<string>9B61F77B613F5F35AFB4FC6E</string>
				<string>6F112801594859A19A9F1168</string>
				<string>C6A6341BBA9C59A6B9D7C8C2</string>
				<string>0E69FB7F5D8A5C919AF56868</string>
				<string>524C5277586A59B8B8E8DE75</string>
				<string>4A9BCA8CC58856A9A8855834</string>
				<string>34DF6CA0C04F5A75A99A709E</string>
				<string>88CB5E39F9955EDABCD178F2</string>
				<string>F47DFFDC81D05BAE91FB4ED4</string>
				<string>25252CC177A05033B1954ABD</string>
				<string>83463C60914650889440F0CA</string>
				<string>4A2D31CDB21256CABACA3314</string>
				<string>AD22D7CF4EF851AF8556F63E</string>
				<string>D1262B8826F455349DF6FF4B</string>
				<string>A89C14563FD95D9F9FEF7255</string>
				<string>131B53350D945592B2320C7C</string>
				<string>766FA3D15E445481A5874F5C</string>
				<string>CA6FB54B118D5A6F91F0A82E</string>
				<string>63BCF156941C5403B1C0D0AF</string>
				<string>1022C5BA94CA5D4BAB9B7B4F</string>
				<string>46FE1773C7365DF0B826EAA1</string>
				<string>E58D9E42FB09518F816AB9AA</string>
				<string>E4E14D1A35FA5D6984B1C19E</string>
				<string>FC8739F097F656F19E448454</string>
				<string>DDF6B41D38CC58C5981CA0C8</string>
				<string>FDF65DF597875FD9A656F4EC</string>
				<string>5ADB999B0370526182C54CF8</string>
				<string>081BCD26F58F5CE084CB7B03</string>
				<string>038146DCF49355D4AFB86828</string>
				<string>9B36C4518CB65AC28529826F</string>
				<string>9183FB2F9F435239BE030EC8</string>
				<string>443B227085D3538D8DECE03D</string>
				<string>1A61207E09135FAC81F6C2D7</string>
				<string>48747DD0302758C4969DEE62</string>
				<string>AC191F1284FC521A8E892F71</string>
				<string>0B8AEC30E00753AE8D28F635</string>
				<string>BA08AC51987053F78B3A5849</string>
				<string>D0B5A0FFB1E952EA8BFF24D1</string>
				<string>A98111367C475ECC8B3E3BC6</string>
				<string>41F0CAF73370542EA825FCF7</string>
				<string>04E7C9E2D7935427B5D3088B</string>
				<string>32A8ED4A111453A49CC515FA</string>
				<string>EE0EB79AE2315A25A1DB33CF</string>
				<string>062D2F9BE8265EEDAF656C9D</string>
				<string>A4B0BA7C577C52939DDE0EB7</string>
				<string>2D7E20C8000E544E8A748D34</string>
				<string>A7B5D94AB6F25695A95D189B</string>
				<string>596CAE5D0CC65CC88EA5626F</string>
				<string>04368451B6225267830FC59B</string>
				<string>892D5ECE7B0C537F9FD5ED3C</string>
				<string>34D3AC3099B35DE59A19F536</string>
				<string>D680C17077525D4ABF8E4F1E</string>
				<string>2D400BFD65D958AFB0723BA4</string>
				<string>929FA1DB55365A28B37FDD1A</string>
				<string>2C1CD77B976E53EE82775801</string>
				<string>B0E79B1E17095F39B38E3BB5</string>
				<string>52DACF91E7D4557E93DC969E</string>
				<string>D912F3ED4B3754D8AE647AC3</string>
				<string>F3A7C89B77B855E6B362597D</string>
				<string>D75B29B2FB3B5D26A3C85C85</string>
				<string>96EC8C9E6B855F85B77BD82E</string>
				<string>9E5D7A92E7F5537CA1644C4D</string>
			</array>
			<key>name</key>
			<string>Sources</string>
			<key>sourceTree</key>
			<string>&lt;group&gt;</string>
		</dict>
		<key>41BDD23B2AE95E40B74A63A7</key>
		<dict>
			<key>isa</key>
			<string>PBXGroup</string>
			<key>children</key>
			<array>
				<string>1041C5FC221D577F8FF36681</string>
				<string>34031A49E79F5C30AE822C09</string>
				<string>6CC3FE6FB8375DC7AFE6D30F</string>
			</array>
			<key>name</key>
			<string>Frameworks</string>
			<key>sourceTree</key>
			<string>&lt;group&gt;</string>
		</dict>
		<key>40D1F8D6554C512CB0813345</key>
		<dict>
			<key>isa</key>
			<string>PBXGroup</string>
			<key>children</key>
			<array>
				<string>C956822F692E5D30BD8A5864</string>
				<string>FD6F812AD75D5F948BA25091</string>
			</array>
			<key>name</key>
			<string>Products</string>
			<key>sourceTree</key>
			<string>&lt;group&gt;</string>
		</dict>
		<key>EBBA7C4B1F555AF6977D4565</key>
		<dict>
			<key>isa</key>
			<string>PBXFileReference</string>
			<key>lastKnownFileType</key>
			<string>sourcecode.c.objc</string>
			<key>path</key>
			<string>main.m</string>
			<key>sourceTree</key>
			<string>&lt;group&gt;</string>
		</dict>
		<key>58FEAA8A4CBB558DA1A61F0B</key>
		<dict>
			<key>isa</key>
			<string>PBXFileReference</string>
			<key>lastKnownFileType</key>
			<string>text.plist.xml</string>
			<key>path</key>
			<string>CoverageHost-Info.plist</string>
			<key>sourceTree</key>
			<string>&lt;group&gt;</string>
		</dict>
		<key>C956822F692E5D30BD8A5864</key>
		<dict>
			<key>isa</key>
			<string>PBXFileReference</string>
			<key>explicitFileType</key>
			<string>wrapper.application</string>
			<key>includeInIndex</key>
			<false/>
			<key>path</key>
			<string>CoverageHost.app</string>
			<key>sourceTree</key>
			<string>BUILT_PRODUCTS_DIR</string>
		</dict>
		<key>13B01A69A6A0549FA7B43273</key>
		<dict>
			<key>isa</key>
			<string>PBXFileReference</string>
			<key>lastKnownFileType</key>
			<string>sourcecode.c.objc</string>
			<key>path</key>
			<string>CoverageHostTest.m</string>
			<key>sourceTree</key>
			<string>&lt;group&gt;</string>
		</dict>
		<key>2D77E76425BD5C16B1B059A0</key>
		<dict>
			<key>isa</key>
			<string>PBXFileReference</string>
			<key>lastKnownFileType</key>
			<string>text.plist.xml</string>
			<key>path</key>
			<string>CoverageHostTests-Info.plist</string>
			<key>sourceTree</key>
			<string>&lt;group&gt;</string>
		</dict>
		<key>FD6F812AD75D5F948BA25091</key>
		<dict>
			<key>isa</key>
			<string>PBXFileReference</string>
			<key>explicitFileType</key>
			<string>wrapper.cfbundle</string>
			<key>includeInIndex</key>
			<false/>
			<key>path</key>
			<string>CoverageHostTests.xctest</string>
			<key>sourceTree</key>
			<string>BUILT_PRODUCTS_DIR</string>
		</dict>
		<key>0C7FEECB9D1254CF99DA83CE</key>
		<dict>
			<key>isa</key>
			<string>PBXFileReference</string>
			<key>lastKnownFileType</key>
			<string>sourcecode.c.objc</string>
			<key>path</key>
			<string>../../UnitTests/AIPropertyTestUtilities.m</string>
			<key>sourceTree</key>
			<string>&lt;group&gt;</string>
		</dict>
		<key>5C2B920BC2F659A8858BD448</key>
		<dict>
			<key>isa</key>
			<string>PBXFileReference</string>
			<key>lastKnownFileType</key>
			<string>sourcecode.c.objc</string>
			<key>path</key>
			<string>../../UnitTests/TestAIPropertyTestUtilities.m</string>
			<key>sourceTree</key>
			<string>&lt;group&gt;</string>
		</dict>
		<key>11E84536F930580380214005</key>
		<dict>
			<key>isa</key>
			<string>PBXFileReference</string>
			<key>lastKnownFileType</key>
			<string>sourcecode.c.h</string>
			<key>path</key>
			<string>../../UnitTests/AIPropertyTestUtilities.h</string>
			<key>sourceTree</key>
			<string>&lt;group&gt;</string>
		</dict>
		<key>F09A95CC0FCF5A08A87719ED</key>
		<dict>
			<key>isa</key>
			<string>PBXFileReference</string>
			<key>lastKnownFileType</key>
			<string>sourcecode.c.objc</string>
			<key>path</key>
			<string>../../Frameworks/AIUtilities/Source/AIXtraBundleIdentifier.m</string>
			<key>sourceTree</key>
			<string>&lt;group&gt;</string>
		</dict>
		<key>DF9DD999E70A542A82B68DFA</key>
		<dict>
			<key>isa</key>
			<string>PBXFileReference</string>
			<key>lastKnownFileType</key>
			<string>sourcecode.c.h</string>
			<key>path</key>
			<string>../../Frameworks/AIUtilities/Source/AIXtraBundleIdentifier.h</string>
			<key>sourceTree</key>
			<string>&lt;group&gt;</string>
		</dict>
		<key>A82194F603F151638876A670</key>
		<dict>
			<key>isa</key>
			<string>PBXFileReference</string>
			<key>lastKnownFileType</key>
			<string>sourcecode.c.objc</string>
			<key>path</key>
			<string>../../UnitTests/AIXtraBundleIdentifierTest.m</string>
			<key>sourceTree</key>
			<string>&lt;group&gt;</string>
		</dict>
		<key>F9B767DA118E55B7B08F966E</key>
		<dict>
			<key>isa</key>
			<string>PBXFileReference</string>
			<key>lastKnownFileType</key>
			<string>sourcecode.c.objc</string>
			<key>path</key>
			<string>../../Plugins/WebKit Message View/AIWebKitMessageViewWKContextMenu.m</string>
			<key>sourceTree</key>
			<string>&lt;group&gt;</string>
		</dict>
		<key>371503F9B5725A20B52AF0D7</key>
		<dict>
			<key>isa</key>
			<string>PBXFileReference</string>
			<key>lastKnownFileType</key>
			<string>sourcecode.c.h</string>
			<key>path</key>
			<string>../../Plugins/WebKit Message View/AIWebKitMessageViewWKContextMenu.h</string>
			<key>sourceTree</key>
			<string>&lt;group&gt;</string>
		</dict>
		<key>374C7B6633CB56D2AED136F0</key>
		<dict>
			<key>isa</key>
			<string>PBXFileReference</string>
			<key>lastKnownFileType</key>
			<string>sourcecode.c.objc</string>
			<key>path</key>
			<string>../../UnitTests/TestPropertyBasedAIWebKitMessageViewWKContextMenu.m</string>
			<key>sourceTree</key>
			<string>&lt;group&gt;</string>
		</dict>
		<key>F11E4875E42F52059DE10368</key>
		<dict>
			<key>isa</key>
			<string>PBXFileReference</string>
			<key>lastKnownFileType</key>
			<string>sourcecode.c.objc</string>
			<key>path</key>
			<string>../../Frameworks/Adium/Source/AIHTMLPasteSanitizer.m</string>
			<key>sourceTree</key>
			<string>&lt;group&gt;</string>
		</dict>
		<key>2C4CDDB4C4A45BD6B0E2ECA1</key>
		<dict>
			<key>isa</key>
			<string>PBXFileReference</string>
			<key>lastKnownFileType</key>
			<string>sourcecode.c.h</string>
			<key>path</key>
			<string>../../Frameworks/Adium/Source/AIHTMLPasteSanitizer.h</string>
			<key>sourceTree</key>
			<string>&lt;group&gt;</string>
		</dict>
		<key>83B9A2D6B3F8593AA7E2005E</key>
		<dict>
			<key>isa</key>
			<string>PBXFileReference</string>
			<key>lastKnownFileType</key>
			<string>sourcecode.c.objc</string>
			<key>path</key>
			<string>../../UnitTests/TestPropertyBasedAIHTMLPasteSanitizer.m</string>
			<key>sourceTree</key>
			<string>&lt;group&gt;</string>
		</dict>
		<key>4F60F1619C48579CBC55A54C</key>
		<dict>
			<key>isa</key>
			<string>PBXFileReference</string>
			<key>lastKnownFileType</key>
			<string>sourcecode.c.objc</string>
			<key>path</key>
			<string>../../Frameworks/Adium/Source/AIHTTPDownloadValidation.m</string>
			<key>sourceTree</key>
			<string>&lt;group&gt;</string>
		</dict>
		<key>9B2A343C7A4C5899834BB986</key>
		<dict>
			<key>isa</key>
			<string>PBXFileReference</string>
			<key>lastKnownFileType</key>
			<string>sourcecode.c.h</string>
			<key>path</key>
			<string>../../Frameworks/Adium/Source/AIHTTPDownloadValidation.h</string>
			<key>sourceTree</key>
			<string>&lt;group&gt;</string>
		</dict>
		<key>BFD854DF38F65E7C9A72C2AA</key>
		<dict>
			<key>isa</key>
			<string>PBXFileReference</string>
			<key>lastKnownFileType</key>
			<string>sourcecode.c.objc</string>
			<key>path</key>
			<string>../../UnitTests/TestAIHTTPDownloadValidation.m</string>
			<key>sourceTree</key>
			<string>&lt;group&gt;</string>
		</dict>
		<key>93F002D72B045A7EA005441E</key>
		<dict>
			<key>isa</key>
			<string>PBXFileReference</string>
			<key>lastKnownFileType</key>
			<string>sourcecode.c.objc</string>
			<key>path</key>
			<string>../../Source/ESUserIconHandlingPlugin.m</string>
			<key>sourceTree</key>
			<string>&lt;group&gt;</string>
		</dict>
		<key>250897690CE3501AB1D10F68</key>
		<dict>
			<key>isa</key>
			<string>PBXFileReference</string>
			<key>lastKnownFileType</key>
			<string>sourcecode.c.h</string>
			<key>path</key>
			<string>../../Source/ESUserIconHandlingPlugin.h</string>
			<key>sourceTree</key>
			<string>&lt;group&gt;</string>
		</dict>
		<key>345954E83E955237A7D1A2F1</key>
		<dict>
			<key>isa</key>
			<string>PBXFileReference</string>
			<key>lastKnownFileType</key>
			<string>sourcecode.c.objc</string>
			<key>path</key>
			<string>../../UnitTests/TestESUserIconHandlingPluginObserverRemoval.m</string>
			<key>sourceTree</key>
			<string>&lt;group&gt;</string>
		</dict>
		<key>E8960DF283435EF18A3E45F8</key>
		<dict>
			<key>isa</key>
			<string>PBXFileReference</string>
			<key>lastKnownFileType</key>
			<string>sourcecode.c.objc</string>
			<key>path</key>
			<string>../../Plugins/Error Message Handler/ErrorMessageHandlerPlugin.m</string>
			<key>sourceTree</key>
			<string>&lt;group&gt;</string>
		</dict>
		<key>FBB6675CC21D5B5EB568A833</key>
		<dict>
			<key>isa</key>
			<string>PBXFileReference</string>
			<key>lastKnownFileType</key>
			<string>sourcecode.c.objc</string>
			<key>path</key>
			<string>../../UnitTests/TestErrorMessageHandlerPluginObserverRemoval.m</string>
			<key>sourceTree</key>
			<string>&lt;group&gt;</string>
		</dict>
		<key>CD9B78FA08B05AC99DFBFFF3</key>
		<dict>
			<key>isa</key>
			<string>PBXFileReference</string>
			<key>lastKnownFileType</key>
			<string>sourcecode.c.objc</string>
			<key>path</key>
			<string>../../Source/ESiTunesPlugin.m</string>
			<key>sourceTree</key>
			<string>&lt;group&gt;</string>
		</dict>
		<key>AF31580B05F1587DBB83AE9D</key>
		<dict>
			<key>isa</key>
			<string>PBXFileReference</string>
			<key>lastKnownFileType</key>
			<string>sourcecode.c.objc</string>
			<key>path</key>
			<string>../../UnitTests/TestESiTunesPluginObserverRemoval.m</string>
			<key>sourceTree</key>
			<string>&lt;group&gt;</string>
		</dict>
		<key>AC783376C5A7503A9FEC3B26</key>
		<dict>
			<key>isa</key>
			<string>PBXFileReference</string>
			<key>lastKnownFileType</key>
			<string>sourcecode.c.objc</string>
			<key>path</key>
			<string>../../Source/AIAppearancePreferencesPlugin.m</string>
			<key>sourceTree</key>
			<string>&lt;group&gt;</string>
		</dict>
		<key>C24A489BCE0859E6BD4FFC58</key>
		<dict>
			<key>isa</key>
			<string>PBXFileReference</string>
			<key>lastKnownFileType</key>
			<string>sourcecode.c.objc</string>
			<key>path</key>
			<string>../../UnitTests/TestAIAppearancePreferencesPluginObserverRemoval.m</string>
			<key>sourceTree</key>
			<string>&lt;group&gt;</string>
		</dict>
		<key>C0F06E57E8B453BF9B78DF14</key>
		<dict>
			<key>isa</key>
			<string>PBXFileReference</string>
			<key>lastKnownFileType</key>
			<string>sourcecode.c.objc</string>
			<key>path</key>
			<string>../../Source/AIAdvancedPreferencesPlugin.m</string>
			<key>sourceTree</key>
			<string>&lt;group&gt;</string>
		</dict>
		<key>4AED043EDCFF511389CA679E</key>
		<dict>
			<key>isa</key>
			<string>PBXFileReference</string>
			<key>lastKnownFileType</key>
			<string>sourcecode.c.objc</string>
			<key>path</key>
			<string>../../UnitTests/TestAIAdvancedPreferencesPluginUninstall.m</string>
			<key>sourceTree</key>
			<string>&lt;group&gt;</string>
		</dict>
		<key>21A36111E8F35789A5B2071D</key>
		<dict>
			<key>isa</key>
			<string>PBXFileReference</string>
			<key>lastKnownFileType</key>
			<string>sourcecode.c.objc</string>
			<key>path</key>
			<string>../../Source/ESAccountEvents.m</string>
			<key>sourceTree</key>
			<string>&lt;group&gt;</string>
		</dict>
		<key>8E1172C009BB553280C4700F</key>
		<dict>
			<key>isa</key>
			<string>PBXFileReference</string>
			<key>lastKnownFileType</key>
			<string>sourcecode.c.objc</string>
			<key>path</key>
			<string>../../UnitTests/TestESAccountEventsUnregister.m</string>
			<key>sourceTree</key>
			<string>&lt;group&gt;</string>
		</dict>
		<key>6D8E92F594B25CFE84829106</key>
		<dict>
			<key>isa</key>
			<string>PBXFileReference</string>
			<key>lastKnownFileType</key>
			<string>sourcecode.c.objc</string>
			<key>path</key>
			<string>../../Source/DCMessageContextDisplayPlugin.m</string>
			<key>sourceTree</key>
			<string>&lt;group&gt;</string>
		</dict>
		<key>FC69BADFFE3351AE85BC7B0E</key>
		<dict>
			<key>isa</key>
			<string>PBXFileReference</string>
			<key>lastKnownFileType</key>
			<string>sourcecode.c.objc</string>
			<key>path</key>
			<string>../../UnitTests/TestDCMessageContextDisplayPluginUninstall.m</string>
			<key>sourceTree</key>
			<string>&lt;group&gt;</string>
		</dict>
		<key>8700BBBF50765A71A3DAE0B5</key>
		<dict>
			<key>isa</key>
			<string>PBXFileReference</string>
			<key>lastKnownFileType</key>
			<string>sourcecode.c.objc</string>
			<key>path</key>
			<string>../../Frameworks/Adium/Source/AISortController.m</string>
			<key>sourceTree</key>
			<string>&lt;group&gt;</string>
		</dict>
		<key>F7DB2951EE3659EF9A8E9AFA</key>
		<dict>
			<key>isa</key>
			<string>PBXFileReference</string>
			<key>lastKnownFileType</key>
			<string>sourcecode.c.h</string>
			<key>path</key>
			<string>../../Frameworks/Adium/Source/AISortController.h</string>
			<key>sourceTree</key>
			<string>&lt;group&gt;</string>
		</dict>
		<key>30BDECB223FB5F2297526C2E</key>
		<dict>
			<key>isa</key>
			<string>PBXFileReference</string>
			<key>lastKnownFileType</key>
			<string>sourcecode.c.objc</string>
			<key>path</key>
			<string>../../UnitTests/TestAISortControllerUnregister.m</string>
			<key>sourceTree</key>
			<string>&lt;group&gt;</string>
		</dict>
		<key>0FBFDE469E62509E8B60415F</key>
		<dict>
			<key>isa</key>
			<string>PBXFileReference</string>
			<key>lastKnownFileType</key>
			<string>sourcecode.c.objc</string>
			<key>path</key>
			<string>../../Source/CBContactLastSeenPlugin.m</string>
			<key>sourceTree</key>
			<string>&lt;group&gt;</string>
		</dict>
		<key>DB039848AC185025913EEBC3</key>
		<dict>
			<key>isa</key>
			<string>PBXFileReference</string>
			<key>lastKnownFileType</key>
			<string>sourcecode.c.h</string>
			<key>path</key>
			<string>../../Source/CBContactLastSeenPlugin.h</string>
			<key>sourceTree</key>
			<string>&lt;group&gt;</string>
		</dict>
		<key>5996D4204BD2583A957724EF</key>
		<dict>
			<key>isa</key>
			<string>PBXFileReference</string>
			<key>lastKnownFileType</key>
			<string>sourcecode.c.objc</string>
			<key>path</key>
			<string>../../UnitTests/TestCBContactLastSeenPluginObserverRemoval.m</string>
			<key>sourceTree</key>
			<string>&lt;group&gt;</string>
		</dict>
		<key>E6D1820D31A5581E890433D6</key>
		<dict>
			<key>isa</key>
			<string>PBXFileReference</string>
			<key>lastKnownFileType</key>
			<string>sourcecode.c.objc</string>
			<key>path</key>
			<string>../../Plugins/Bonjour/libezv/Classes/EKEzvIncomingFileTransfer.m</string>
			<key>sourceTree</key>
			<string>&lt;group&gt;</string>
		</dict>
		<key>49DF2425868E5EF4BA08ECC6</key>
		<dict>
			<key>isa</key>
			<string>PBXFileReference</string>
			<key>lastKnownFileType</key>
			<string>sourcecode.c.h</string>
			<key>path</key>
			<string>../../Plugins/Bonjour/libezv/Classes/EKEzvIncomingFileTransfer.h</string>
			<key>sourceTree</key>
			<string>&lt;group&gt;</string>
		</dict>
		<key>21E41A7E8E7450C6997FB2DD</key>
		<dict>
			<key>isa</key>
			<string>PBXFileReference</string>
			<key>lastKnownFileType</key>
			<string>sourcecode.c.objc</string>
			<key>path</key>
			<string>../../Plugins/Bonjour/libezv/Classes/EKEzvFileTransfer.m</string>
			<key>sourceTree</key>
			<string>&lt;group&gt;</string>
		</dict>
		<key>EC87B07EF81F586A873A96FD</key>
		<dict>
			<key>isa</key>
			<string>PBXFileReference</string>
			<key>lastKnownFileType</key>
			<string>sourcecode.c.h</string>
			<key>path</key>
			<string>../../Plugins/Bonjour/libezv/Classes/EKEzvFileTransfer.h</string>
			<key>sourceTree</key>
			<string>&lt;group&gt;</string>
		</dict>
		<key>19CB2B45B4DD586482D53023</key>
		<dict>
			<key>isa</key>
			<string>PBXFileReference</string>
			<key>lastKnownFileType</key>
			<string>sourcecode.c.objc</string>
			<key>path</key>
			<string>../../UnitTests/TestEKEzvIncomingFileTransferDepthCap.m</string>
			<key>sourceTree</key>
			<string>&lt;group&gt;</string>
		</dict>
		<key>B5CEA695BDBA5D5680F46FFC</key>
		<dict>
			<key>isa</key>
			<string>PBXFileReference</string>
			<key>lastKnownFileType</key>
			<string>sourcecode.c.objc</string>
			<key>path</key>
			<string>../../Plugins/Bonjour/libezv/Private Classes/AWEzvXMLNode.m</string>
			<key>sourceTree</key>
			<string>&lt;group&gt;</string>
		</dict>
		<key>342D21E5C0A1572E9BD9431D</key>
		<dict>
			<key>isa</key>
			<string>PBXFileReference</string>
			<key>lastKnownFileType</key>
			<string>sourcecode.c.h</string>
			<key>path</key>
			<string>../../Plugins/Bonjour/libezv/Private Classes/AWEzvXMLNode.h</string>
			<key>sourceTree</key>
			<string>&lt;group&gt;</string>
		</dict>
		<key>9E84714987565776A7D1C305</key>
		<dict>
			<key>isa</key>
			<string>PBXFileReference</string>
			<key>lastKnownFileType</key>
			<string>sourcecode.c.objc</string>
			<key>path</key>
			<string>../../UnitTests/TestAWEzvXMLNodeSerializationDepth.m</string>
			<key>sourceTree</key>
			<string>&lt;group&gt;</string>
		</dict>
		<key>D5B8C85DF5835A609620AEED</key>
		<dict>
			<key>isa</key>
			<string>PBXFileReference</string>
			<key>lastKnownFileType</key>
			<string>sourcecode.c.objc</string>
			<key>path</key>
			<string>../../UnitTests/TestEKEzvIncomingFileTransferFolderCleanup.m</string>
			<key>sourceTree</key>
			<string>&lt;group&gt;</string>
		</dict>
		<key>854C51A205355BA9A3A18E78</key>
		<dict>
			<key>isa</key>
			<string>PBXFileReference</string>
			<key>lastKnownFileType</key>
			<string>sourcecode.c.objc</string>
			<key>path</key>
			<string>../../UnitTests/TestAWEzvXMLNodeSerializationProperties.m</string>
			<key>sourceTree</key>
			<string>&lt;group&gt;</string>
		</dict>
		<key>C8378009B9115010A43BCB2E</key>
		<dict>
			<key>isa</key>
			<string>PBXFileReference</string>
			<key>lastKnownFileType</key>
			<string>sourcecode.c.objc</string>
			<key>path</key>
			<string>../../Plugins/Bonjour/libezv/Classes/AWEzvContact.m</string>
			<key>sourceTree</key>
			<string>&lt;group&gt;</string>
		</dict>
		<key>9B61F77B613F5F35AFB4FC6E</key>
		<dict>
			<key>isa</key>
			<string>PBXFileReference</string>
			<key>lastKnownFileType</key>
			<string>sourcecode.c.h</string>
			<key>path</key>
			<string>../../Plugins/Bonjour/libezv/Classes/AWEzvContact.h</string>
			<key>sourceTree</key>
			<string>&lt;group&gt;</string>
		</dict>
		<key>6F112801594859A19A9F1168</key>
		<dict>
			<key>isa</key>
			<string>PBXFileReference</string>
			<key>lastKnownFileType</key>
			<string>sourcecode.c.objc</string>
			<key>path</key>
			<string>../../UnitTests/TestAWEzvContactSendEscaping.m</string>
			<key>sourceTree</key>
			<string>&lt;group&gt;</string>
		</dict>
		<key>F47DFFDC81D05BAE91FB4ED4</key>
		<dict>
			<key>isa</key>
			<string>PBXFileReference</string>
			<key>lastKnownFileType</key>
			<string>sourcecode.c.objc</string>
			<key>path</key>
			<string>../../Plugins/Bonjour/libezv/Private Classes/AWEzvXMLStream.m</string>
			<key>sourceTree</key>
			<string>&lt;group&gt;</string>
		</dict>
		<key>25252CC177A05033B1954ABD</key>
		<dict>
			<key>isa</key>
			<string>PBXFileReference</string>
			<key>lastKnownFileType</key>
			<string>sourcecode.c.h</string>
			<key>path</key>
			<string>../../Plugins/Bonjour/libezv/Private Classes/AWEzvXMLStream.h</string>
			<key>sourceTree</key>
			<string>&lt;group&gt;</string>
		</dict>
		<key>83463C60914650889440F0CA</key>
		<dict>
			<key>isa</key>
			<string>PBXFileReference</string>
			<key>lastKnownFileType</key>
			<string>sourcecode.c.objc</string>
			<key>path</key>
			<string>../../Plugins/Bonjour/libezv/Private Classes/AWEzvStack.m</string>
			<key>sourceTree</key>
			<string>&lt;group&gt;</string>
		</dict>
		<key>4A2D31CDB21256CABACA3314</key>
		<dict>
			<key>isa</key>
			<string>PBXFileReference</string>
			<key>lastKnownFileType</key>
			<string>sourcecode.c.h</string>
			<key>path</key>
			<string>../../Plugins/Bonjour/libezv/Private Classes/AWEzvStack.h</string>
			<key>sourceTree</key>
			<string>&lt;group&gt;</string>
		</dict>
		<key>AD22D7CF4EF851AF8556F63E</key>
		<dict>
			<key>isa</key>
			<string>PBXFileReference</string>
			<key>lastKnownFileType</key>
			<string>sourcecode.c.objc</string>
			<key>path</key>
			<string>../../Plugins/Bonjour/libezv/Other Sources/AWEzvSupportRoutines.m</string>
			<key>sourceTree</key>
			<string>&lt;group&gt;</string>
		</dict>
		<key>D1262B8826F455349DF6FF4B</key>
		<dict>
			<key>isa</key>
			<string>PBXFileReference</string>
			<key>lastKnownFileType</key>
			<string>sourcecode.c.h</string>
			<key>path</key>
			<string>../../Plugins/Bonjour/libezv/Other Sources/AWEzvSupportRoutines.h</string>
			<key>sourceTree</key>
			<string>&lt;group&gt;</string>
		</dict>
		<key>A89C14563FD95D9F9FEF7255</key>
		<dict>
			<key>isa</key>
			<string>PBXFileReference</string>
			<key>lastKnownFileType</key>
			<string>sourcecode.c.objc</string>
			<key>path</key>
			<string>../../UnitTests/TestAWEzvXMLStreamDepthCap.m</string>
			<key>sourceTree</key>
			<string>&lt;group&gt;</string>
		</dict>
		<key>C6A6341BBA9C59A6B9D7C8C2</key>
		<dict>
			<key>isa</key>
			<string>PBXFileReference</string>
			<key>lastKnownFileType</key>
			<string>sourcecode.c.objc</string>
			<key>path</key>
			<string>../../Plugins/Bonjour/libezv/Classes/EKEzvOutgoingFileTransfer.m</string>
			<key>sourceTree</key>
			<string>&lt;group&gt;</string>
		</dict>
		<key>0E69FB7F5D8A5C919AF56868</key>
		<dict>
			<key>isa</key>
			<string>PBXFileReference</string>
			<key>lastKnownFileType</key>
			<string>sourcecode.c.h</string>
			<key>path</key>
			<string>../../Plugins/Bonjour/libezv/Classes/EKEzvOutgoingFileTransfer.h</string>
			<key>sourceTree</key>
			<string>&lt;group&gt;</string>
		</dict>
		<key>524C5277586A59B8B8E8DE75</key>
		<dict>
			<key>isa</key>
			<string>PBXFileReference</string>
			<key>lastKnownFileType</key>
			<string>sourcecode.c.objc</string>
			<key>path</key>
			<string>../../UnitTests/TestEKEzvOutgoingFileTransferDepthCap.m</string>
			<key>sourceTree</key>
			<string>&lt;group&gt;</string>
		</dict>
		<key>4A9BCA8CC58856A9A8855834</key>
		<dict>
			<key>isa</key>
			<string>PBXFileReference</string>
			<key>lastKnownFileType</key>
			<string>sourcecode.c.objc</string>
			<key>path</key>
			<string>../../UnitTests/TestEKEzvOutgoingFileTransferUTF8Length.m</string>
			<key>sourceTree</key>
			<string>&lt;group&gt;</string>
		</dict>
		<key>34DF6CA0C04F5A75A99A709E</key>
		<dict>
			<key>isa</key>
			<string>PBXFileReference</string>
			<key>lastKnownFileType</key>
			<string>sourcecode.c.objc</string>
			<key>path</key>
			<string>../../UnitTests/HTTPServerStub.m</string>
			<key>sourceTree</key>
			<string>&lt;group&gt;</string>
		</dict>
		<key>88CB5E39F9955EDABCD178F2</key>
		<dict>
			<key>isa</key>
			<string>PBXFileReference</string>
			<key>lastKnownFileType</key>
			<string>sourcecode.c.objc</string>
			<key>path</key>
			<string>../../UnitTests/TestEKEzvIncomingFileTransferResponseGuard.m</string>
			<key>sourceTree</key>
			<string>&lt;group&gt;</string>
		</dict>
		<key>131B53350D945592B2320C7C</key>
		<dict>
			<key>isa</key>
			<string>PBXFileReference</string>
			<key>lastKnownFileType</key>
			<string>sourcecode.c.objc</string>
			<key>path</key>
			<string>../../Source/XtrasInstaller.m</string>
			<key>sourceTree</key>
			<string>&lt;group&gt;</string>
		</dict>
		<key>766FA3D15E445481A5874F5C</key>
		<dict>
			<key>isa</key>
			<string>PBXFileReference</string>
			<key>lastKnownFileType</key>
			<string>sourcecode.c.h</string>
			<key>path</key>
			<string>../../Source/XtrasInstaller.h</string>
			<key>sourceTree</key>
			<string>&lt;group&gt;</string>
		</dict>
		<key>CA6FB54B118D5A6F91F0A82E</key>
		<dict>
			<key>isa</key>
			<string>PBXFileReference</string>
			<key>lastKnownFileType</key>
			<string>sourcecode.c.objc</string>
			<key>path</key>
			<string>../../UnitTests/TestXtrasInstallerDownloadTruncation.m</string>
			<key>sourceTree</key>
			<string>&lt;group&gt;</string>
		</dict>
		<key>63BCF156941C5403B1C0D0AF</key>
		<dict>
			<key>isa</key>
			<string>PBXFileReference</string>
			<key>lastKnownFileType</key>
			<string>sourcecode.c.objc</string>
			<key>path</key>
			<string>../../UnitTests/TestEKEzvIncomingFileTransferTruncationAccounting.m</string>
			<key>sourceTree</key>
			<string>&lt;group&gt;</string>
		</dict>
		<key>1022C5BA94CA5D4BAB9B7B4F</key>
		<dict>
			<key>isa</key>
			<string>PBXFileReference</string>
			<key>lastKnownFileType</key>
			<string>sourcecode.c.objc</string>
			<key>path</key>
			<string>../../UnitTests/TestEKEzvIncomingFileTransferBaseURLGuard.m</string>
			<key>sourceTree</key>
			<string>&lt;group&gt;</string>
		</dict>
		<key>3E57FBD4EE1C5BABBC59F1F7</key>
		<dict>
			<key>isa</key>
			<string>PBXFileReference</string>
			<key>lastKnownFileType</key>
			<string>sourcecode.c.objc</string>
			<key>path</key>
			<string>../../Source/AIChatConsolidationPlugin.m</string>
			<key>sourceTree</key>
			<string>&lt;group&gt;</string>
		</dict>
		<key>CA87E761DB125D38A2EC8B82</key>
		<dict>
			<key>isa</key>
			<string>PBXFileReference</string>
			<key>lastKnownFileType</key>
			<string>sourcecode.c.objc</string>
			<key>path</key>
			<string>../../Source/AINewMessagePanelPlugin.m</string>
			<key>sourceTree</key>
			<string>&lt;group&gt;</string>
		</dict>
		<key>D13DFE89D4CD5B46BF4C1056</key>
		<dict>
			<key>isa</key>
			<string>PBXFileReference</string>
			<key>lastKnownFileType</key>
			<string>sourcecode.c.objc</string>
			<key>path</key>
			<string>../../Source/DCJoinChatPanelPlugin.m</string>
			<key>sourceTree</key>
			<string>&lt;group&gt;</string>
		</dict>
		<key>4EABC3D7625C512BB6619793</key>
		<dict>
			<key>isa</key>
			<string>PBXFileReference</string>
			<key>lastKnownFileType</key>
			<string>sourcecode.c.objc</string>
			<key>path</key>
			<string>../../Plugins/Invite to Chat Plugin/DCInviteToChatPlugin.m</string>
			<key>sourceTree</key>
			<string>&lt;group&gt;</string>
		</dict>
		<key>D8A739BC0FC156E8AC1B0A8F</key>
		<dict>
			<key>isa</key>
			<string>PBXFileReference</string>
			<key>lastKnownFileType</key>
			<string>sourcecode.c.objc</string>
			<key>path</key>
			<string>../../Source/ESStatusPreferencesPlugin.m</string>
			<key>sourceTree</key>
			<string>&lt;group&gt;</string>
		</dict>
		<key>26B1DF7ACC3A516FBC89D9A6</key>
		<dict>
			<key>isa</key>
			<string>PBXFileReference</string>
			<key>lastKnownFileType</key>
			<string>sourcecode.c.objc</string>
			<key>path</key>
			<string>../../Source/AIStateMenuPlugin.m</string>
			<key>sourceTree</key>
			<string>&lt;group&gt;</string>
		</dict>
		<key>7D74AE23F93959229F5381AE</key>
		<dict>
			<key>isa</key>
			<string>PBXFileReference</string>
			<key>lastKnownFileType</key>
			<string>sourcecode.c.objc</string>
			<key>path</key>
			<string>../../Source/AIContactIdlePlugin.m</string>
			<key>sourceTree</key>
			<string>&lt;group&gt;</string>
		</dict>
		<key>147EB995A8845A0F8C75B076</key>
		<dict>
			<key>isa</key>
			<string>PBXFileReference</string>
			<key>lastKnownFileType</key>
			<string>sourcecode.c.objc</string>
			<key>path</key>
			<string>../../Source/AIContactVisibilityControlPlugin.m</string>
			<key>sourceTree</key>
			<string>&lt;group&gt;</string>
		</dict>
		<key>D8888EB443CD5C5FB43D5E47</key>
		<dict>
			<key>isa</key>
			<string>PBXFileReference</string>
			<key>lastKnownFileType</key>
			<string>sourcecode.c.objc</string>
			<key>path</key>
			<string>../../UnitTests/TestMenuPluginUninstall.m</string>
			<key>sourceTree</key>
			<string>&lt;group&gt;</string>
		</dict>
		<key>2E6AA103A40452818E78948E</key>
		<dict>
			<key>isa</key>
			<string>PBXFileReference</string>
			<key>lastKnownFileType</key>
			<string>sourcecode.c.objc</string>
			<key>path</key>
			<string>../../UnitTests/TestAIStateMenuPluginUninstall.m</string>
			<key>sourceTree</key>
			<string>&lt;group&gt;</string>
		</dict>
		<key>289009956E08566FB3255E3B</key>
		<dict>
			<key>isa</key>
			<string>PBXFileReference</string>
			<key>lastKnownFileType</key>
			<string>sourcecode.c.objc</string>
			<key>path</key>
			<string>../../UnitTests/TestAIContactIdlePluginUninstall.m</string>
			<key>sourceTree</key>
			<string>&lt;group&gt;</string>
		</dict>
		<key>E690A34652BD53EC8A4B3A3E</key>
		<dict>
			<key>isa</key>
			<string>PBXFileReference</string>
			<key>lastKnownFileType</key>
			<string>sourcecode.c.objc</string>
			<key>path</key>
			<string>../../UnitTests/TestAIContactVisibilityControlPluginUninstall.m</string>
			<key>sourceTree</key>
			<string>&lt;group&gt;</string>
		</dict>
		<key>46FE1773C7365DF0B826EAA1</key>
		<dict>
			<key>isa</key>
			<string>PBXFileReference</string>
			<key>lastKnownFileType</key>
			<string>sourcecode.c.objc</string>
			<key>path</key>
			<string>../../Source/AIEventSoundsPlugin.m</string>
			<key>sourceTree</key>
			<string>&lt;group&gt;</string>
		</dict>
		<key>E58D9E42FB09518F816AB9AA</key>
		<dict>
			<key>isa</key>
			<string>PBXFileReference</string>
			<key>lastKnownFileType</key>
			<string>sourcecode.c.objc</string>
			<key>path</key>
			<string>../../Source/AIDockBehaviorPlugin.m</string>
			<key>sourceTree</key>
			<string>&lt;group&gt;</string>
		</dict>
		<key>E4E14D1A35FA5D6984B1C19E</key>
		<dict>
			<key>isa</key>
			<string>PBXFileReference</string>
			<key>lastKnownFileType</key>
			<string>sourcecode.c.objc</string>
			<key>path</key>
			<string>../../Source/ESAnnouncerPlugin.m</string>
			<key>sourceTree</key>
			<string>&lt;group&gt;</string>
		</dict>
		<key>FC8739F097F656F19E448454</key>
		<dict>
			<key>isa</key>
			<string>PBXFileReference</string>
			<key>lastKnownFileType</key>
			<string>sourcecode.c.objc</string>
			<key>path</key>
			<string>../../Source/ESApplescriptContactAlertPlugin.m</string>
			<key>sourceTree</key>
			<string>&lt;group&gt;</string>
		</dict>
		<key>DDF6B41D38CC58C5981CA0C8</key>
		<dict>
			<key>isa</key>
			<string>PBXFileReference</string>
			<key>lastKnownFileType</key>
			<string>sourcecode.c.objc</string>
			<key>path</key>
			<string>../../Source/SMContactListShowBehaviorPlugin.m</string>
			<key>sourceTree</key>
			<string>&lt;group&gt;</string>
		</dict>
		<key>FDF65DF597875FD9A656F4EC</key>
		<dict>
			<key>isa</key>
			<string>PBXFileReference</string>
			<key>lastKnownFileType</key>
			<string>sourcecode.c.objc</string>
			<key>path</key>
			<string>../../Source/NEHUserNotificationPlugin.m</string>
			<key>sourceTree</key>
			<string>&lt;group&gt;</string>
		</dict>
		<key>5ADB999B0370526182C54CF8</key>
		<dict>
			<key>isa</key>
			<string>PBXFileReference</string>
			<key>lastKnownFileType</key>
			<string>sourcecode.c.objc</string>
			<key>path</key>
			<string>../../Plugins/Do Nothing Contact Alert/AIDoNothingContactAlertPlugin.m</string>
			<key>sourceTree</key>
			<string>&lt;group&gt;</string>
		</dict>
		<key>081BCD26F58F5CE084CB7B03</key>
		<dict>
			<key>isa</key>
			<string>PBXFileReference</string>
			<key>lastKnownFileType</key>
			<string>sourcecode.c.objc</string>
			<key>path</key>
			<string>../../Plugins/Open Message Window Contact Alert/ESOpenMessageWindowContactAlertPlugin.m</string>
			<key>sourceTree</key>
			<string>&lt;group&gt;</string>
		</dict>
		<key>038146DCF49355D4AFB86828</key>
		<dict>
			<key>isa</key>
			<string>PBXFileReference</string>
			<key>lastKnownFileType</key>
			<string>sourcecode.c.objc</string>
			<key>path</key>
			<string>../../Plugins/Send Message Contact Alert/ESSendMessageContactAlertPlugin.m</string>
			<key>sourceTree</key>
			<string>&lt;group&gt;</string>
		</dict>
		<key>9B36C4518CB65AC28529826F</key>
		<dict>
			<key>isa</key>
			<string>PBXFileReference</string>
			<key>lastKnownFileType</key>
			<string>sourcecode.c.objc</string>
			<key>path</key>
			<string>../../Plugins/Dock Icon Badging/AIDockNameOverlay.m</string>
			<key>sourceTree</key>
			<string>&lt;group&gt;</string>
		</dict>
		<key>9183FB2F9F435239BE030EC8</key>
		<dict>
			<key>isa</key>
			<string>PBXFileReference</string>
			<key>lastKnownFileType</key>
			<string>sourcecode.c.objc</string>
			<key>path</key>
			<string>../../UnitTests/TestContactAlertPluginsUnregister.m</string>
			<key>sourceTree</key>
			<string>&lt;group&gt;</string>
		</dict>
		<key>443B227085D3538D8DECE03D</key>
		<dict>
			<key>isa</key>
			<string>PBXFileReference</string>
			<key>lastKnownFileType</key>
			<string>sourcecode.c.objc</string>
			<key>path</key>
			<string>../../Source/AIAccountMenuAccessPlugin.m</string>
			<key>sourceTree</key>
			<string>&lt;group&gt;</string>
		</dict>
		<key>1A61207E09135FAC81F6C2D7</key>
		<dict>
			<key>isa</key>
			<string>PBXFileReference</string>
			<key>lastKnownFileType</key>
			<string>sourcecode.c.objc</string>
			<key>path</key>
			<string>../../Source/AIXtrasManager.m</string>
			<key>sourceTree</key>
			<string>&lt;group&gt;</string>
		</dict>
		<key>48747DD0302758C4969DEE62</key>
		<dict>
			<key>isa</key>
			<string>PBXFileReference</string>
			<key>lastKnownFileType</key>
			<string>sourcecode.c.objc</string>
			<key>path</key>
			<string>../../Source/BGEmoticonMenuPlugin.m</string>
			<key>sourceTree</key>
			<string>&lt;group&gt;</string>
		</dict>
		<key>AC191F1284FC521A8E892F71</key>
		<dict>
			<key>isa</key>
			<string>PBXFileReference</string>
			<key>lastKnownFileType</key>
			<string>sourcecode.c.objc</string>
			<key>path</key>
			<string>../../UnitTests/TestAccountMenuAccessPluginUninstall.m</string>
			<key>sourceTree</key>
			<string>&lt;group&gt;</string>
		</dict>
		<key>0B8AEC30E00753AE8D28F635</key>
		<dict>
			<key>isa</key>
			<string>PBXFileReference</string>
			<key>lastKnownFileType</key>
			<string>sourcecode.c.objc</string>
			<key>path</key>
			<string>../../UnitTests/TestXtrasManagerUninstall.m</string>
			<key>sourceTree</key>
			<string>&lt;group&gt;</string>
		</dict>
		<key>BA08AC51987053F78B3A5849</key>
		<dict>
			<key>isa</key>
			<string>PBXFileReference</string>
			<key>lastKnownFileType</key>
			<string>sourcecode.c.objc</string>
			<key>path</key>
			<string>../../UnitTests/TestEmoticonMenuPluginUninstall.m</string>
			<key>sourceTree</key>
			<string>&lt;group&gt;</string>
		</dict>
		<key>D0B5A0FFB1E952EA8BFF24D1</key>
		<dict>
			<key>isa</key>
			<string>PBXFileReference</string>
			<key>lastKnownFileType</key>
			<string>sourcecode.c.objc</string>
			<key>path</key>
			<string>../../Plugins/Nudge and Buzz Handler/AINudgeBuzzHandlerPlugin.m</string>
			<key>sourceTree</key>
			<string>&lt;group&gt;</string>
		</dict>
		<key>A98111367C475ECC8B3E3BC6</key>
		<dict>
			<key>isa</key>
			<string>PBXFileReference</string>
			<key>lastKnownFileType</key>
			<string>sourcecode.c.objc</string>
			<key>path</key>
			<string>../../Plugins/General Preferences/ESGeneralPreferencesPlugin.m</string>
			<key>sourceTree</key>
			<string>&lt;group&gt;</string>
		</dict>
		<key>41F0CAF73370542EA825FCF7</key>
		<dict>
			<key>isa</key>
			<string>PBXFileReference</string>
			<key>lastKnownFileType</key>
			<string>sourcecode.c.objc</string>
			<key>path</key>
			<string>../../Source/AIMentionEventPlugin.m</string>
			<key>sourceTree</key>
			<string>&lt;group&gt;</string>
		</dict>
		<key>04E7C9E2D7935427B5D3088B</key>
		<dict>
			<key>isa</key>
			<string>PBXFileReference</string>
			<key>lastKnownFileType</key>
			<string>sourcecode.c.objc</string>
			<key>path</key>
			<string>../../Source/AIURLHandlerPlugin.m</string>
			<key>sourceTree</key>
			<string>&lt;group&gt;</string>
		</dict>
		<key>32A8ED4A111453A49CC515FA</key>
		<dict>
			<key>isa</key>
			<string>PBXFileReference</string>
			<key>lastKnownFileType</key>
			<string>sourcecode.c.objc</string>
			<key>path</key>
			<string>../../Source/AIAccountListPreferencesPlugin.m</string>
			<key>sourceTree</key>
			<string>&lt;group&gt;</string>
		</dict>
		<key>EE0EB79AE2315A25A1DB33CF</key>
		<dict>
			<key>isa</key>
			<string>PBXFileReference</string>
			<key>lastKnownFileType</key>
			<string>sourcecode.c.objc</string>
			<key>path</key>
			<string>../../Source/ESGlobalEventsPreferencesPlugin.m</string>
			<key>sourceTree</key>
			<string>&lt;group&gt;</string>
		</dict>
		<key>062D2F9BE8265EEDAF656C9D</key>
		<dict>
			<key>isa</key>
			<string>PBXFileReference</string>
			<key>lastKnownFileType</key>
			<string>sourcecode.c.objc</string>
			<key>path</key>
			<string>../../UnitTests/TestPluginTeardownVariantUninstall.m</string>
			<key>sourceTree</key>
			<string>&lt;group&gt;</string>
		</dict>
		<key>A4B0BA7C577C52939DDE0EB7</key>
		<dict>
			<key>isa</key>
			<string>PBXFileReference</string>
			<key>lastKnownFileType</key>
			<string>sourcecode.c.objc</string>
			<key>path</key>
			<string>../../Source/AIContactStatusEventsPlugin.m</string>
			<key>sourceTree</key>
			<string>&lt;group&gt;</string>
		</dict>
		<key>2D7E20C8000E544E8A748D34</key>
		<dict>
			<key>isa</key>
			<string>PBXFileReference</string>
			<key>lastKnownFileType</key>
			<string>sourcecode.c.objc</string>
			<key>path</key>
			<string>../../UnitTests/TestAIContactStatusEventsPluginUninstall.m</string>
			<key>sourceTree</key>
			<string>&lt;group&gt;</string>
		</dict>
		<key>A7B5D94AB6F25695A95D189B</key>
		<dict>
			<key>isa</key>
			<string>PBXFileReference</string>
			<key>lastKnownFileType</key>
			<string>sourcecode.c.objc</string>
			<key>path</key>
			<string>../../Plugins/Dual Window Interface/AIDualWindowInterfacePlugin.m</string>
			<key>sourceTree</key>
			<string>&lt;group&gt;</string>
		</dict>
		<key>596CAE5D0CC65CC88EA5626F</key>
		<dict>
			<key>isa</key>
			<string>PBXFileReference</string>
			<key>lastKnownFileType</key>
			<string>sourcecode.c.objc</string>
			<key>path</key>
			<string>../../UnitTests/TestAIDualWindowInterfacePluginUninstall.m</string>
			<key>sourceTree</key>
			<string>&lt;group&gt;</string>
		</dict>
		<key>04368451B6225267830FC59B</key>
		<dict>
			<key>isa</key>
			<string>PBXFileReference</string>
			<key>lastKnownFileType</key>
			<string>sourcecode.c.objc</string>
			<key>path</key>
			<string>../../Plugins/Bonjour/AWBonjourPlugin.m</string>
			<key>sourceTree</key>
			<string>&lt;group&gt;</string>
		</dict>
		<key>892D5ECE7B0C537F9FD5ED3C</key>
		<dict>
			<key>isa</key>
			<string>PBXFileReference</string>
			<key>lastKnownFileType</key>
			<string>sourcecode.c.objc</string>
			<key>path</key>
			<string>../../UnitTests/TestAWBonjourPluginUninstall.m</string>
			<key>sourceTree</key>
			<string>&lt;group&gt;</string>
		</dict>
		<key>34D3AC3099B35DE59A19F536</key>
		<dict>
			<key>isa</key>
			<string>PBXFileReference</string>
			<key>lastKnownFileType</key>
			<string>sourcecode.c.objc</string>
			<key>path</key>
			<string>../../Source/AdiumServices.m</string>
			<key>sourceTree</key>
			<string>&lt;group&gt;</string>
		</dict>
		<key>D680C17077525D4ABF8E4F1E</key>
		<dict>
			<key>isa</key>
			<string>PBXFileReference</string>
			<key>lastKnownFileType</key>
			<string>sourcecode.c.objc</string>
			<key>path</key>
			<string>../../UnitTests/TestAdiumServicesUnregister.m</string>
			<key>sourceTree</key>
			<string>&lt;group&gt;</string>
		</dict>
		<key>2D400BFD65D958AFB0723BA4</key>
		<dict>
			<key>isa</key>
			<string>PBXFileReference</string>
			<key>lastKnownFileType</key>
			<string>sourcecode.c.objc</string>
			<key>path</key>
			<string>../../Frameworks/Adium/Source/AIService.m</string>
			<key>sourceTree</key>
			<string>&lt;group&gt;</string>
		</dict>
		<key>929FA1DB55365A28B37FDD1A</key>
		<dict>
			<key>isa</key>
			<string>PBXFileReference</string>
			<key>lastKnownFileType</key>
			<string>sourcecode.c.objc</string>
			<key>path</key>
			<string>../../UnitTests/TestAIServiceUnregister.m</string>
			<key>sourceTree</key>
			<string>&lt;group&gt;</string>
		</dict>
		<key>2C1CD77B976E53EE82775801</key>
		<dict>
			<key>isa</key>
			<string>PBXFileReference</string>
			<key>lastKnownFileType</key>
			<string>sourcecode.c.objc</string>
			<key>path</key>
			<string>../../Source/AIStatusController.m</string>
			<key>sourceTree</key>
			<string>&lt;group&gt;</string>
		</dict>
		<key>B0E79B1E17095F39B38E3BB5</key>
		<dict>
			<key>isa</key>
			<string>PBXFileReference</string>
			<key>lastKnownFileType</key>
			<string>sourcecode.c.objc</string>
			<key>path</key>
			<string>../../UnitTests/TestAIStatusControllerRegisterGuard.m</string>
			<key>sourceTree</key>
			<string>&lt;group&gt;</string>
		</dict>
		<key>52DACF91E7D4557E93DC969E</key>
		<dict>
			<key>isa</key>
			<string>PBXFileReference</string>
			<key>lastKnownFileType</key>
			<string>sourcecode.c.objc</string>
			<key>path</key>
			<string>../../Source/ESContactAlertsController.m</string>
			<key>sourceTree</key>
			<string>&lt;group&gt;</string>
		</dict>
		<key>D912F3ED4B3754D8AE647AC3</key>
		<dict>
			<key>isa</key>
			<string>PBXFileReference</string>
			<key>lastKnownFileType</key>
			<string>sourcecode.c.objc</string>
			<key>path</key>
			<string>../../UnitTests/TestESContactAlertsControllerRegisterGuard.m</string>
			<key>sourceTree</key>
			<string>&lt;group&gt;</string>
		</dict>
		<key>F3A7C89B77B855E6B362597D</key>
		<dict>
			<key>isa</key>
			<string>PBXFileReference</string>
			<key>lastKnownFileType</key>
			<string>sourcecode.c.objc</string>
			<key>path</key>
			<string>../../Plugins/Purple Service/CBPurpleServicePlugin.m</string>
			<key>sourceTree</key>
			<string>&lt;group&gt;</string>
		</dict>
		<key>D75B29B2FB3B5D26A3C85C85</key>
		<dict>
			<key>isa</key>
			<string>PBXFileReference</string>
			<key>lastKnownFileType</key>
			<string>sourcecode.c.objc</string>
			<key>path</key>
			<string>../../UnitTests/TestCBPurpleServicePluginUninstall.m</string>
			<key>sourceTree</key>
			<string>&lt;group&gt;</string>
		</dict>
		<key>96EC8C9E6B855F85B77BD82E</key>
		<dict>
			<key>isa</key>
			<string>PBXFileReference</string>
			<key>lastKnownFileType</key>
			<string>sourcecode.c.objc</string>
			<key>path</key>
			<string>../../Source/AISCLViewPlugin.m</string>
			<key>sourceTree</key>
			<string>&lt;group&gt;</string>
		</dict>
		<key>9E5D7A92E7F5537CA1644C4D</key>
		<dict>
			<key>isa</key>
			<string>PBXFileReference</string>
			<key>lastKnownFileType</key>
			<string>sourcecode.c.objc</string>
			<key>path</key>
			<string>../../UnitTests/TestAISCLViewPluginUninstall.m</string>
			<key>sourceTree</key>
			<string>&lt;group&gt;</string>
		</dict>
		<key>1041C5FC221D577F8FF36681</key>
		<dict>
			<key>isa</key>
			<string>PBXFileReference</string>
			<key>lastKnownFileType</key>
			<string>wrapper.framework</string>
			<key>name</key>
			<string>XCTest.framework</string>
			<key>path</key>
			<string>/Library/Frameworks/XCTest.framework</string>
			<key>sourceTree</key>
			<string>&lt;absolute&gt;</string>
		</dict>
		<key>6714AF95175950268DD17885</key>
		<dict>
			<key>isa</key>
			<string>PBXFileReference</string>
			<key>lastKnownFileType</key>
			<string>wrapper.framework</string>
			<key>name</key>
			<string>AIUtilities.framework</string>
			<key>path</key>
			<string>../../build/DerivedData/Build/Products/Debug/AIUtilities.framework</string>
			<key>sourceTree</key>
			<string>SOURCE_ROOT</string>
		</dict>
		<key>256F31F2013B57CEA89550BA</key>
		<dict>
			<key>isa</key>
			<string>PBXFileReference</string>
			<key>lastKnownFileType</key>
			<string>wrapper.framework</string>
			<key>name</key>
			<string>Cocoa.framework</string>
			<key>path</key>
			<string>/System/Library/Frameworks/Cocoa.framework</string>
			<key>sourceTree</key>
			<string>&lt;absolute&gt;</string>
		</dict>
		<key>34031A49E79F5C30AE822C09</key>
		<dict>
			<key>isa</key>
			<string>PBXFileReference</string>
			<key>lastKnownFileType</key>
			<string>wrapper.framework</string>
			<key>name</key>
			<string>UserNotifications.framework</string>
			<key>path</key>
			<string>/System/Library/Frameworks/UserNotifications.framework</string>
			<key>sourceTree</key>
			<string>&lt;absolute&gt;</string>
		</dict>
		<key>6CC3FE6FB8375DC7AFE6D30F</key>
		<dict>
			<key>isa</key>
			<string>PBXFileReference</string>
			<key>lastKnownFileType</key>
			<string>wrapper.framework</string>
			<key>name</key>
			<string>UniformTypeIdentifiers.framework</string>
			<key>path</key>
			<string>/System/Library/Frameworks/UniformTypeIdentifiers.framework</string>
			<key>sourceTree</key>
			<string>&lt;absolute&gt;</string>
		</dict>
		<key>36C974F6CF2E5C95AA7FEF24</key>
		<dict>
			<key>isa</key>
			<string>PBXSourcesBuildPhase</string>
			<key>buildActionMask</key>
			<integer>2147483647</integer>
			<key>files</key>
			<array>
				<string>87B9F2EE25D65D329B8C3C85</string>
			</array>
			<key>runOnlyForDeploymentPostprocessing</key>
			<false/>
		</dict>
		<key>76278B5CD86B535C8931142E</key>
		<dict>
			<key>isa</key>
			<string>PBXFrameworksBuildPhase</string>
			<key>buildActionMask</key>
			<integer>2147483647</integer>
			<key>files</key>
			<array>
				<string>0ACE8C60D1405A44AF7C994F</string>
			</array>
			<key>runOnlyForDeploymentPostprocessing</key>
			<false/>
		</dict>
		<key>98E1047B4CA85AF8BB523D02</key>
		<dict>
			<key>isa</key>
			<string>PBXCopyFilesBuildPhase</string>
			<key>buildActionMask</key>
			<integer>2147483647</integer>
			<key>dstPath</key>
			<string></string>
			<key>dstSubfolderSpec</key>
			<integer>10</integer>
			<key>files</key>
			<array>
				<string>8794B57CAEE253EDA6868A10</string>
			</array>
			<key>name</key>
			<string>Copy Frameworks</string>
			<key>runOnlyForDeploymentPostprocessing</key>
			<false/>
		</dict>
		<key>E923CA57E5C65ED3B0EBC697</key>
		<dict>
			<key>isa</key>
			<string>PBXSourcesBuildPhase</string>
			<key>buildActionMask</key>
			<integer>2147483647</integer>
			<key>files</key>
			<array>
				<string>083800CF183D50E7918FC738</string>
				<string>5445D09F3AE5506694DC96B9</string>
				<string>E3E26DA4ED2E5C08A7D922E5</string>
				<string>7744FE2BBB9D5DCD965BB0ED</string>
				<string>9A1F2C63AE565070B78B37F8</string>
				<string>EDCA5412E0C855ABBBA5DE5B</string>
				<string>63CF7101459454DC9B17A792</string>
				<string>C34C5C77AA045BB187A0D5D2</string>
				<string>BBDF3D2AF8E251B295829A34</string>
				<string>C6C212D7BB2A5FDD9FED923E</string>
				<string>67E8FA945479508B9105C940</string>
				<string>EB163F766ED0504593AD037E</string>
				<string>343A9DA2869958E1932D4AD8</string>
				<string>D150D7A3FED1528195100F1D</string>
				<string>E3D07C8FF2C65821AE33CEFF</string>
				<string>E4073532B7C757BFAC09D4F8</string>
				<string>DA3683750CBB58CD9F0F58A8</string>
				<string>006A34CB7F085F53B63D5E20</string>
				<string>F9B5DA598FA550739EEA9095</string>
				<string>685C0DAE2B345829AC5C0017</string>
				<string>9E29CD88EF105F5FA4422CCC</string>
				<string>60B366C599FB5F53BD125805</string>
				<string>753F90F2AC815F37BE8A7DE3</string>
				<string>1741DDE23FA5534C98F26B04</string>
				<string>6EE65F7BB8BC55C2ADCB3FC9</string>
				<string>DCF75E3C87485F388A4FEC1D</string>
				<string>ADCFFAB9010550669CDA5811</string>
				<string>ACDA2E4E2329542EA43492FB</string>
				<string>963D436ED1CE566D8994E162</string>
				<string>DB575F80636F5301BADAB37F</string>
				<string>6393ED63D97A5091BA577D0F</string>
				<string>ABF5B93723D45B538879C9F5</string>
				<string>69F7DFD4AD02543F860CBEEA</string>
				<string>168768666A0F575681DDE9C3</string>
				<string>A7DBEFAB16675783B10AFD88</string>
				<string>8EF6D196DF5B5C6C83451C20</string>
				<string>1B8ED8AA54345C2892A84807</string>
				<string>A002615F894B5417993BAA5A</string>
				<string>12F24C87D5205FE18E959CF2</string>
				<string>C14DA150C3E85FD69C7261CA</string>
				<string>D6033BC96C0A5421A56D5070</string>
				<string>DEBC4A961227569C84EAF93F</string>
				<string>6B23A1609B395BEC8B519E08</string>
				<string>5E09FE984D98557BA779DBF2</string>
				<string>A1CB5BDBB69D5ED98AADB7F7</string>
				<string>92BBECC9C79152BC9B8FBD29</string>
				<string>B7ACC6EDC5005FE18E0966C1</string>
				<string>4C8B131082355562B50307E8</string>
				<string>472C52FE65E354648564DB10</string>
				<string>12E85110DACB5535B7A82BA9</string>
				<string>9C96FD69BC2058529589C0DF</string>
				<string>38574E407D7A5F9783DCC0D9</string>
				<string>AC47A308A0E2568E937161BE</string>
				<string>78DD20B65428590BA8561200</string>
				<string>95D837EC8A7750B7AFBA2408</string>
				<string>7467FAC443505A5A81DD7E15</string>
				<string>09486639C3135A019E8E251D</string>
				<string>4210B04D02AB5BA49AC529D5</string>
				<string>740BCB5C9EE856968EC5CC60</string>
				<string>5394BB2A11D95607B1AE6F02</string>
				<string>C867703D5EB6575F8C216703</string>
				<string>27DA83BB2C9B500F987E550E</string>
				<string>5F2359C731FA50C099885455</string>
				<string>4B707697104259ECB6D256A8</string>
				<string>D09334CF9D295756862B1750</string>
				<string>88BF68BC3DC2597B89D53F64</string>
				<string>0054C876E0325875B6AF40DF</string>
				<string>E55D8518441B55B7A0603A89</string>
				<string>49470A3551D25CA2AF801102</string>
				<string>56A614FB0D405D66BDFFD5EB</string>
				<string>DB7338975F575609AAA6B336</string>
				<string>9F1D1907118658F3A9837D57</string>
				<string>BFAF9F6A41515BB2B58FDA75</string>
				<string>822E383EEA9D5B38BEE37D8E</string>
				<string>1C08991AE0C95C0B9B5E398F</string>
				<string>901C542973D95DBD91AD5327</string>
				<string>0E2D9CF0DF64521F91B756EC</string>
				<string>35E0EA8B85DD5A5380D6E81A</string>
				<string>A8A411177BC35427854D1D00</string>
				<string>A2A136D4104655A3BD9B6F27</string>
				<string>52899342409053E6959F0439</string>
				<string>B0A5592707305B99B39D57F4</string>
				<string>83A6F8D93FEA5C8B91F661DF</string>
				<string>5F74D6600AB958AEAAC51460</string>
				<string>D598920B53885D4FB7956D12</string>
				<string>6DD852E3D4435EC0BCEED6B9</string>
				<string>72FC9A6979D951E48B8C29E3</string>
				<string>CB9FB7CA43565E93AF390AA6</string>
				<string>FA88776A10A9560DA4BA8DF7</string>
				<string>06E8BBF925D55907AC1F9342</string>
				<string>787E93AB3C59551EB73C4BE4</string>
				<string>6908AAD7C1F65423B2040538</string>
				<string>6D49D10A5D2654A083E41A28</string>
				<string>AD4FA203946A53629B45A4D8</string>
				<string>27B646E707A751FAB0C712FD</string>
				<string>B85F5C7F4C715404A2987435</string>
				<string>9135E8837FF0563788B41FBD</string>
				<string>5F9D1EE0F77B5743A1B0BE35</string>
				<string>F0DF952AB45E5FE3A78E96EA</string>
				<string>F9A6D0FD01DF5B9EBC4B4240</string>
				<string>B83DCB7DE19E5CB0A69F43D2</string>
				<string>A68EA9696AB95F7AA1BEA7D5</string>
				<string>C311239E73CC5141BB965BAD</string>
				<string>089310D491BD5C0585435C12</string>
				<string>535A8FC9E96C5A508615C3E7</string>
			</array>
			<key>runOnlyForDeploymentPostprocessing</key>
			<false/>
		</dict>
		<key>BE76EAEA41AB5BCC9FF1254F</key>
		<dict>
			<key>isa</key>
			<string>PBXFrameworksBuildPhase</string>
			<key>buildActionMask</key>
			<integer>2147483647</integer>
			<key>files</key>
			<array>
				<string>63735AA1A02E5BA7AA214D5B</string>
				<string>A069B7FA0A2C5A61BE53C9C3</string>
				<string>0ACE8C60D1405A44AF7C994F</string>
				<string>D1922B0BDA615AD2ABDAA1EA</string>
				<string>950446663C86514DAA609D03</string>
			</array>
			<key>runOnlyForDeploymentPostprocessing</key>
			<false/>
		</dict>
		<key>87B9F2EE25D65D329B8C3C85</key>
		<dict>
			<key>isa</key>
			<string>PBXBuildFile</string>
			<key>fileRef</key>
			<string>EBBA7C4B1F555AF6977D4565</string>
		</dict>
		<key>083800CF183D50E7918FC738</key>
		<dict>
			<key>isa</key>
			<string>PBXBuildFile</string>
			<key>fileRef</key>
			<string>13B01A69A6A0549FA7B43273</string>
		</dict>
		<key>63735AA1A02E5BA7AA214D5B</key>
		<dict>
			<key>isa</key>
			<string>PBXBuildFile</string>
			<key>fileRef</key>
			<string>1041C5FC221D577F8FF36681</string>
		</dict>
		<key>A069B7FA0A2C5A61BE53C9C3</key>
		<dict>
			<key>isa</key>
			<string>PBXBuildFile</string>
			<key>fileRef</key>
			<string>6714AF95175950268DD17885</string>
		</dict>
		<key>0ACE8C60D1405A44AF7C994F</key>
		<dict>
			<key>isa</key>
			<string>PBXBuildFile</string>
			<key>fileRef</key>
			<string>256F31F2013B57CEA89550BA</string>
		</dict>
		<key>5445D09F3AE5506694DC96B9</key>
		<dict>
			<key>isa</key>
			<string>PBXBuildFile</string>
			<key>fileRef</key>
			<string>0C7FEECB9D1254CF99DA83CE</string>
		</dict>
		<key>E3E26DA4ED2E5C08A7D922E5</key>
		<dict>
			<key>isa</key>
			<string>PBXBuildFile</string>
			<key>fileRef</key>
			<string>5C2B920BC2F659A8858BD448</string>
		</dict>
		<key>9A1F2C63AE565070B78B37F8</key>
		<dict>
			<key>isa</key>
			<string>PBXBuildFile</string>
			<key>fileRef</key>
			<string>F09A95CC0FCF5A08A87719ED</string>
		</dict>
		<key>7744FE2BBB9D5DCD965BB0ED</key>
		<dict>
			<key>isa</key>
			<string>PBXBuildFile</string>
			<key>fileRef</key>
			<string>A82194F603F151638876A670</string>
		</dict>
		<key>EDCA5412E0C855ABBBA5DE5B</key>
		<dict>
			<key>isa</key>
			<string>PBXBuildFile</string>
			<key>fileRef</key>
			<string>F9B767DA118E55B7B08F966E</string>
		</dict>
		<key>63CF7101459454DC9B17A792</key>
		<dict>
			<key>isa</key>
			<string>PBXBuildFile</string>
			<key>fileRef</key>
			<string>374C7B6633CB56D2AED136F0</string>
		</dict>
		<key>C34C5C77AA045BB187A0D5D2</key>
		<dict>
			<key>isa</key>
			<string>PBXBuildFile</string>
			<key>fileRef</key>
			<string>F11E4875E42F52059DE10368</string>
		</dict>
		<key>BBDF3D2AF8E251B295829A34</key>
		<dict>
			<key>isa</key>
			<string>PBXBuildFile</string>
			<key>fileRef</key>
			<string>83B9A2D6B3F8593AA7E2005E</string>
		</dict>
		<key>C6C212D7BB2A5FDD9FED923E</key>
		<dict>
			<key>isa</key>
			<string>PBXBuildFile</string>
			<key>fileRef</key>
			<string>4F60F1619C48579CBC55A54C</string>
		</dict>
		<key>67E8FA945479508B9105C940</key>
		<dict>
			<key>isa</key>
			<string>PBXBuildFile</string>
			<key>fileRef</key>
			<string>BFD854DF38F65E7C9A72C2AA</string>
		</dict>
		<key>EB163F766ED0504593AD037E</key>
		<dict>
			<key>isa</key>
			<string>PBXBuildFile</string>
			<key>fileRef</key>
			<string>93F002D72B045A7EA005441E</string>
		</dict>
		<key>343A9DA2869958E1932D4AD8</key>
		<dict>
			<key>isa</key>
			<string>PBXBuildFile</string>
			<key>fileRef</key>
			<string>345954E83E955237A7D1A2F1</string>
		</dict>
		<key>D150D7A3FED1528195100F1D</key>
		<dict>
			<key>isa</key>
			<string>PBXBuildFile</string>
			<key>fileRef</key>
			<string>E8960DF283435EF18A3E45F8</string>
		</dict>
		<key>E3D07C8FF2C65821AE33CEFF</key>
		<dict>
			<key>isa</key>
			<string>PBXBuildFile</string>
			<key>fileRef</key>
			<string>FBB6675CC21D5B5EB568A833</string>
		</dict>
		<key>E4073532B7C757BFAC09D4F8</key>
		<dict>
			<key>isa</key>
			<string>PBXBuildFile</string>
			<key>fileRef</key>
			<string>CD9B78FA08B05AC99DFBFFF3</string>
		</dict>
		<key>DA3683750CBB58CD9F0F58A8</key>
		<dict>
			<key>isa</key>
			<string>PBXBuildFile</string>
			<key>fileRef</key>
			<string>AF31580B05F1587DBB83AE9D</string>
		</dict>
		<key>006A34CB7F085F53B63D5E20</key>
		<dict>
			<key>isa</key>
			<string>PBXBuildFile</string>
			<key>fileRef</key>
			<string>AC783376C5A7503A9FEC3B26</string>
		</dict>
		<key>F9B5DA598FA550739EEA9095</key>
		<dict>
			<key>isa</key>
			<string>PBXBuildFile</string>
			<key>fileRef</key>
			<string>C24A489BCE0859E6BD4FFC58</string>
		</dict>
		<key>685C0DAE2B345829AC5C0017</key>
		<dict>
			<key>isa</key>
			<string>PBXBuildFile</string>
			<key>fileRef</key>
			<string>C0F06E57E8B453BF9B78DF14</string>
		</dict>
		<key>9E29CD88EF105F5FA4422CCC</key>
		<dict>
			<key>isa</key>
			<string>PBXBuildFile</string>
			<key>fileRef</key>
			<string>4AED043EDCFF511389CA679E</string>
		</dict>
		<key>60B366C599FB5F53BD125805</key>
		<dict>
			<key>isa</key>
			<string>PBXBuildFile</string>
			<key>fileRef</key>
			<string>21A36111E8F35789A5B2071D</string>
		</dict>
		<key>753F90F2AC815F37BE8A7DE3</key>
		<dict>
			<key>isa</key>
			<string>PBXBuildFile</string>
			<key>fileRef</key>
			<string>8E1172C009BB553280C4700F</string>
		</dict>
		<key>1741DDE23FA5534C98F26B04</key>
		<dict>
			<key>isa</key>
			<string>PBXBuildFile</string>
			<key>fileRef</key>
			<string>6D8E92F594B25CFE84829106</string>
		</dict>
		<key>6EE65F7BB8BC55C2ADCB3FC9</key>
		<dict>
			<key>isa</key>
			<string>PBXBuildFile</string>
			<key>fileRef</key>
			<string>FC69BADFFE3351AE85BC7B0E</string>
		</dict>
		<key>DCF75E3C87485F388A4FEC1D</key>
		<dict>
			<key>isa</key>
			<string>PBXBuildFile</string>
			<key>fileRef</key>
			<string>8700BBBF50765A71A3DAE0B5</string>
		</dict>
		<key>ADCFFAB9010550669CDA5811</key>
		<dict>
			<key>isa</key>
			<string>PBXBuildFile</string>
			<key>fileRef</key>
			<string>30BDECB223FB5F2297526C2E</string>
		</dict>
		<key>ACDA2E4E2329542EA43492FB</key>
		<dict>
			<key>isa</key>
			<string>PBXBuildFile</string>
			<key>fileRef</key>
			<string>0FBFDE469E62509E8B60415F</string>
		</dict>
		<key>963D436ED1CE566D8994E162</key>
		<dict>
			<key>isa</key>
			<string>PBXBuildFile</string>
			<key>fileRef</key>
			<string>5996D4204BD2583A957724EF</string>
		</dict>
		<key>DB575F80636F5301BADAB37F</key>
		<dict>
			<key>isa</key>
			<string>PBXBuildFile</string>
			<key>fileRef</key>
			<string>E6D1820D31A5581E890433D6</string>
		</dict>
		<key>6393ED63D97A5091BA577D0F</key>
		<dict>
			<key>isa</key>
			<string>PBXBuildFile</string>
			<key>fileRef</key>
			<string>21E41A7E8E7450C6997FB2DD</string>
		</dict>
		<key>ABF5B93723D45B538879C9F5</key>
		<dict>
			<key>isa</key>
			<string>PBXBuildFile</string>
			<key>fileRef</key>
			<string>19CB2B45B4DD586482D53023</string>
		</dict>
		<key>69F7DFD4AD02543F860CBEEA</key>
		<dict>
			<key>isa</key>
			<string>PBXBuildFile</string>
			<key>fileRef</key>
			<string>B5CEA695BDBA5D5680F46FFC</string>
		</dict>
		<key>168768666A0F575681DDE9C3</key>
		<dict>
			<key>isa</key>
			<string>PBXBuildFile</string>
			<key>fileRef</key>
			<string>9E84714987565776A7D1C305</string>
		</dict>
		<key>A7DBEFAB16675783B10AFD88</key>
		<dict>
			<key>isa</key>
			<string>PBXBuildFile</string>
			<key>fileRef</key>
			<string>D5B8C85DF5835A609620AEED</string>
		</dict>
		<key>8EF6D196DF5B5C6C83451C20</key>
		<dict>
			<key>isa</key>
			<string>PBXBuildFile</string>
			<key>fileRef</key>
			<string>854C51A205355BA9A3A18E78</string>
		</dict>
		<key>1B8ED8AA54345C2892A84807</key>
		<dict>
			<key>isa</key>
			<string>PBXBuildFile</string>
			<key>fileRef</key>
			<string>C8378009B9115010A43BCB2E</string>
		</dict>
		<key>A002615F894B5417993BAA5A</key>
		<dict>
			<key>isa</key>
			<string>PBXBuildFile</string>
			<key>fileRef</key>
			<string>6F112801594859A19A9F1168</string>
		</dict>
		<key>12F24C87D5205FE18E959CF2</key>
		<dict>
			<key>isa</key>
			<string>PBXBuildFile</string>
			<key>fileRef</key>
			<string>C6A6341BBA9C59A6B9D7C8C2</string>
		</dict>
		<key>C14DA150C3E85FD69C7261CA</key>
		<dict>
			<key>isa</key>
			<string>PBXBuildFile</string>
			<key>fileRef</key>
			<string>524C5277586A59B8B8E8DE75</string>
		</dict>
		<key>D6033BC96C0A5421A56D5070</key>
		<dict>
			<key>isa</key>
			<string>PBXBuildFile</string>
			<key>fileRef</key>
			<string>4A9BCA8CC58856A9A8855834</string>
		</dict>
		<key>DEBC4A961227569C84EAF93F</key>
		<dict>
			<key>isa</key>
			<string>PBXBuildFile</string>
			<key>fileRef</key>
			<string>34DF6CA0C04F5A75A99A709E</string>
		</dict>
		<key>6B23A1609B395BEC8B519E08</key>
		<dict>
			<key>isa</key>
			<string>PBXBuildFile</string>
			<key>fileRef</key>
			<string>88CB5E39F9955EDABCD178F2</string>
		</dict>
		<key>4C8B131082355562B50307E8</key>
		<dict>
			<key>isa</key>
			<string>PBXBuildFile</string>
			<key>fileRef</key>
			<string>131B53350D945592B2320C7C</string>
		</dict>
		<key>472C52FE65E354648564DB10</key>
		<dict>
			<key>isa</key>
			<string>PBXBuildFile</string>
			<key>fileRef</key>
			<string>CA6FB54B118D5A6F91F0A82E</string>
		</dict>
		<key>12E85110DACB5535B7A82BA9</key>
		<dict>
			<key>isa</key>
			<string>PBXBuildFile</string>
			<key>fileRef</key>
			<string>63BCF156941C5403B1C0D0AF</string>
		</dict>
		<key>9C96FD69BC2058529589C0DF</key>
		<dict>
			<key>isa</key>
			<string>PBXBuildFile</string>
			<key>fileRef</key>
			<string>1022C5BA94CA5D4BAB9B7B4F</string>
		</dict>
		<key>5E09FE984D98557BA779DBF2</key>
		<dict>
			<key>isa</key>
			<string>PBXBuildFile</string>
			<key>fileRef</key>
			<string>F47DFFDC81D05BAE91FB4ED4</string>
		</dict>
		<key>A1CB5BDBB69D5ED98AADB7F7</key>
		<dict>
			<key>isa</key>
			<string>PBXBuildFile</string>
			<key>fileRef</key>
			<string>83463C60914650889440F0CA</string>
		</dict>
		<key>92BBECC9C79152BC9B8FBD29</key>
		<dict>
			<key>isa</key>
			<string>PBXBuildFile</string>
			<key>fileRef</key>
			<string>AD22D7CF4EF851AF8556F63E</string>
		</dict>
		<key>B7ACC6EDC5005FE18E0966C1</key>
		<dict>
			<key>isa</key>
			<string>PBXBuildFile</string>
			<key>fileRef</key>
			<string>A89C14563FD95D9F9FEF7255</string>
		</dict>
		<key>38574E407D7A5F9783DCC0D9</key>
		<dict>
			<key>isa</key>
			<string>PBXBuildFile</string>
			<key>fileRef</key>
			<string>3E57FBD4EE1C5BABBC59F1F7</string>
		</dict>
		<key>AC47A308A0E2568E937161BE</key>
		<dict>
			<key>isa</key>
			<string>PBXBuildFile</string>
			<key>fileRef</key>
			<string>CA87E761DB125D38A2EC8B82</string>
		</dict>
		<key>78DD20B65428590BA8561200</key>
		<dict>
			<key>isa</key>
			<string>PBXBuildFile</string>
			<key>fileRef</key>
			<string>D13DFE89D4CD5B46BF4C1056</string>
		</dict>
		<key>95D837EC8A7750B7AFBA2408</key>
		<dict>
			<key>isa</key>
			<string>PBXBuildFile</string>
			<key>fileRef</key>
			<string>4EABC3D7625C512BB6619793</string>
		</dict>
		<key>7467FAC443505A5A81DD7E15</key>
		<dict>
			<key>isa</key>
			<string>PBXBuildFile</string>
			<key>fileRef</key>
			<string>D8A739BC0FC156E8AC1B0A8F</string>
		</dict>
		<key>09486639C3135A019E8E251D</key>
		<dict>
			<key>isa</key>
			<string>PBXBuildFile</string>
			<key>fileRef</key>
			<string>26B1DF7ACC3A516FBC89D9A6</string>
		</dict>
		<key>4210B04D02AB5BA49AC529D5</key>
		<dict>
			<key>isa</key>
			<string>PBXBuildFile</string>
			<key>fileRef</key>
			<string>7D74AE23F93959229F5381AE</string>
		</dict>
		<key>740BCB5C9EE856968EC5CC60</key>
		<dict>
			<key>isa</key>
			<string>PBXBuildFile</string>
			<key>fileRef</key>
			<string>147EB995A8845A0F8C75B076</string>
		</dict>
		<key>5394BB2A11D95607B1AE6F02</key>
		<dict>
			<key>isa</key>
			<string>PBXBuildFile</string>
			<key>fileRef</key>
			<string>D8888EB443CD5C5FB43D5E47</string>
		</dict>
		<key>C867703D5EB6575F8C216703</key>
		<dict>
			<key>isa</key>
			<string>PBXBuildFile</string>
			<key>fileRef</key>
			<string>2E6AA103A40452818E78948E</string>
		</dict>
		<key>27DA83BB2C9B500F987E550E</key>
		<dict>
			<key>isa</key>
			<string>PBXBuildFile</string>
			<key>fileRef</key>
			<string>289009956E08566FB3255E3B</string>
		</dict>
		<key>5F2359C731FA50C099885455</key>
		<dict>
			<key>isa</key>
			<string>PBXBuildFile</string>
			<key>fileRef</key>
			<string>E690A34652BD53EC8A4B3A3E</string>
		</dict>
		<key>4B707697104259ECB6D256A8</key>
		<dict>
			<key>isa</key>
			<string>PBXBuildFile</string>
			<key>fileRef</key>
			<string>46FE1773C7365DF0B826EAA1</string>
		</dict>
		<key>D09334CF9D295756862B1750</key>
		<dict>
			<key>isa</key>
			<string>PBXBuildFile</string>
			<key>fileRef</key>
			<string>E58D9E42FB09518F816AB9AA</string>
		</dict>
		<key>88BF68BC3DC2597B89D53F64</key>
		<dict>
			<key>isa</key>
			<string>PBXBuildFile</string>
			<key>fileRef</key>
			<string>E4E14D1A35FA5D6984B1C19E</string>
		</dict>
		<key>0054C876E0325875B6AF40DF</key>
		<dict>
			<key>isa</key>
			<string>PBXBuildFile</string>
			<key>fileRef</key>
			<string>FC8739F097F656F19E448454</string>
		</dict>
		<key>E55D8518441B55B7A0603A89</key>
		<dict>
			<key>isa</key>
			<string>PBXBuildFile</string>
			<key>fileRef</key>
			<string>DDF6B41D38CC58C5981CA0C8</string>
		</dict>
		<key>49470A3551D25CA2AF801102</key>
		<dict>
			<key>isa</key>
			<string>PBXBuildFile</string>
			<key>fileRef</key>
			<string>FDF65DF597875FD9A656F4EC</string>
		</dict>
		<key>56A614FB0D405D66BDFFD5EB</key>
		<dict>
			<key>isa</key>
			<string>PBXBuildFile</string>
			<key>fileRef</key>
			<string>5ADB999B0370526182C54CF8</string>
		</dict>
		<key>DB7338975F575609AAA6B336</key>
		<dict>
			<key>isa</key>
			<string>PBXBuildFile</string>
			<key>fileRef</key>
			<string>081BCD26F58F5CE084CB7B03</string>
		</dict>
		<key>9F1D1907118658F3A9837D57</key>
		<dict>
			<key>isa</key>
			<string>PBXBuildFile</string>
			<key>fileRef</key>
			<string>038146DCF49355D4AFB86828</string>
		</dict>
		<key>BFAF9F6A41515BB2B58FDA75</key>
		<dict>
			<key>isa</key>
			<string>PBXBuildFile</string>
			<key>fileRef</key>
			<string>9B36C4518CB65AC28529826F</string>
		</dict>
		<key>822E383EEA9D5B38BEE37D8E</key>
		<dict>
			<key>isa</key>
			<string>PBXBuildFile</string>
			<key>fileRef</key>
			<string>9183FB2F9F435239BE030EC8</string>
		</dict>
		<key>1C08991AE0C95C0B9B5E398F</key>
		<dict>
			<key>isa</key>
			<string>PBXBuildFile</string>
			<key>fileRef</key>
			<string>443B227085D3538D8DECE03D</string>
		</dict>
		<key>901C542973D95DBD91AD5327</key>
		<dict>
			<key>isa</key>
			<string>PBXBuildFile</string>
			<key>fileRef</key>
			<string>1A61207E09135FAC81F6C2D7</string>
		</dict>
		<key>0E2D9CF0DF64521F91B756EC</key>
		<dict>
			<key>isa</key>
			<string>PBXBuildFile</string>
			<key>fileRef</key>
			<string>48747DD0302758C4969DEE62</string>
		</dict>
		<key>35E0EA8B85DD5A5380D6E81A</key>
		<dict>
			<key>isa</key>
			<string>PBXBuildFile</string>
			<key>fileRef</key>
			<string>AC191F1284FC521A8E892F71</string>
		</dict>
		<key>A8A411177BC35427854D1D00</key>
		<dict>
			<key>isa</key>
			<string>PBXBuildFile</string>
			<key>fileRef</key>
			<string>0B8AEC30E00753AE8D28F635</string>
		</dict>
		<key>A2A136D4104655A3BD9B6F27</key>
		<dict>
			<key>isa</key>
			<string>PBXBuildFile</string>
			<key>fileRef</key>
			<string>BA08AC51987053F78B3A5849</string>
		</dict>
		<key>52899342409053E6959F0439</key>
		<dict>
			<key>isa</key>
			<string>PBXBuildFile</string>
			<key>fileRef</key>
			<string>D0B5A0FFB1E952EA8BFF24D1</string>
		</dict>
		<key>B0A5592707305B99B39D57F4</key>
		<dict>
			<key>isa</key>
			<string>PBXBuildFile</string>
			<key>fileRef</key>
			<string>A98111367C475ECC8B3E3BC6</string>
		</dict>
		<key>83A6F8D93FEA5C8B91F661DF</key>
		<dict>
			<key>isa</key>
			<string>PBXBuildFile</string>
			<key>fileRef</key>
			<string>41F0CAF73370542EA825FCF7</string>
		</dict>
		<key>5F74D6600AB958AEAAC51460</key>
		<dict>
			<key>isa</key>
			<string>PBXBuildFile</string>
			<key>fileRef</key>
			<string>04E7C9E2D7935427B5D3088B</string>
		</dict>
		<key>D598920B53885D4FB7956D12</key>
		<dict>
			<key>isa</key>
			<string>PBXBuildFile</string>
			<key>fileRef</key>
			<string>32A8ED4A111453A49CC515FA</string>
		</dict>
		<key>6DD852E3D4435EC0BCEED6B9</key>
		<dict>
			<key>isa</key>
			<string>PBXBuildFile</string>
			<key>fileRef</key>
			<string>EE0EB79AE2315A25A1DB33CF</string>
		</dict>
		<key>72FC9A6979D951E48B8C29E3</key>
		<dict>
			<key>isa</key>
			<string>PBXBuildFile</string>
			<key>fileRef</key>
			<string>062D2F9BE8265EEDAF656C9D</string>
		</dict>
		<key>CB9FB7CA43565E93AF390AA6</key>
		<dict>
			<key>isa</key>
			<string>PBXBuildFile</string>
			<key>fileRef</key>
			<string>A4B0BA7C577C52939DDE0EB7</string>
		</dict>
		<key>FA88776A10A9560DA4BA8DF7</key>
		<dict>
			<key>isa</key>
			<string>PBXBuildFile</string>
			<key>fileRef</key>
			<string>2D7E20C8000E544E8A748D34</string>
		</dict>
		<key>06E8BBF925D55907AC1F9342</key>
		<dict>
			<key>isa</key>
			<string>PBXBuildFile</string>
			<key>fileRef</key>
			<string>A7B5D94AB6F25695A95D189B</string>
		</dict>
		<key>787E93AB3C59551EB73C4BE4</key>
		<dict>
			<key>isa</key>
			<string>PBXBuildFile</string>
			<key>fileRef</key>
			<string>596CAE5D0CC65CC88EA5626F</string>
		</dict>
		<key>6908AAD7C1F65423B2040538</key>
		<dict>
			<key>isa</key>
			<string>PBXBuildFile</string>
			<key>fileRef</key>
			<string>04368451B6225267830FC59B</string>
		</dict>
		<key>6D49D10A5D2654A083E41A28</key>
		<dict>
			<key>isa</key>
			<string>PBXBuildFile</string>
			<key>fileRef</key>
			<string>892D5ECE7B0C537F9FD5ED3C</string>
		</dict>
		<key>AD4FA203946A53629B45A4D8</key>
		<dict>
			<key>isa</key>
			<string>PBXBuildFile</string>
			<key>fileRef</key>
			<string>34D3AC3099B35DE59A19F536</string>
		</dict>
		<key>27B646E707A751FAB0C712FD</key>
		<dict>
			<key>isa</key>
			<string>PBXBuildFile</string>
			<key>fileRef</key>
			<string>D680C17077525D4ABF8E4F1E</string>
		</dict>
		<key>B85F5C7F4C715404A2987435</key>
		<dict>
			<key>isa</key>
			<string>PBXBuildFile</string>
			<key>fileRef</key>
			<string>2D400BFD65D958AFB0723BA4</string>
		</dict>
		<key>9135E8837FF0563788B41FBD</key>
		<dict>
			<key>isa</key>
			<string>PBXBuildFile</string>
			<key>fileRef</key>
			<string>929FA1DB55365A28B37FDD1A</string>
		</dict>
		<key>5F9D1EE0F77B5743A1B0BE35</key>
		<dict>
			<key>isa</key>
			<string>PBXBuildFile</string>
			<key>fileRef</key>
			<string>2C1CD77B976E53EE82775801</string>
		</dict>
		<key>F0DF952AB45E5FE3A78E96EA</key>
		<dict>
			<key>isa</key>
			<string>PBXBuildFile</string>
			<key>fileRef</key>
			<string>B0E79B1E17095F39B38E3BB5</string>
		</dict>
		<key>F9A6D0FD01DF5B9EBC4B4240</key>
		<dict>
			<key>isa</key>
			<string>PBXBuildFile</string>
			<key>fileRef</key>
			<string>52DACF91E7D4557E93DC969E</string>
		</dict>
		<key>B83DCB7DE19E5CB0A69F43D2</key>
		<dict>
			<key>isa</key>
			<string>PBXBuildFile</string>
			<key>fileRef</key>
			<string>D912F3ED4B3754D8AE647AC3</string>
		</dict>
		<key>A68EA9696AB95F7AA1BEA7D5</key>
		<dict>
			<key>isa</key>
			<string>PBXBuildFile</string>
			<key>fileRef</key>
			<string>F3A7C89B77B855E6B362597D</string>
		</dict>
		<key>C311239E73CC5141BB965BAD</key>
		<dict>
			<key>isa</key>
			<string>PBXBuildFile</string>
			<key>fileRef</key>
			<string>D75B29B2FB3B5D26A3C85C85</string>
		</dict>
		<key>089310D491BD5C0585435C12</key>
		<dict>
			<key>isa</key>
			<string>PBXBuildFile</string>
			<key>fileRef</key>
			<string>96EC8C9E6B855F85B77BD82E</string>
		</dict>
		<key>535A8FC9E96C5A508615C3E7</key>
		<dict>
			<key>isa</key>
			<string>PBXBuildFile</string>
			<key>fileRef</key>
			<string>9E5D7A92E7F5537CA1644C4D</string>
		</dict>
		<key>D1922B0BDA615AD2ABDAA1EA</key>
		<dict>
			<key>isa</key>
			<string>PBXBuildFile</string>
			<key>fileRef</key>
			<string>34031A49E79F5C30AE822C09</string>
		</dict>
		<key>950446663C86514DAA609D03</key>
		<dict>
			<key>isa</key>
			<string>PBXBuildFile</string>
			<key>fileRef</key>
			<string>6CC3FE6FB8375DC7AFE6D30F</string>
		</dict>
		<key>DE7B656C24B85237B361EB6C</key>
		<dict>
			<key>isa</key>
			<string>PBXTargetDependency</string>
			<key>target</key>
			<string>103CDD957BC6524CB5501453</string>
		</dict>
		<key>103CDD957BC6524CB5501453</key>
		<dict>
			<key>isa</key>
			<string>PBXNativeTarget</string>
			<key>buildConfigurationList</key>
			<string>843CB377E0C45732AB5B58FA</string>
			<key>buildPhases</key>
			<array>
				<string>36C974F6CF2E5C95AA7FEF24</string>
				<string>76278B5CD86B535C8931142E</string>
			</array>
			<key>buildRules</key>
			<array/>
			<key>dependencies</key>
			<array/>
			<key>name</key>
			<string>CoverageHost</string>
			<key>productName</key>
			<string>CoverageHost</string>
			<key>productReference</key>
			<string>C956822F692E5D30BD8A5864</string>
			<key>productType</key>
			<string>com.apple.product-type.application</string>
		</dict>
		<key>0D830FB50E1B5B8F886C3F48</key>
		<dict>
			<key>isa</key>
			<string>PBXNativeTarget</string>
			<key>buildConfigurationList</key>
			<string>09E0B927F4425E508629864F</string>
			<key>buildPhases</key>
			<array>
				<string>E923CA57E5C65ED3B0EBC697</string>
				<string>BE76EAEA41AB5BCC9FF1254F</string>
			</array>
			<key>buildRules</key>
			<array/>
			<key>dependencies</key>
			<array>
				<string>DE7B656C24B85237B361EB6C</string>
			</array>
			<key>name</key>
			<string>CoverageHostTests</string>
			<key>productName</key>
			<string>CoverageHostTests</string>
			<key>productReference</key>
			<string>FD6F812AD75D5F948BA25091</string>
			<key>productType</key>
			<string>com.apple.product-type.bundle.unit-test</string>
		</dict>
		<key>8D7C7C6CEFFD5035867E731C</key>
		<dict>
			<key>isa</key>
			<string>XCBuildConfiguration</string>
			<key>buildSettings</key>
			<dict>
				<key>ALWAYS_SEARCH_USER_PATHS</key>
				<string>NO</string>
				<key>CLANG_ENABLE_OBJC_ARC</key>
				<string>YES</string>
				<key>CLANG_ENABLE_OBJC_WEAK</key>
				<string>YES</string>
				<key>COPY_PHASE_STRIP</key>
				<string>NO</string>
				<key>DEBUG_INFORMATION_FORMAT</key>
				<string>dwarf</string>
				<key>ENABLE_STRICT_OBJC_MSGSEND</key>
				<string>YES</string>
				<key>ENABLE_TESTABILITY</key>
				<string>YES</string>
				<key>GCC_NO_COMMON_BLOCKS</key>
				<string>YES</string>
				<key>GCC_OPTIMIZATION_LEVEL</key>
				<string>0</string>
				<key>MACOSX_DEPLOYMENT_TARGET</key>
				<string>11.0</string>
				<key>ONLY_ACTIVE_ARCH</key>
				<string>YES</string>
				<key>PRODUCT_NAME</key>
				<string>$(TARGET_NAME)</string>
				<key>SDKROOT</key>
				<string>macosx</string>
			</dict>
			<key>name</key>
			<string>Debug</string>
		</dict>
		<key>62D72284E93A52F7A55CF5B5</key>
		<dict>
			<key>isa</key>
			<string>XCBuildConfiguration</string>
			<key>buildSettings</key>
			<dict>
				<key>ALWAYS_SEARCH_USER_PATHS</key>
				<string>NO</string>
				<key>CLANG_ENABLE_OBJC_ARC</key>
				<string>YES</string>
				<key>CLANG_ENABLE_OBJC_WEAK</key>
				<string>YES</string>
				<key>COPY_PHASE_STRIP</key>
				<string>YES</string>
				<key>DEBUG_INFORMATION_FORMAT</key>
				<string>dwarf-with-dsym</string>
				<key>ENABLE_STRICT_OBJC_MSGSEND</key>
				<string>YES</string>
				<key>ENABLE_TESTABILITY</key>
				<string>YES</string>
				<key>GCC_NO_COMMON_BLOCKS</key>
				<string>YES</string>
				<key>GCC_OPTIMIZATION_LEVEL</key>
				<string>s</string>
				<key>MACOSX_DEPLOYMENT_TARGET</key>
				<string>11.0</string>
				<key>PRODUCT_NAME</key>
				<string>$(TARGET_NAME)</string>
				<key>SDKROOT</key>
				<string>macosx</string>
			</dict>
			<key>name</key>
			<string>Release</string>
		</dict>
		<key>8649FE611A7A55D4857F09CF</key>
		<dict>
			<key>isa</key>
			<string>XCBuildConfiguration</string>
			<key>buildSettings</key>
			<dict>
				<key>CLANG_ENABLE_OBJC_ARC</key>
				<string>YES</string>
				<key>CLANG_ENABLE_OBJC_WEAK</key>
				<string>YES</string>
				<key>CODE_SIGNING_ALLOWED</key>
				<string>NO</string>
				<key>COMBINE_HIDPI_IMAGES</key>
				<string>YES</string>
				<key>FRAMEWORK_SEARCH_PATHS</key>
				<array>
					<string>$(inherited)</string>
					<string>$(SRCROOT)/../../build/DerivedData/Build/Products/Debug</string>
				</array>
				<key>INFOPLIST_FILE</key>
				<string>CoverageHost-Info.plist</string>
				<key>LD_RUNPATH_SEARCH_PATHS</key>
				<array>
					<string>@executable_path/../Frameworks</string>
					<string>$(FRAMEWORK_SEARCH_PATHS)</string>
				</array>
				<key>PRODUCT_BUNDLE_IDENTIFIER</key>
				<string>com.github.phaedrus1992.adiumy.CoverageHost</string>
				<key>PRODUCT_NAME</key>
				<string>$(TARGET_NAME)</string>
				<key>SDKROOT</key>
				<string>macosx</string>
			</dict>
			<key>name</key>
			<string>Debug</string>
		</dict>
		<key>3CBF9D19703957F3BE607D84</key>
		<dict>
			<key>isa</key>
			<string>XCBuildConfiguration</string>
			<key>buildSettings</key>
			<dict>
				<key>CLANG_ENABLE_OBJC_ARC</key>
				<string>YES</string>
				<key>CLANG_ENABLE_OBJC_WEAK</key>
				<string>YES</string>
				<key>CODE_SIGNING_ALLOWED</key>
				<string>NO</string>
				<key>COMBINE_HIDPI_IMAGES</key>
				<string>YES</string>
				<key>FRAMEWORK_SEARCH_PATHS</key>
				<array>
					<string>$(inherited)</string>
					<string>$(SRCROOT)/../../build/DerivedData/Build/Products/Debug</string>
				</array>
				<key>INFOPLIST_FILE</key>
				<string>CoverageHost-Info.plist</string>
				<key>LD_RUNPATH_SEARCH_PATHS</key>
				<array>
					<string>@executable_path/../Frameworks</string>
					<string>$(FRAMEWORK_SEARCH_PATHS)</string>
				</array>
				<key>PRODUCT_BUNDLE_IDENTIFIER</key>
				<string>com.github.phaedrus1992.adiumy.CoverageHost</string>
				<key>PRODUCT_NAME</key>
				<string>$(TARGET_NAME)</string>
				<key>SDKROOT</key>
				<string>macosx</string>
			</dict>
			<key>name</key>
			<string>Release</string>
		</dict>
		<key>86ACBA5E593E5C55936CF41A</key>
		<dict>
			<key>isa</key>
			<string>XCBuildConfiguration</string>
			<key>buildSettings</key>
			<dict>
				<key>BUNDLE_LOADER</key>
				<string>$(TEST_HOST)</string>
				<key>CLANG_ENABLE_OBJC_ARC</key>
				<string>YES</string>
				<key>CLANG_ENABLE_OBJC_WEAK</key>
				<string>YES</string>
				<key>CODE_SIGNING_ALLOWED</key>
				<string>NO</string>
				<key>COMBINE_HIDPI_IMAGES</key>
				<string>YES</string>
				<key>FRAMEWORK_SEARCH_PATHS</key>
				<array>
					<string>$(inherited)</string>
					<string>$(SRCROOT)/../../build/DerivedData/Build/Products/Debug</string>
				</array>
				<key>HEADER_SEARCH_PATHS</key>
				<array>
					<string>$(inherited)</string>
					<string>$(SRCROOT)</string>
					<string>$(SRCROOT)/../../Source</string>
					<string>$(SRCROOT)/../../UnitTests</string>
					<string>"$(SRCROOT)/../../Plugins/WebKit Message View"</string>
					<string>"$(SRCROOT)/../../Plugins/Error Message Handler"</string>
					<string>"$(SRCROOT)/../../Plugins/Invite to Chat Plugin"</string>
					<string>"$(SRCROOT)/../../Plugins/Dual Window Interface"</string>
					<string>$(SRCROOT)/../../Frameworks/Adium/Source</string>
					<string>$(SRCROOT)/../../Frameworks/AIUtilities/Source</string>
					<string>$(SRCROOT)/../../Plugins/Bonjour</string>
					<string>$(SRCROOT)/../../Plugins/Bonjour/libezv/Classes</string>
					<string>"$(SRCROOT)/../../Plugins/Bonjour/libezv/Other Sources"</string>
					<string>"$(SRCROOT)/../../Plugins/Bonjour/libezv/Private Classes"</string>
					<string>"$(SRCROOT)/../../Plugins/Bonjour/libezv/Simple HTTP Server"</string>
					<string>"$(SRCROOT)/../../Plugins/Do Nothing Contact Alert"</string>
					<string>"$(SRCROOT)/../../Plugins/Open Message Window Contact Alert"</string>
					<string>"$(SRCROOT)/../../Plugins/Send Message Contact Alert"</string>
					<string>"$(SRCROOT)/../../Plugins/Dock Icon Badging"</string>
					<string>"$(SRCROOT)/../../Plugins/Purple Service"</string>
					<string>$(SRCROOT)/LMX</string>
				</array>
				<key>GCC_PREFIX_HEADER</key>
				<string>CoverageHostTests.pch</string>
				<key>INFOPLIST_FILE</key>
				<string>CoverageHostTests-Info.plist</string>
				<key>INSTALL_PATH</key>
				<string>$(LOCAL_LIBRARY_DIR)/Bundles</string>
				<key>LD_RUNPATH_SEARCH_PATHS</key>
				<array>
					<string>@loader_path/../Frameworks</string>
					<string>$(FRAMEWORK_SEARCH_PATHS)</string>
				</array>
				<key>OTHER_LDFLAGS</key>
				<array>
					<string>-lexpat</string>
				</array>
				<key>PRODUCT_BUNDLE_IDENTIFIER</key>
				<string>com.github.phaedrus1992.adiumy.CoverageHostTests</string>
				<key>PRODUCT_NAME</key>
				<string>$(TARGET_NAME)</string>
				<key>SDKROOT</key>
				<string>macosx</string>
				<key>TEST_HOST</key>
				<string>$(BUILT_PRODUCTS_DIR)/CoverageHost.app/Contents/MacOS/CoverageHost</string>
				<key>WRAPPER_EXTENSION</key>
				<string>xctest</string>
			</dict>
			<key>name</key>
			<string>Debug</string>
		</dict>
		<key>AA41298E54D5577093DC5035</key>
		<dict>
			<key>isa</key>
			<string>XCBuildConfiguration</string>
			<key>buildSettings</key>
			<dict>
				<key>BUNDLE_LOADER</key>
				<string>$(TEST_HOST)</string>
				<key>CLANG_ENABLE_OBJC_ARC</key>
				<string>YES</string>
				<key>CLANG_ENABLE_OBJC_WEAK</key>
				<string>YES</string>
				<key>CODE_SIGNING_ALLOWED</key>
				<string>NO</string>
				<key>COMBINE_HIDPI_IMAGES</key>
				<string>YES</string>
				<key>FRAMEWORK_SEARCH_PATHS</key>
				<array>
					<string>$(inherited)</string>
					<string>$(SRCROOT)/../../build/DerivedData/Build/Products/Debug</string>
				</array>
				<key>HEADER_SEARCH_PATHS</key>
				<array>
					<string>$(inherited)</string>
					<string>$(SRCROOT)</string>
					<string>$(SRCROOT)/../../Source</string>
					<string>$(SRCROOT)/../../UnitTests</string>
					<string>"$(SRCROOT)/../../Plugins/WebKit Message View"</string>
					<string>"$(SRCROOT)/../../Plugins/Error Message Handler"</string>
					<string>"$(SRCROOT)/../../Plugins/Invite to Chat Plugin"</string>
					<string>"$(SRCROOT)/../../Plugins/Dual Window Interface"</string>
					<string>$(SRCROOT)/../../Frameworks/Adium/Source</string>
					<string>$(SRCROOT)/../../Frameworks/AIUtilities/Source</string>
					<string>$(SRCROOT)/../../Plugins/Bonjour</string>
					<string>$(SRCROOT)/../../Plugins/Bonjour/libezv/Classes</string>
					<string>"$(SRCROOT)/../../Plugins/Bonjour/libezv/Other Sources"</string>
					<string>"$(SRCROOT)/../../Plugins/Bonjour/libezv/Private Classes"</string>
					<string>"$(SRCROOT)/../../Plugins/Bonjour/libezv/Simple HTTP Server"</string>
					<string>"$(SRCROOT)/../../Plugins/Do Nothing Contact Alert"</string>
					<string>"$(SRCROOT)/../../Plugins/Open Message Window Contact Alert"</string>
					<string>"$(SRCROOT)/../../Plugins/Send Message Contact Alert"</string>
					<string>"$(SRCROOT)/../../Plugins/Dock Icon Badging"</string>
					<string>"$(SRCROOT)/../../Plugins/Purple Service"</string>
					<string>$(SRCROOT)/LMX</string>
				</array>
				<key>GCC_PREFIX_HEADER</key>
				<string>CoverageHostTests.pch</string>
				<key>INFOPLIST_FILE</key>
				<string>CoverageHostTests-Info.plist</string>
				<key>INSTALL_PATH</key>
				<string>$(LOCAL_LIBRARY_DIR)/Bundles</string>
				<key>LD_RUNPATH_SEARCH_PATHS</key>
				<array>
					<string>@loader_path/../Frameworks</string>
					<string>$(FRAMEWORK_SEARCH_PATHS)</string>
				</array>
				<key>OTHER_LDFLAGS</key>
				<array>
					<string>-lexpat</string>
				</array>
				<key>PRODUCT_BUNDLE_IDENTIFIER</key>
				<string>com.github.phaedrus1992.adiumy.CoverageHostTests</string>
				<key>PRODUCT_NAME</key>
				<string>$(TARGET_NAME)</string>
				<key>SDKROOT</key>
				<string>macosx</string>
				<key>TEST_HOST</key>
				<string>$(BUILT_PRODUCTS_DIR)/CoverageHost.app/Contents/MacOS/CoverageHost</string>
				<key>WRAPPER_EXTENSION</key>
				<string>xctest</string>
			</dict>
			<key>name</key>
			<string>Release</string>
		</dict>
		<key>3E3C167E10D55DA091CA21CA</key>
		<dict>
			<key>isa</key>
			<string>XCConfigurationList</string>
			<key>buildConfigurations</key>
			<array>
				<string>8D7C7C6CEFFD5035867E731C</string>
				<string>62D72284E93A52F7A55CF5B5</string>
			</array>
			<key>defaultConfigurationIsVisible</key>
			<false/>
			<key>defaultConfigurationName</key>
			<string>Debug</string>
		</dict>
		<key>843CB377E0C45732AB5B58FA</key>
		<dict>
			<key>isa</key>
			<string>XCConfigurationList</string>
			<key>buildConfigurations</key>
			<array>
				<string>8649FE611A7A55D4857F09CF</string>
				<string>3CBF9D19703957F3BE607D84</string>
			</array>
			<key>defaultConfigurationIsVisible</key>
			<false/>
			<key>defaultConfigurationName</key>
			<string>Debug</string>
		</dict>
		<key>09E0B927F4425E508629864F</key>
		<dict>
			<key>isa</key>
			<string>XCConfigurationList</string>
			<key>buildConfigurations</key>
			<array>
				<string>86ACBA5E593E5C55936CF41A</string>
				<string>AA41298E54D5577093DC5035</string>
			</array>
			<key>defaultConfigurationIsVisible</key>
			<false/>
			<key>defaultConfigurationName</key>
			<string>Debug</string>
		</dict>
	</dict>
	<key>rootObject</key>
	<string>666DC85E32125F7A949C91B1</string>
</dict>
</plist>
